
Microsoft Visual Studio Solution File, Format Version 12.00
# Visual Studio Version 17
VisualStudioVersion = 17.0.31903.59
MinimumVisualStudioVersion = 10.0.40219.1
Project("{2150E333-8FDC-42A3-9474-1A3956D46DE8}") = "src", "src", "{827E0CD3-B72D-47B6-A68D-7590B98EB39B}"
EndProject
Project("{FAE04EC0-301F-11D3-BF4B-00C04F79EFBC}") = "DotNetAgents.Agents.Messaging.Kafka", "src\DotNetAgents.Agents.Messaging.Kafka\DotNetAgents.Agents.Messaging.Kafka.csproj", "{186CAF06-C63D-4EBD-BBAD-3D43FB0DDB02}"
EndProject
Project("{FAE04EC0-301F-11D3-BF4B-00C04F79EFBC}") = "DotNetAgents.Agents.Messaging.RabbitMQ", "src\DotNetAgents.Agents.Messaging.RabbitMQ\DotNetAgents.Agents.Messaging.RabbitMQ.csproj", "{FBDEA8DF-588A-4F18-A26C-D47E05C94C34}"
EndProject
Project("{FAE04EC0-301F-11D3-BF4B-00C04F79EFBC}") = "DotNetAgents.Agents.Messaging.Redis", "src\DotNetAgents.Agents.Messaging.Redis\DotNetAgents.Agents.Messaging.Redis.csproj", "{B6C7DDF5-98D7-4D48-89E6-44E058DD0873}"
EndProject
Project("{FAE04EC0-301F-11D3-BF4B-00C04F79EFBC}") = "DotNetAgents.Agents.Messaging.SignalR", "src\DotNetAgents.Agents.Messaging.SignalR\DotNetAgents.Agents.Messaging.SignalR.csproj", "{B022F28E-CEA9-4588-A06F-E0B9EB6AF452}"
EndProject
Project("{FAE04EC0-301F-11D3-BF4B-00C04F79EFBC}") = "DotNetAgents.Browser.Tools", "src\DotNetAgents.Browser.Tools\DotNetAgents.Browser.Tools.csproj", "{3EC0C66D-1485-492F-9633-FF1F8C3640D6}"
EndProject
Project("{FAE04EC0-301F-11D3-BF4B-00C04F79EFBC}") = "DotNetAgents.ComputerUse", "src\DotNetAgents.ComputerUse\DotNetAgents.ComputerUse.csproj", "{AABEAB94-34B0-4AEE-BD41-BE4EDB6EF736}"
EndProject
Project("{FAE04EC0-301F-11D3-BF4B-00C04F79EFBC}") = "DotNetAgents.CodeAction.Docker", "src\DotNetAgents.CodeAction.Docker\DotNetAgents.CodeAction.Docker.csproj", "{E19C946F-EDEC-49BB-95BD-13A77CE3119C}"
EndProject
Project("{FAE04EC0-301F-11D3-BF4B-00C04F79EFBC}") = "DotNetAgents.CodeAction", "src\DotNetAgents.CodeAction\DotNetAgents.CodeAction.csproj", "{F7C573F5-A446-47FB-99F7-B29B15EDA357}"
EndProject
Project("{FAE04EC0-301F-11D3-BF4B-00C04F79EFBC}") = "DotNetAgents.CodeAction.Pyodide", "src\DotNetAgents.CodeAction.Pyodide\DotNetAgents.CodeAction.Pyodide.csproj", "{A0E6A03A-133A-4352-BE62-0958C95A2BDD}"
EndProject
Project("{FAE04EC0-301F-11D3-BF4B-00C04F79EFBC}") = "DotNetAgents.ComputerUse.Playwright", "src\DotNetAgents.ComputerUse.Playwright\DotNetAgents.ComputerUse.Playwright.csproj", "{8071D834-9F49-4EE2-9C57-0AB9C1659452}"
EndProject
Project("{FAE04EC0-301F-11D3-BF4B-00C04F79EFBC}") = "DotNetAgents.ComputerUse.Vision", "src\DotNetAgents.ComputerUse.Vision\DotNetAgents.ComputerUse.Vision.csproj", "{D7D2E184-E392-434C-A765-35EDB22857D0}"
EndProject
Project("{FAE04EC0-301F-11D3-BF4B-00C04F79EFBC}") = "DotNetAgents.ComputerUse.Windows", "src\DotNetAgents.ComputerUse.Windows\DotNetAgents.ComputerUse.Windows.csproj", "{9EB1A755-B22A-4E95-94F2-B080DA61D695}"
EndProject
Project("{FAE04EC0-301F-11D3-BF4B-00C04F79EFBC}") = "DotNetAgents.Database.Abstractions", "src\DotNetAgents.Database.Abstractions\DotNetAgents.Database.Abstractions.csproj", "{2520E3AC-7493-425A-A825-5D6C795886C5}"
EndProject
Project("{FAE04EC0-301F-11D3-BF4B-00C04F79EFBC}") = "DotNetAgents.Database.AI", "src\DotNetAgents.Database.AI\DotNetAgents.Database.AI.csproj", "{6642C98B-D7BB-44CC-83F4-D56FD9C8BE17}"
EndProject
Project("{FAE04EC0-301F-11D3-BF4B-00C04F79EFBC}") = "DotNetAgents.Database.Analysis", "src\DotNetAgents.Database.Analysis\DotNetAgents.Database.Analysis.csproj", "{863F415F-98D9-4BC5-846E-8EB5C699BB75}"
EndProject
Project("{FAE04EC0-301F-11D3-BF4B-00C04F79EFBC}") = "DotNetAgents.Database.Dialects", "src\DotNetAgents.Database.Dialects\DotNetAgents.Database.Dialects.csproj", "{146A275E-1152-4C67-A2AB-E6ED6B932918}"
EndProject
Project("{FAE04EC0-301F-11D3-BF4B-00C04F79EFBC}") = "DotNetAgents.Database.Learning.Patterns", "src\DotNetAgents.Database.Learning.Patterns\DotNetAgents.Database.Learning.Patterns.csproj", "{0FE5A0D4-9BFC-482D-9157-73657CCAAC4C}"
EndProject
Project("{FAE04EC0-301F-11D3-BF4B-00C04F79EFBC}") = "DotNetAgents.Database.Orchestration", "src\DotNetAgents.Database.Orchestration\DotNetAgents.Database.Orchestration.csproj", "{86462AA7-C90D-4588-9391-AE1E82B74996}"
EndProject
Project("{FAE04EC0-301F-11D3-BF4B-00C04F79EFBC}") = "DotNetAgents.Database.Validation", "src\DotNetAgents.Database.Validation\DotNetAgents.Database.Validation.csproj", "{C96B0D7D-695F-4367-B753-0E2F399F40C1}"
EndProject
Project("{FAE04EC0-301F-11D3-BF4B-00C04F79EFBC}") = "DotNetAgents.Database.Security", "src\DotNetAgents.Database.Security\DotNetAgents.Database.Security.csproj", "{21108830-A27E-47BA-ABA6-4660EA198624}"
EndProject
Project("{FAE04EC0-301F-11D3-BF4B-00C04F79EFBC}") = "DotNetAgents.Database.SqlServer.Tooling", "src\DotNetAgents.Database.SqlServer.Tooling\DotNetAgents.Database.SqlServer.Tooling.csproj", "{B9047CBD-1D3A-43A5-951E-03649B7A677F}"
EndProject
Project("{FAE04EC0-301F-11D3-BF4B-00C04F79EFBC}") = "DotNetAgents.Interop.MicrosoftAgentFramework", "src\DotNetAgents.Interop.MicrosoftAgentFramework\DotNetAgents.Interop.MicrosoftAgentFramework.csproj", "{4E00F4E9-FCBA-4959-BDBD-7B048A9EF14D}"
EndProject
Project("{FAE04EC0-301F-11D3-BF4B-00C04F79EFBC}") = "DotNetAgents.MediaGeneration.Adapters", "src\DotNetAgents.MediaGeneration.Adapters\DotNetAgents.MediaGeneration.Adapters.csproj", "{CF058F1A-5FE3-4324-9C93-D481E46770AA}"
EndProject
Project("{FAE04EC0-301F-11D3-BF4B-00C04F79EFBC}") = "DotNetAgents.MediaGeneration.Budget", "src\DotNetAgents.MediaGeneration.Budget\DotNetAgents.MediaGeneration.Budget.csproj", "{D7D01EE6-02AF-472D-95A8-915CDAF86FA1}"
EndProject
Project("{FAE04EC0-301F-11D3-BF4B-00C04F79EFBC}") = "DotNetAgents.MediaGeneration.ComfyUI", "src\DotNetAgents.MediaGeneration.ComfyUI\DotNetAgents.MediaGeneration.ComfyUI.csproj", "{9D20CBBA-576B-4AE9-A37C-1669A302EE62}"
EndProject
Project("{FAE04EC0-301F-11D3-BF4B-00C04F79EFBC}") = "DotNetAgents.MultiModal.OpenAI", "src\DotNetAgents.MultiModal.OpenAI\DotNetAgents.MultiModal.OpenAI.csproj", "{E058E67C-59C4-4CEE-ACD1-DE9EBECDAE6E}"
EndProject
Project("{FAE04EC0-301F-11D3-BF4B-00C04F79EFBC}") = "DotNetAgents.Storage.Agents.PostgreSQL", "src\DotNetAgents.Storage.Agents.PostgreSQL\DotNetAgents.Storage.Agents.PostgreSQL.csproj", "{E786A54C-13A7-4406-83FF-4DA805813269}"
EndProject
Project("{FAE04EC0-301F-11D3-BF4B-00C04F79EFBC}") = "DotNetAgents.Storage.ArtifactStore", "src\DotNetAgents.Storage.ArtifactStore\DotNetAgents.Storage.ArtifactStore.csproj", "{91EFB10D-C553-4F53-873D-DE1C32320709}"
EndProject
Project("{2150E333-8FDC-42A3-9474-1A3956D46DE8}") = "DotNetAgents.Storage.TaskKnowledge.PostgreSQL", "DotNetAgents.Storage.TaskKnowledge.PostgreSQL", "{991AACB3-F4BC-63EA-87E8-E19EB60793A1}"
EndProject
Project("{FAE04EC0-301F-11D3-BF4B-00C04F79EFBC}") = "DotNetAgents.Storage.PostgreSQL", "src\DotNetAgents.Storage.TaskKnowledge.PostgreSQL\DotNetAgents.Storage.PostgreSQL.csproj", "{EA71FF4B-7B68-4F36-A44F-E5FC56A27BEC}"
EndProject
Project("{2150E333-8FDC-42A3-9474-1A3956D46DE8}") = "DotNetAgents.Storage.TaskKnowledge.SqlServer", "DotNetAgents.Storage.TaskKnowledge.SqlServer", "{6633DDA9-AD9B-7369-DBC9-13FC7829CC33}"
EndProject
Project("{FAE04EC0-301F-11D3-BF4B-00C04F79EFBC}") = "DotNetAgents.Storage.SqlServer", "src\DotNetAgents.Storage.TaskKnowledge.SqlServer\DotNetAgents.Storage.SqlServer.csproj", "{55A23B78-56A9-4FD5-929F-BD49D0DBB766}"
EndProject
Project("{FAE04EC0-301F-11D3-BF4B-00C04F79EFBC}") = "DotNetAgents.Tools.Database", "src\DotNetAgents.Tools.Database\DotNetAgents.Tools.Database.csproj", "{48D4E8BA-EC4C-4C12-8E2F-B0F53344629C}"
EndProject
Project("{FAE04EC0-301F-11D3-BF4B-00C04F79EFBC}") = "DotNetAgents.Ui.Avalonia", "src\DotNetAgents.Ui.Avalonia\DotNetAgents.Ui.Avalonia.csproj", "{B7869CEA-32CF-40C9-B54E-A8C556AD1F44}"
EndProject
Project("{FAE04EC0-301F-11D3-BF4B-00C04F79EFBC}") = "DotNetAgents.Ui.Core", "src\DotNetAgents.Ui.Core\DotNetAgents.Ui.Core.csproj", "{8812C315-F3B5-4EA9-A3A6-7A0091903269}"
EndProject
Project("{FAE04EC0-301F-11D3-BF4B-00C04F79EFBC}") = "DotNetAgents.Ui.Blazor", "src\DotNetAgents.Ui.Blazor\DotNetAgents.Ui.Blazor.csproj", "{91EB3DAE-B7B2-4CB0-8201-C63D85CA44D2}"
EndProject
Project("{FAE04EC0-301F-11D3-BF4B-00C04F79EFBC}") = "DotNetAgents.VectorStores.Chroma", "src\DotNetAgents.VectorStores.Chroma\DotNetAgents.VectorStores.Chroma.csproj", "{3E4B4C7B-5D96-4329-B47F-8F0CCF72D352}"
EndProject
Project("{FAE04EC0-301F-11D3-BF4B-00C04F79EFBC}") = "DotNetAgents.VectorStores.Conformance", "src\DotNetAgents.VectorStores.Conformance\DotNetAgents.VectorStores.Conformance.csproj", "{545480A9-396F-4444-BF1E-E67269345EC0}"
EndProject
Project("{FAE04EC0-301F-11D3-BF4B-00C04F79EFBC}") = "DotNetAgents.VectorStores.Pinecone", "src\DotNetAgents.VectorStores.Pinecone\DotNetAgents.VectorStores.Pinecone.csproj", "{5D9D9DA0-45C2-49BF-8598-5C565218A911}"
EndProject
Project("{FAE04EC0-301F-11D3-BF4B-00C04F79EFBC}") = "DotNetAgents.VectorStores.PostgreSQL", "src\DotNetAgents.VectorStores.PostgreSQL\DotNetAgents.VectorStores.PostgreSQL.csproj", "{3ABF4B34-1233-446C-8BC7-AD21E91A32C3}"
EndProject
Project("{FAE04EC0-301F-11D3-BF4B-00C04F79EFBC}") = "DotNetAgents.VectorStores.Qdrant", "src\DotNetAgents.VectorStores.Qdrant\DotNetAgents.VectorStores.Qdrant.csproj", "{A316D859-6681-40FC-9114-7657995A0E0F}"
EndProject
Project("{FAE04EC0-301F-11D3-BF4B-00C04F79EFBC}") = "DotNetAgents.VectorStores.Weaviate", "src\DotNetAgents.VectorStores.Weaviate\DotNetAgents.VectorStores.Weaviate.csproj", "{D73856B0-8DF0-4B9E-9AC6-A68455C0A62A}"
EndProject
Global
	GlobalSection(SolutionConfigurationPlatforms) = preSolution
		Debug|Any CPU = Debug|Any CPU
		Debug|x64 = Debug|x64
		Debug|x86 = Debug|x86
		Release|Any CPU = Release|Any CPU
		Release|x64 = Release|x64
		Release|x86 = Release|x86
	EndGlobalSection
	GlobalSection(ProjectConfigurationPlatforms) = postSolution
		{186CAF06-C63D-4EBD-BBAD-3D43FB0DDB02}.Debug|Any CPU.ActiveCfg = Debug|Any CPU
		{186CAF06-C63D-4EBD-BBAD-3D43FB0DDB02}.Debug|Any CPU.Build.0 = Debug|Any CPU
		{186CAF06-C63D-4EBD-BBAD-3D43FB0DDB02}.Debug|x64.ActiveCfg = Debug|Any CPU
		{186CAF06-C63D-4EBD-BBAD-3D43FB0DDB02}.Debug|x64.Build.0 = Debug|Any CPU
		{186CAF06-C63D-4EBD-BBAD-3D43FB0DDB02}.Debug|x86.ActiveCfg = Debug|Any CPU
		{186CAF06-C63D-4EBD-BBAD-3D43FB0DDB02}.Debug|x86.Build.0 = Debug|Any CPU
		{186CAF06-C63D-4EBD-BBAD-3D43FB0DDB02}.Release|Any CPU.ActiveCfg = Release|Any CPU
		{186CAF06-C63D-4EBD-BBAD-3D43FB0DDB02}.Release|Any CPU.Build.0 = Release|Any CPU
		{186CAF06-C63D-4EBD-BBAD-3D43FB0DDB02}.Release|x64.ActiveCfg = Release|Any CPU
		{186CAF06-C63D-4EBD-BBAD-3D43FB0DDB02}.Release|x64.Build.0 = Release|Any CPU
		{186CAF06-C63D-4EBD-BBAD-3D43FB0DDB02}.Release|x86.ActiveCfg = Release|Any CPU
		{186CAF06-C63D-4EBD-BBAD-3D43FB0DDB02}.Release|x86.Build.0 = Release|Any CPU
		{FBDEA8DF-588A-4F18-A26C-D47E05C94C34}.Debug|Any CPU.ActiveCfg = Debug|Any CPU
		{FBDEA8DF-588A-4F18-A26C-D47E05C94C34}.Debug|Any CPU.Build.0 = Debug|Any CPU
		{FBDEA8DF-588A-4F18-A26C-D47E05C94C34}.Debug|x64.ActiveCfg = Debug|Any CPU
		{FBDEA8DF-588A-4F18-A26C-D47E05C94C34}.Debug|x64.Build.0 = Debug|Any CPU
		{FBDEA8DF-588A-4F18-A26C-D47E05C94C34}.Debug|x86.ActiveCfg = Debug|Any CPU
		{FBDEA8DF-588A-4F18-A26C-D47E05C94C34}.Debug|x86.Build.0 = Debug|Any CPU
		{FBDEA8DF-588A-4F18-A26C-D47E05C94C34}.Release|Any CPU.ActiveCfg = Release|Any CPU
		{FBDEA8DF-588A-4F18-A26C-D47E05C94C34}.Release|Any CPU.Build.0 = Release|Any CPU
		{FBDEA8DF-588A-4F18-A26C-D47E05C94C34}.Release|x64.ActiveCfg = Release|Any CPU
		{FBDEA8DF-588A-4F18-A26C-D47E05C94C34}.Release|x64.Build.0 = Release|Any CPU
		{FBDEA8DF-588A-4F18-A26C-D47E05C94C34}.Release|x86.ActiveCfg = Release|Any CPU
		{FBDEA8DF-588A-4F18-A26C-D47E05C94C34}.Release|x86.Build.0 = Release|Any CPU
		{B6C7DDF5-98D7-4D48-89E6-44E058DD0873}.Debug|Any CPU.ActiveCfg = Debug|Any CPU
		{B6C7DDF5-98D7-4D48-89E6-44E058DD0873}.Debug|Any CPU.Build.0 = Debug|Any CPU
		{B6C7DDF5-98D7-4D48-89E6-44E058DD0873}.Debug|x64.ActiveCfg = Debug|Any CPU
		{B6C7DDF5-98D7-4D48-89E6-44E058DD0873}.Debug|x64.Build.0 = Debug|Any CPU
		{B6C7DDF5-98D7-4D48-89E6-44E058DD0873}.Debug|x86.ActiveCfg = Debug|Any CPU
		{B6C7DDF5-98D7-4D48-89E6-44E058DD0873}.Debug|x86.Build.0 = Debug|Any CPU
		{B6C7DDF5-98D7-4D48-89E6-44E058DD0873}.Release|Any CPU.ActiveCfg = Release|Any CPU
		{B6C7DDF5-98D7-4D48-89E6-44E058DD0873}.Release|Any CPU.Build.0 = Release|Any CPU
		{B6C7DDF5-98D7-4D48-89E6-44E058DD0873}.Release|x64.ActiveCfg = Release|Any CPU
		{B6C7DDF5-98D7-4D48-89E6-44E058DD0873}.Release|x64.Build.0 = Release|Any CPU
		{B6C7DDF5-98D7-4D48-89E6-44E058DD0873}.Release|x86.ActiveCfg = Release|Any CPU
		{B6C7DDF5-98D7-4D48-89E6-44E058DD0873}.Release|x86.Build.0 = Release|Any CPU
		{B022F28E-CEA9-4588-A06F-E0B9EB6AF452}.Debug|Any CPU.ActiveCfg = Debug|Any CPU
		{B022F28E-CEA9-4588-A06F-E0B9EB6AF452}.Debug|Any CPU.Build.0 = Debug|Any CPU
		{B022F28E-CEA9-4588-A06F-E0B9EB6AF452}.Debug|x64.ActiveCfg = Debug|Any CPU
		{B022F28E-CEA9-4588-A06F-E0B9EB6AF452}.Debug|x64.Build.0 = Debug|Any CPU
		{B022F28E-CEA9-4588-A06F-E0B9EB6AF452}.Debug|x86.ActiveCfg = Debug|Any CPU
		{B022F28E-CEA9-4588-A06F-E0B9EB6AF452}.Debug|x86.Build.0 = Debug|Any CPU
		{B022F28E-CEA9-4588-A06F-E0B9EB6AF452}.Release|Any CPU.ActiveCfg = Release|Any CPU
		{B022F28E-CEA9-4588-A06F-E0B9EB6AF452}.Release|Any CPU.Build.0 = Release|Any CPU
		{B022F28E-CEA9-4588-A06F-E0B9EB6AF452}.Release|x64.ActiveCfg = Release|Any CPU
		{B022F28E-CEA9-4588-A06F-E0B9EB6AF452}.Release|x64.Build.0 = Release|Any CPU
		{B022F28E-CEA9-4588-A06F-E0B9EB6AF452}.Release|x86.ActiveCfg = Release|Any CPU
		{B022F28E-CEA9-4588-A06F-E0B9EB6AF452}.Release|x86.Build.0 = Release|Any CPU
		{3EC0C66D-1485-492F-9633-FF1F8C3640D6}.Debug|Any CPU.ActiveCfg = Debug|Any CPU
		{3EC0C66D-1485-492F-9633-FF1F8C3640D6}.Debug|Any CPU.Build.0 = Debug|Any CPU
		{3EC0C66D-1485-492F-9633-FF1F8C3640D6}.Debug|x64.ActiveCfg = Debug|Any CPU
		{3EC0C66D-1485-492F-9633-FF1F8C3640D6}.Debug|x64.Build.0 = Debug|Any CPU
		{3EC0C66D-1485-492F-9633-FF1F8C3640D6}.Debug|x86.ActiveCfg = Debug|Any CPU
		{3EC0C66D-1485-492F-9633-FF1F8C3640D6}.Debug|x86.Build.0 = Debug|Any CPU
		{3EC0C66D-1485-492F-9633-FF1F8C3640D6}.Release|Any CPU.ActiveCfg = Release|Any CPU
		{3EC0C66D-1485-492F-9633-FF1F8C3640D6}.Release|Any CPU.Build.0 = Release|Any CPU
		{3EC0C66D-1485-492F-9633-FF1F8C3640D6}.Release|x64.ActiveCfg = Release|Any CPU
		{3EC0C66D-1485-492F-9633-FF1F8C3640D6}.Release|x64.Build.0 = Release|Any CPU
		{3EC0C66D-1485-492F-9633-FF1F8C3640D6}.Release|x86.ActiveCfg = Release|Any CPU
		{3EC0C66D-1485-492F-9633-FF1F8C3640D6}.Release|x86.Build.0 = Release|Any CPU
		{AABEAB94-34B0-4AEE-BD41-BE4EDB6EF736}.Debug|Any CPU.ActiveCfg = Debug|Any CPU
		{AABEAB94-34B0-4AEE-BD41-BE4EDB6EF736}.Debug|Any CPU.Build.0 = Debug|Any CPU
		{AABEAB94-34B0-4AEE-BD41-BE4EDB6EF736}.Debug|x64.ActiveCfg = Debug|Any CPU
		{AABEAB94-34B0-4AEE-BD41-BE4EDB6EF736}.Debug|x64.Build.0 = Debug|Any CPU
		{AABEAB94-34B0-4AEE-BD41-BE4EDB6EF736}.Debug|x86.ActiveCfg = Debug|Any CPU
		{AABEAB94-34B0-4AEE-BD41-BE4EDB6EF736}.Debug|x86.Build.0 = Debug|Any CPU
		{AABEAB94-34B0-4AEE-BD41-BE4EDB6EF736}.Release|Any CPU.ActiveCfg = Release|Any CPU
		{AABEAB94-34B0-4AEE-BD41-BE4EDB6EF736}.Release|Any CPU.Build.0 = Release|Any CPU
		{AABEAB94-34B0-4AEE-BD41-BE4EDB6EF736}.Release|x64.ActiveCfg = Release|Any CPU
		{AABEAB94-34B0-4AEE-BD41-BE4EDB6EF736}.Release|x64.Build.0 = Release|Any CPU
		{AABEAB94-34B0-4AEE-BD41-BE4EDB6EF736}.Release|x86.ActiveCfg = Release|Any CPU
		{AABEAB94-34B0-4AEE-BD41-BE4EDB6EF736}.Release|x86.Build.0 = Release|Any CPU
		{E19C946F-EDEC-49BB-95BD-13A77CE3119C}.Debug|Any CPU.ActiveCfg = Debug|Any CPU
		{E19C946F-EDEC-49BB-95BD-13A77CE3119C}.Debug|Any CPU.Build.0 = Debug|Any CPU
		{E19C946F-EDEC-49BB-95BD-13A77CE3119C}.Debug|x64.ActiveCfg = Debug|Any CPU
		{E19C946F-EDEC-49BB-95BD-13A77CE3119C}.Debug|x64.Build.0 = Debug|Any CPU
		{E19C946F-EDEC-49BB-95BD-13A77CE3119C}.Debug|x86.ActiveCfg = Debug|Any CPU
		{E19C946F-EDEC-49BB-95BD-13A77CE3119C}.Debug|x86.Build.0 = Debug|Any CPU
		{E19C946F-EDEC-49BB-95BD-13A77CE3119C}.Release|Any CPU.ActiveCfg = Release|Any CPU
		{E19C946F-EDEC-49BB-95BD-13A77CE3119C}.Release|Any CPU.Build.0 = Release|Any CPU
		{E19C946F-EDEC-49BB-95BD-13A77CE3119C}.Release|x64.ActiveCfg = Release|Any CPU
		{E19C946F-EDEC-49BB-95BD-13A77CE3119C}.Release|x64.Build.0 = Release|Any CPU
		{E19C946F-EDEC-49BB-95BD-13A77CE3119C}.Release|x86.ActiveCfg = Release|Any CPU
		{E19C946F-EDEC-49BB-95BD-13A77CE3119C}.Release|x86.Build.0 = Release|Any CPU
		{F7C573F5-A446-47FB-99F7-B29B15EDA357}.Debug|Any CPU.ActiveCfg = Debug|Any CPU
		{F7C573F5-A446-47FB-99F7-B29B15EDA357}.Debug|Any CPU.Build.0 = Debug|Any CPU
		{F7C573F5-A446-47FB-99F7-B29B15EDA357}.Debug|x64.ActiveCfg = Debug|Any CPU
		{F7C573F5-A446-47FB-99F7-B29B15EDA357}.Debug|x64.Build.0 = Debug|Any CPU
		{F7C573F5-A446-47FB-99F7-B29B15EDA357}.Debug|x86.ActiveCfg = Debug|Any CPU
		{F7C573F5-A446-47FB-99F7-B29B15EDA357}.Debug|x86.Build.0 = Debug|Any CPU
		{F7C573F5-A446-47FB-99F7-B29B15EDA357}.Release|Any CPU.ActiveCfg = Release|Any CPU
		{F7C573F5-A446-47FB-99F7-B29B15EDA357}.Release|Any CPU.Build.0 = Release|Any CPU
		{F7C573F5-A446-47FB-99F7-B29B15EDA357}.Release|x64.ActiveCfg = Release|Any CPU
		{F7C573F5-A446-47FB-99F7-B29B15EDA357}.Release|x64.Build.0 = Release|Any CPU
		{F7C573F5-A446-47FB-99F7-B29B15EDA357}.Release|x86.ActiveCfg = Release|Any CPU
		{F7C573F5-A446-47FB-99F7-B29B15EDA357}.Release|x86.Build.0 = Release|Any CPU
		{A0E6A03A-133A-4352-BE62-0958C95A2BDD}.Debug|Any CPU.ActiveCfg = Debug|Any CPU
		{A0E6A03A-133A-4352-BE62-0958C95A2BDD}.Debug|Any CPU.Build.0 = Debug|Any CPU
		{A0E6A03A-133A-4352-BE62-0958C95A2BDD}.Debug|x64.ActiveCfg = Debug|Any CPU
		{A0E6A03A-133A-4352-BE62-0958C95A2BDD}.Debug|x64.Build.0 = Debug|Any CPU
		{A0E6A03A-133A-4352-BE62-0958C95A2BDD}.Debug|x86.ActiveCfg = Debug|Any CPU
		{A0E6A03A-133A-4352-BE62-0958C95A2BDD}.Debug|x86.Build.0 = Debug|Any CPU
		{A0E6A03A-133A-4352-BE62-0958C95A2BDD}.Release|Any CPU.ActiveCfg = Release|Any CPU
		{A0E6A03A-133A-4352-BE62-0958C95A2BDD}.Release|Any CPU.Build.0 = Release|Any CPU
		{A0E6A03A-133A-4352-BE62-0958C95A2BDD}.Release|x64.ActiveCfg = Release|Any CPU
		{A0E6A03A-133A-4352-BE62-0958C95A2BDD}.Release|x64.Build.0 = Release|Any CPU
		{A0E6A03A-133A-4352-BE62-0958C95A2BDD}.Release|x86.ActiveCfg = Release|Any CPU
		{A0E6A03A-133A-4352-BE62-0958C95A2BDD}.Release|x86.Build.0 = Release|Any CPU
		{8071D834-9F49-4EE2-9C57-0AB9C1659452}.Debug|Any CPU.ActiveCfg = Debug|Any CPU
		{8071D834-9F49-4EE2-9C57-0AB9C1659452}.Debug|Any CPU.Build.0 = Debug|Any CPU
		{8071D834-9F49-4EE2-9C57-0AB9C1659452}.Debug|x64.ActiveCfg = Debug|Any CPU
		{8071D834-9F49-4EE2-9C57-0AB9C1659452}.Debug|x64.Build.0 = Debug|Any CPU
		{8071D834-9F49-4EE2-9C57-0AB9C1659452}.Debug|x86.ActiveCfg = Debug|Any CPU
		{8071D834-9F49-4EE2-9C57-0AB9C1659452}.Debug|x86.Build.0 = Debug|Any CPU
		{8071D834-9F49-4EE2-9C57-0AB9C1659452}.Release|Any CPU.ActiveCfg = Release|Any CPU
		{8071D834-9F49-4EE2-9C57-0AB9C1659452}.Release|Any CPU.Build.0 = Release|Any CPU
		{8071D834-9F49-4EE2-9C57-0AB9C1659452}.Release|x64.ActiveCfg = Release|Any CPU
		{8071D834-9F49-4EE2-9C57-0AB9C1659452}.Release|x64.Build.0 = Release|Any CPU
		{8071D834-9F49-4EE2-9C57-0AB9C1659452}.Release|x86.ActiveCfg = Release|Any CPU
		{8071D834-9F49-4EE2-9C57-0AB9C1659452}.Release|x86.Build.0 = Release|Any CPU
		{D7D2E184-E392-434C-A765-35EDB22857D0}.Debug|Any CPU.ActiveCfg = Debug|Any CPU
		{D7D2E184-E392-434C-A765-35EDB22857D0}.Debug|Any CPU.Build.0 = Debug|Any CPU
		{D7D2E184-E392-434C-A765-35EDB22857D0}.Debug|x64.ActiveCfg = Debug|Any CPU
		{D7D2E184-E392-434C-A765-35EDB22857D0}.Debug|x64.Build.0 = Debug|Any CPU
		{D7D2E184-E392-434C-A765-35EDB22857D0}.Debug|x86.ActiveCfg = Debug|Any CPU
		{D7D2E184-E392-434C-A765-35EDB22857D0}.Debug|x86.Build.0 = Debug|Any CPU
		{D7D2E184-E392-434C-A765-35EDB22857D0}.Release|Any CPU.ActiveCfg = Release|Any CPU
		{D7D2E184-E392-434C-A765-35EDB22857D0}.Release|Any CPU.Build.0 = Release|Any CPU
		{D7D2E184-E392-434C-A765-35EDB22857D0}.Release|x64.ActiveCfg = Release|Any CPU
		{D7D2E184-E392-434C-A765-35EDB22857D0}.Release|x64.Build.0 = Release|Any CPU
		{D7D2E184-E392-434C-A765-35EDB22857D0}.Release|x86.ActiveCfg = Release|Any CPU
		{D7D2E184-E392-434C-A765-35EDB22857D0}.Release|x86.Build.0 = Release|Any CPU
		{9EB1A755-B22A-4E95-94F2-B080DA61D695}.Debug|Any CPU.ActiveCfg = Debug|Any CPU
		{9EB1A755-B22A-4E95-94F2-B080DA61D695}.Debug|Any CPU.Build.0 = Debug|Any CPU
		{9EB1A755-B22A-4E95-94F2-B080DA61D695}.Debug|x64.ActiveCfg = Debug|Any CPU
		{9EB1A755-B22A-4E95-94F2-B080DA61D695}.Debug|x64.Build.0 = Debug|Any CPU
		{9EB1A755-B22A-4E95-94F2-B080DA61D695}.Debug|x86.ActiveCfg = Debug|Any CPU
		{9EB1A755-B22A-4E95-94F2-B080DA61D695}.Debug|x86.Build.0 = Debug|Any CPU
		{9EB1A755-B22A-4E95-94F2-B080DA61D695}.Release|Any CPU.ActiveCfg = Release|Any CPU
		{9EB1A755-B22A-4E95-94F2-B080DA61D695}.Release|Any CPU.Build.0 = Release|Any CPU
		{9EB1A755-B22A-4E95-94F2-B080DA61D695}.Release|x64.ActiveCfg = Release|Any CPU
		{9EB1A755-B22A-4E95-94F2-B080DA61D695}.Release|x64.Build.0 = Release|Any CPU
		{9EB1A755-B22A-4E95-94F2-B080DA61D695}.Release|x86.ActiveCfg = Release|Any CPU
		{9EB1A755-B22A-4E95-94F2-B080DA61D695}.Release|x86.Build.0 = Release|Any CPU
		{2520E3AC-7493-425A-A825-5D6C795886C5}.Debug|Any CPU.ActiveCfg = Debug|Any CPU
		{2520E3AC-7493-425A-A825-5D6C795886C5}.Debug|Any CPU.Build.0 = Debug|Any CPU
		{2520E3AC-7493-425A-A825-5D6C795886C5}.Debug|x64.ActiveCfg = Debug|Any CPU
		{2520E3AC-7493-425A-A825-5D6C795886C5}.Debug|x64.Build.0 = Debug|Any CPU
		{2520E3AC-7493-425A-A825-5D6C795886C5}.Debug|x86.ActiveCfg = Debug|Any CPU
		{2520E3AC-7493-425A-A825-5D6C795886C5}.Debug|x86.Build.0 = Debug|Any CPU
		{2520E3AC-7493-425A-A825-5D6C795886C5}.Release|Any CPU.ActiveCfg = Release|Any CPU
		{2520E3AC-7493-425A-A825-5D6C795886C5}.Release|Any CPU.Build.0 = Release|Any CPU
		{2520E3AC-7493-425A-A825-5D6C795886C5}.Release|x64.ActiveCfg = Release|Any CPU
		{2520E3AC-7493-425A-A825-5D6C795886C5}.Release|x64.Build.0 = Release|Any CPU
		{2520E3AC-7493-425A-A825-5D6C795886C5}.Release|x86.ActiveCfg = Release|Any CPU
		{2520E3AC-7493-425A-A825-5D6C795886C5}.Release|x86.Build.0 = Release|Any CPU
		{6642C98B-D7BB-44CC-83F4-D56FD9C8BE17}.Debug|Any CPU.ActiveCfg = Debug|Any CPU
		{6642C98B-D7BB-44CC-83F4-D56FD9C8BE17}.Debug|Any CPU.Build.0 = Debug|Any CPU
		{6642C98B-D7BB-44CC-83F4-D56FD9C8BE17}.Debug|x64.ActiveCfg = Debug|Any CPU
		{6642C98B-D7BB-44CC-83F4-D56FD9C8BE17}.Debug|x64.Build.0 = Debug|Any CPU
		{6642C98B-D7BB-44CC-83F4-D56FD9C8BE17}.Debug|x86.ActiveCfg = Debug|Any CPU
		{6642C98B-D7BB-44CC-83F4-D56FD9C8BE17}.Debug|x86.Build.0 = Debug|Any CPU
		{6642C98B-D7BB-44CC-83F4-D56FD9C8BE17}.Release|Any CPU.ActiveCfg = Release|Any CPU
		{6642C98B-D7BB-44CC-83F4-D56FD9C8BE17}.Release|Any CPU.Build.0 = Release|Any CPU
		{6642C98B-D7BB-44CC-83F4-D56FD9C8BE17}.Release|x64.ActiveCfg = Release|Any CPU
		{6642C98B-D7BB-44CC-83F4-D56FD9C8BE17}.Release|x64.Build.0 = Release|Any CPU
		{6642C98B-D7BB-44CC-83F4-D56FD9C8BE17}.Release|x86.ActiveCfg = Release|Any CPU
		{6642C98B-D7BB-44CC-83F4-D56FD9C8BE17}.Release|x86.Build.0 = Release|Any CPU
		{863F415F-98D9-4BC5-846E-8EB5C699BB75}.Debug|Any CPU.ActiveCfg = Debug|Any CPU
		{863F415F-98D9-4BC5-846E-8EB5C699BB75}.Debug|Any CPU.Build.0 = Debug|Any CPU
		{863F415F-98D9-4BC5-846E-8EB5C699BB75}.Debug|x64.ActiveCfg = Debug|Any CPU
		{863F415F-98D9-4BC5-846E-8EB5C699BB75}.Debug|x64.Build.0 = Debug|Any CPU
		{863F415F-98D9-4BC5-846E-8EB5C699BB75}.Debug|x86.ActiveCfg = Debug|Any CPU
		{863F415F-98D9-4BC5-846E-8EB5C699BB75}.Debug|x86.Build.0 = Debug|Any CPU
		{863F415F-98D9-4BC5-846E-8EB5C699BB75}.Release|Any CPU.ActiveCfg = Release|Any CPU
		{863F415F-98D9-4BC5-846E-8EB5C699BB75}.Release|Any CPU.Build.0 = Release|Any CPU
		{863F415F-98D9-4BC5-846E-8EB5C699BB75}.Release|x64.ActiveCfg = Release|Any CPU
		{863F415F-98D9-4BC5-846E-8EB5C699BB75}.Release|x64.Build.0 = Release|Any CPU
		{863F415F-98D9-4BC5-846E-8EB5C699BB75}.Release|x86.ActiveCfg = Release|Any CPU
		{863F415F-98D9-4BC5-846E-8EB5C699BB75}.Release|x86.Build.0 = Release|Any CPU
		{146A275E-1152-4C67-A2AB-E6ED6B932918}.Debug|Any CPU.ActiveCfg = Debug|Any CPU
		{146A275E-1152-4C67-A2AB-E6ED6B932918}.Debug|Any CPU.Build.0 = Debug|Any CPU
		{146A275E-1152-4C67-A2AB-E6ED6B932918}.Debug|x64.ActiveCfg = Debug|Any CPU
		{146A275E-1152-4C67-A2AB-E6ED6B932918}.Debug|x64.Build.0 = Debug|Any CPU
		{146A275E-1152-4C67-A2AB-E6ED6B932918}.Debug|x86.ActiveCfg = Debug|Any CPU
		{146A275E-1152-4C67-A2AB-E6ED6B932918}.Debug|x86.Build.0 = Debug|Any CPU
		{146A275E-1152-4C67-A2AB-E6ED6B932918}.Release|Any CPU.ActiveCfg = Release|Any CPU
		{146A275E-1152-4C67-A2AB-E6ED6B932918}.Release|Any CPU.Build.0 = Release|Any CPU
		{146A275E-1152-4C67-A2AB-E6ED6B932918}.Release|x64.ActiveCfg = Release|Any CPU
		{146A275E-1152-4C67-A2AB-E6ED6B932918}.Release|x64.Build.0 = Release|Any CPU
		{146A275E-1152-4C67-A2AB-E6ED6B932918}.Release|x86.ActiveCfg = Release|Any CPU
		{146A275E-1152-4C67-A2AB-E6ED6B932918}.Release|x86.Build.0 = Release|Any CPU
		{0FE5A0D4-9BFC-482D-9157-73657CCAAC4C}.Debug|Any CPU.ActiveCfg = Debug|Any CPU
		{0FE5A0D4-9BFC-482D-9157-73657CCAAC4C}.Debug|Any CPU.Build.0 = Debug|Any CPU
		{0FE5A0D4-9BFC-482D-9157-73657CCAAC4C}.Debug|x64.ActiveCfg = Debug|Any CPU
		{0FE5A0D4-9BFC-482D-9157-73657CCAAC4C}.Debug|x64.Build.0 = Debug|Any CPU
		{0FE5A0D4-9BFC-482D-9157-73657CCAAC4C}.Debug|x86.ActiveCfg = Debug|Any CPU
		{0FE5A0D4-9BFC-482D-9157-73657CCAAC4C}.Debug|x86.Build.0 = Debug|Any CPU
		{0FE5A0D4-9BFC-482D-9157-73657CCAAC4C}.Release|Any CPU.ActiveCfg = Release|Any CPU
		{0FE5A0D4-9BFC-482D-9157-73657CCAAC4C}.Release|Any CPU.Build.0 = Release|Any CPU
		{0FE5A0D4-9BFC-482D-9157-73657CCAAC4C}.Release|x64.ActiveCfg = Release|Any CPU
		{0FE5A0D4-9BFC-482D-9157-73657CCAAC4C}.Release|x64.Build.0 = Release|Any CPU
		{0FE5A0D4-9BFC-482D-9157-73657CCAAC4C}.Release|x86.ActiveCfg = Release|Any CPU
		{0FE5A0D4-9BFC-482D-9157-73657CCAAC4C}.Release|x86.Build.0 = Release|Any CPU
		{86462AA7-C90D-4588-9391-AE1E82B74996}.Debug|Any CPU.ActiveCfg = Debug|Any CPU
		{86462AA7-C90D-4588-9391-AE1E82B74996}.Debug|Any CPU.Build.0 = Debug|Any CPU
		{86462AA7-C90D-4588-9391-AE1E82B74996}.Debug|x64.ActiveCfg = Debug|Any CPU
		{86462AA7-C90D-4588-9391-AE1E82B74996}.Debug|x64.Build.0 = Debug|Any CPU
		{86462AA7-C90D-4588-9391-AE1E82B74996}.Debug|x86.ActiveCfg = Debug|Any CPU
		{86462AA7-C90D-4588-9391-AE1E82B74996}.Debug|x86.Build.0 = Debug|Any CPU
		{86462AA7-C90D-4588-9391-AE1E82B74996}.Release|Any CPU.ActiveCfg = Release|Any CPU
		{86462AA7-C90D-4588-9391-AE1E82B74996}.Release|Any CPU.Build.0 = Release|Any CPU
		{86462AA7-C90D-4588-9391-AE1E82B74996}.Release|x64.ActiveCfg = Release|Any CPU
		{86462AA7-C90D-4588-9391-AE1E82B74996}.Release|x64.Build.0 = Release|Any CPU
		{86462AA7-C90D-4588-9391-AE1E82B74996}.Release|x86.ActiveCfg = Release|Any CPU
		{86462AA7-C90D-4588-9391-AE1E82B74996}.Release|x86.Build.0 = Release|Any CPU
		{C96B0D7D-695F-4367-B753-0E2F399F40C1}.Debug|Any CPU.ActiveCfg = Debug|Any CPU
		{C96B0D7D-695F-4367-B753-0E2F399F40C1}.Debug|Any CPU.Build.0 = Debug|Any CPU
		{C96B0D7D-695F-4367-B753-0E2F399F40C1}.Debug|x64.ActiveCfg = Debug|Any CPU
		{C96B0D7D-695F-4367-B753-0E2F399F40C1}.Debug|x64.Build.0 = Debug|Any CPU
		{C96B0D7D-695F-4367-B753-0E2F399F40C1}.Debug|x86.ActiveCfg = Debug|Any CPU
		{C96B0D7D-695F-4367-B753-0E2F399F40C1}.Debug|x86.Build.0 = Debug|Any CPU
		{C96B0D7D-695F-4367-B753-0E2F399F40C1}.Release|Any CPU.ActiveCfg = Release|Any CPU
		{C96B0D7D-695F-4367-B753-0E2F399F40C1}.Release|Any CPU.Build.0 = Release|Any CPU
		{C96B0D7D-695F-4367-B753-0E2F399F40C1}.Release|x64.ActiveCfg = Release|Any CPU
		{C96B0D7D-695F-4367-B753-0E2F399F40C1}.Release|x64.Build.0 = Release|Any CPU
		{C96B0D7D-695F-4367-B753-0E2F399F40C1}.Release|x86.ActiveCfg = Release|Any CPU
		{C96B0D7D-695F-4367-B753-0E2F399F40C1}.Release|x86.Build.0 = Release|Any CPU
		{21108830-A27E-47BA-ABA6-4660EA198624}.Debug|Any CPU.ActiveCfg = Debug|Any CPU
		{21108830-A27E-47BA-ABA6-4660EA198624}.Debug|Any CPU.Build.0 = Debug|Any CPU
		{21108830-A27E-47BA-ABA6-4660EA198624}.Debug|x64.ActiveCfg = Debug|Any CPU
		{21108830-A27E-47BA-ABA6-4660EA198624}.Debug|x64.Build.0 = Debug|Any CPU
		{21108830-A27E-47BA-ABA6-4660EA198624}.Debug|x86.ActiveCfg = Debug|Any CPU
		{21108830-A27E-47BA-ABA6-4660EA198624}.Debug|x86.Build.0 = Debug|Any CPU
		{21108830-A27E-47BA-ABA6-4660EA198624}.Release|Any CPU.ActiveCfg = Release|Any CPU
		{21108830-A27E-47BA-ABA6-4660EA198624}.Release|Any CPU.Build.0 = Release|Any CPU
		{21108830-A27E-47BA-ABA6-4660EA198624}.Release|x64.ActiveCfg = Release|Any CPU
		{21108830-A27E-47BA-ABA6-4660EA198624}.Release|x64.Build.0 = Release|Any CPU
		{21108830-A27E-47BA-ABA6-4660EA198624}.Release|x86.ActiveCfg = Release|Any CPU
		{21108830-A27E-47BA-ABA6-4660EA198624}.Release|x86.Build.0 = Release|Any CPU
		{B9047CBD-1D3A-43A5-951E-03649B7A677F}.Debug|Any CPU.ActiveCfg = Debug|Any CPU
		{B9047CBD-1D3A-43A5-951E-03649B7A677F}.Debug|Any CPU.Build.0 = Debug|Any CPU
		{B9047CBD-1D3A-43A5-951E-03649B7A677F}.Debug|x64.ActiveCfg = Debug|Any CPU
		{B9047CBD-1D3A-43A5-951E-03649B7A677F}.Debug|x64.Build.0 = Debug|Any CPU
		{B9047CBD-1D3A-43A5-951E-03649B7A677F}.Debug|x86.ActiveCfg = Debug|Any CPU
		{B9047CBD-1D3A-43A5-951E-03649B7A677F}.Debug|x86.Build.0 = Debug|Any CPU
		{B9047CBD-1D3A-43A5-951E-03649B7A677F}.Release|Any CPU.ActiveCfg = Release|Any CPU
		{B9047CBD-1D3A-43A5-951E-03649B7A677F}.Release|Any CPU.Build.0 = Release|Any CPU
		{B9047CBD-1D3A-43A5-951E-03649B7A677F}.Release|x64.ActiveCfg = Release|Any CPU
		{B9047CBD-1D3A-43A5-951E-03649B7A677F}.Release|x64.Build.0 = Release|Any CPU
		{B9047CBD-1D3A-43A5-951E-03649B7A677F}.Release|x86.ActiveCfg = Release|Any CPU
		{B9047CBD-1D3A-43A5-951E-03649B7A677F}.Release|x86.Build.0 = Release|Any CPU
		{4E00F4E9-FCBA-4959-BDBD-7B048A9EF14D}.Debug|Any CPU.ActiveCfg = Debug|Any CPU
		{4E00F4E9-FCBA-4959-BDBD-7B048A9EF14D}.Debug|Any CPU.Build.0 = Debug|Any CPU
		{4E00F4E9-FCBA-4959-BDBD-7B048A9EF14D}.Debug|x64.ActiveCfg = Debug|Any CPU
		{4E00F4E9-FCBA-4959-BDBD-7B048A9EF14D}.Debug|x64.Build.0 = Debug|Any CPU
		{4E00F4E9-FCBA-4959-BDBD-7B048A9EF14D}.Debug|x86.ActiveCfg = Debug|Any CPU
		{4E00F4E9-FCBA-4959-BDBD-7B048A9EF14D}.Debug|x86.Build.0 = Debug|Any CPU
		{4E00F4E9-FCBA-4959-BDBD-7B048A9EF14D}.Release|Any CPU.ActiveCfg = Release|Any CPU
		{4E00F4E9-FCBA-4959-BDBD-7B048A9EF14D}.Release|Any CPU.Build.0 = Release|Any CPU
		{4E00F4E9-FCBA-4959-BDBD-7B048A9EF14D}.Release|x64.ActiveCfg = Release|Any CPU
		{4E00F4E9-FCBA-4959-BDBD-7B048A9EF14D}.Release|x64.Build.0 = Release|Any CPU
		{4E00F4E9-FCBA-4959-BDBD-7B048A9EF14D}.Release|x86.ActiveCfg = Release|Any CPU
		{4E00F4E9-FCBA-4959-BDBD-7B048A9EF14D}.Release|x86.Build.0 = Release|Any CPU
		{CF058F1A-5FE3-4324-9C93-D481E46770AA}.Debug|Any CPU.ActiveCfg = Debug|Any CPU
		{CF058F1A-5FE3-4324-9C93-D481E46770AA}.Debug|Any CPU.Build.0 = Debug|Any CPU
		{CF058F1A-5FE3-4324-9C93-D481E46770AA}.Debug|x64.ActiveCfg = Debug|Any CPU
		{CF058F1A-5FE3-4324-9C93-D481E46770AA}.Debug|x64.Build.0 = Debug|Any CPU
		{CF058F1A-5FE3-4324-9C93-D481E46770AA}.Debug|x86.ActiveCfg = Debug|Any CPU
		{CF058F1A-5FE3-4324-9C93-D481E46770AA}.Debug|x86.Build.0 = Debug|Any CPU
		{CF058F1A-5FE3-4324-9C93-D481E46770AA}.Release|Any CPU.ActiveCfg = Release|Any CPU
		{CF058F1A-5FE3-4324-9C93-D481E46770AA}.Release|Any CPU.Build.0 = Release|Any CPU
		{CF058F1A-5FE3-4324-9C93-D481E46770AA}.Release|x64.ActiveCfg = Release|Any CPU
		{CF058F1A-5FE3-4324-9C93-D481E46770AA}.Release|x64.Build.0 = Release|Any CPU
		{CF058F1A-5FE3-4324-9C93-D481E46770AA}.Release|x86.ActiveCfg = Release|Any CPU
		{CF058F1A-5FE3-4324-9C93-D481E46770AA}.Release|x86.Build.0 = Release|Any CPU
		{D7D01EE6-02AF-472D-95A8-915CDAF86FA1}.Debug|Any CPU.ActiveCfg = Debug|Any CPU
		{D7D01EE6-02AF-472D-95A8-915CDAF86FA1}.Debug|Any CPU.Build.0 = Debug|Any CPU
		{D7D01EE6-02AF-472D-95A8-915CDAF86FA1}.Debug|x64.ActiveCfg = Debug|Any CPU
		{D7D01EE6-02AF-472D-95A8-915CDAF86FA1}.Debug|x64.Build.0 = Debug|Any CPU
		{D7D01EE6-02AF-472D-95A8-915CDAF86FA1}.Debug|x86.ActiveCfg = Debug|Any CPU
		{D7D01EE6-02AF-472D-95A8-915CDAF86FA1}.Debug|x86.Build.0 = Debug|Any CPU
		{D7D01EE6-02AF-472D-95A8-915CDAF86FA1}.Release|Any CPU.ActiveCfg = Release|Any CPU
		{D7D01EE6-02AF-472D-95A8-915CDAF86FA1}.Release|Any CPU.Build.0 = Release|Any CPU
		{D7D01EE6-02AF-472D-95A8-915CDAF86FA1}.Release|x64.ActiveCfg = Release|Any CPU
		{D7D01EE6-02AF-472D-95A8-915CDAF86FA1}.Release|x64.Build.0 = Release|Any CPU
		{D7D01EE6-02AF-472D-95A8-915CDAF86FA1}.Release|x86.ActiveCfg = Release|Any CPU
		{D7D01EE6-02AF-472D-95A8-915CDAF86FA1}.Release|x86.Build.0 = Release|Any CPU
		{9D20CBBA-576B-4AE9-A37C-1669A302EE62}.Debug|Any CPU.ActiveCfg = Debug|Any CPU
		{9D20CBBA-576B-4AE9-A37C-1669A302EE62}.Debug|Any CPU.Build.0 = Debug|Any CPU
		{9D20CBBA-576B-4AE9-A37C-1669A302EE62}.Debug|x64.ActiveCfg = Debug|Any CPU
		{9D20CBBA-576B-4AE9-A37C-1669A302EE62}.Debug|x64.Build.0 = Debug|Any CPU
		{9D20CBBA-576B-4AE9-A37C-1669A302EE62}.Debug|x86.ActiveCfg = Debug|Any CPU
		{9D20CBBA-576B-4AE9-A37C-1669A302EE62}.Debug|x86.Build.0 = Debug|Any CPU
		{9D20CBBA-576B-4AE9-A37C-1669A302EE62}.Release|Any CPU.ActiveCfg = Release|Any CPU
		{9D20CBBA-576B-4AE9-A37C-1669A302EE62}.Release|Any CPU.Build.0 = Release|Any CPU
		{9D20CBBA-576B-4AE9-A37C-1669A302EE62}.Release|x64.ActiveCfg = Release|Any CPU
		{9D20CBBA-576B-4AE9-A37C-1669A302EE62}.Release|x64.Build.0 = Release|Any CPU
		{9D20CBBA-576B-4AE9-A37C-1669A302EE62}.Release|x86.ActiveCfg = Release|Any CPU
		{9D20CBBA-576B-4AE9-A37C-1669A302EE62}.Release|x86.Build.0 = Release|Any CPU
		{E058E67C-59C4-4CEE-ACD1-DE9EBECDAE6E}.Debug|Any CPU.ActiveCfg = Debug|Any CPU
		{E058E67C-59C4-4CEE-ACD1-DE9EBECDAE6E}.Debug|Any CPU.Build.0 = Debug|Any CPU
		{E058E67C-59C4-4CEE-ACD1-DE9EBECDAE6E}.Debug|x64.ActiveCfg = Debug|Any CPU
		{E058E67C-59C4-4CEE-ACD1-DE9EBECDAE6E}.Debug|x64.Build.0 = Debug|Any CPU
		{E058E67C-59C4-4CEE-ACD1-DE9EBECDAE6E}.Debug|x86.ActiveCfg = Debug|Any CPU
		{E058E67C-59C4-4CEE-ACD1-DE9EBECDAE6E}.Debug|x86.Build.0 = Debug|Any CPU
		{E058E67C-59C4-4CEE-ACD1-DE9EBECDAE6E}.Release|Any CPU.ActiveCfg = Release|Any CPU
		{E058E67C-59C4-4CEE-ACD1-DE9EBECDAE6E}.Release|Any CPU.Build.0 = Release|Any CPU
		{E058E67C-59C4-4CEE-ACD1-DE9EBECDAE6E}.Release|x64.ActiveCfg = Release|Any CPU
		{E058E67C-59C4-4CEE-ACD1-DE9EBECDAE6E}.Release|x64.Build.0 = Release|Any CPU
		{E058E67C-59C4-4CEE-ACD1-DE9EBECDAE6E}.Release|x86.ActiveCfg = Release|Any CPU
		{E058E67C-59C4-4CEE-ACD1-DE9EBECDAE6E}.Release|x86.Build.0 = Release|Any CPU
		{E786A54C-13A7-4406-83FF-4DA805813269}.Debug|Any CPU.ActiveCfg = Debug|Any CPU
		{E786A54C-13A7-4406-83FF-4DA805813269}.Debug|Any CPU.Build.0 = Debug|Any CPU
		{E786A54C-13A7-4406-83FF-4DA805813269}.Debug|x64.ActiveCfg = Debug|Any CPU
		{E786A54C-13A7-4406-83FF-4DA805813269}.Debug|x64.Build.0 = Debug|Any CPU
		{E786A54C-13A7-4406-83FF-4DA805813269}.Debug|x86.ActiveCfg = Debug|Any CPU
		{E786A54C-13A7-4406-83FF-4DA805813269}.Debug|x86.Build.0 = Debug|Any CPU
		{E786A54C-13A7-4406-83FF-4DA805813269}.Release|Any CPU.ActiveCfg = Release|Any CPU
		{E786A54C-13A7-4406-83FF-4DA805813269}.Release|Any CPU.Build.0 = Release|Any CPU
		{E786A54C-13A7-4406-83FF-4DA805813269}.Release|x64.ActiveCfg = Release|Any CPU
		{E786A54C-13A7-4406-83FF-4DA805813269}.Release|x64.Build.0 = Release|Any CPU
		{E786A54C-13A7-4406-83FF-4DA805813269}.Release|x86.ActiveCfg = Release|Any CPU
		{E786A54C-13A7-4406-83FF-4DA805813269}.Release|x86.Build.0 = Release|Any CPU
		{91EFB10D-C553-4F53-873D-DE1C32320709}.Debug|Any CPU.ActiveCfg = Debug|Any CPU
		{91EFB10D-C553-4F53-873D-DE1C32320709}.Debug|Any CPU.Build.0 = Debug|Any CPU
		{91EFB10D-C553-4F53-873D-DE1C32320709}.Debug|x64.ActiveCfg = Debug|Any CPU
		{91EFB10D-C553-4F53-873D-DE1C32320709}.Debug|x64.Build.0 = Debug|Any CPU
		{91EFB10D-C553-4F53-873D-DE1C32320709}.Debug|x86.ActiveCfg = Debug|Any CPU
		{91EFB10D-C553-4F53-873D-DE1C32320709}.Debug|x86.Build.0 = Debug|Any CPU
		{91EFB10D-C553-4F53-873D-DE1C32320709}.Release|Any CPU.ActiveCfg = Release|Any CPU
		{91EFB10D-C553-4F53-873D-DE1C32320709}.Release|Any CPU.Build.0 = Release|Any CPU
		{91EFB10D-C553-4F53-873D-DE1C32320709}.Release|x64.ActiveCfg = Release|Any CPU
		{91EFB10D-C553-4F53-873D-DE1C32320709}.Release|x64.Build.0 = Release|Any CPU
		{91EFB10D-C553-4F53-873D-DE1C32320709}.Release|x86.ActiveCfg = Release|Any CPU
		{91EFB10D-C553-4F53-873D-DE1C32320709}.Release|x86.Build.0 = Release|Any CPU
		{EA71FF4B-7B68-4F36-A44F-E5FC56A27BEC}.Debug|Any CPU.ActiveCfg = Debug|Any CPU
		{EA71FF4B-7B68-4F36-A44F-E5FC56A27BEC}.Debug|Any CPU.Build.0 = Debug|Any CPU
		{EA71FF4B-7B68-4F36-A44F-E5FC56A27BEC}.Debug|x64.ActiveCfg = Debug|Any CPU
		{EA71FF4B-7B68-4F36-A44F-E5FC56A27BEC}.Debug|x64.Build.0 = Debug|Any CPU
		{EA71FF4B-7B68-4F36-A44F-E5FC56A27BEC}.Debug|x86.ActiveCfg = Debug|Any CPU
		{EA71FF4B-7B68-4F36-A44F-E5FC56A27BEC}.Debug|x86.Build.0 = Debug|Any CPU
		{EA71FF4B-7B68-4F36-A44F-E5FC56A27BEC}.Release|Any CPU.ActiveCfg = Release|Any CPU
		{EA71FF4B-7B68-4F36-A44F-E5FC56A27BEC}.Release|Any CPU.Build.0 = Release|Any CPU
		{EA71FF4B-7B68-4F36-A44F-E5FC56A27BEC}.Release|x64.ActiveCfg = Release|Any CPU
		{EA71FF4B-7B68-4F36-A44F-E5FC56A27BEC}.Release|x64.Build.0 = Release|Any CPU
		{EA71FF4B-7B68-4F36-A44F-E5FC56A27BEC}.Release|x86.ActiveCfg = Release|Any CPU
		{EA71FF4B-7B68-4F36-A44F-E5FC56A27BEC}.Release|x86.Build.0 = Release|Any CPU
		{55A23B78-56A9-4FD5-929F-BD49D0DBB766}.Debug|Any CPU.ActiveCfg = Debug|Any CPU
		{55A23B78-56A9-4FD5-929F-BD49D0DBB766}.Debug|Any CPU.Build.0 = Debug|Any CPU
		{55A23B78-56A9-4FD5-929F-BD49D0DBB766}.Debug|x64.ActiveCfg = Debug|Any CPU
		{55A23B78-56A9-4FD5-929F-BD49D0DBB766}.Debug|x64.Build.0 = Debug|Any CPU
		{55A23B78-56A9-4FD5-929F-BD49D0DBB766}.Debug|x86.ActiveCfg = Debug|Any CPU
		{55A23B78-56A9-4FD5-929F-BD49D0DBB766}.Debug|x86.Build.0 = Debug|Any CPU
		{55A23B78-56A9-4FD5-929F-BD49D0DBB766}.Release|Any CPU.ActiveCfg = Release|Any CPU
		{55A23B78-56A9-4FD5-929F-BD49D0DBB766}.Release|Any CPU.Build.0 = Release|Any CPU
		{55A23B78-56A9-4FD5-929F-BD49D0DBB766}.Release|x64.ActiveCfg = Release|Any CPU
		{55A23B78-56A9-4FD5-929F-BD49D0DBB766}.Release|x64.Build.0 = Release|Any CPU
		{55A23B78-56A9-4FD5-929F-BD49D0DBB766}.Release|x86.ActiveCfg = Release|Any CPU
		{55A23B78-56A9-4FD5-929F-BD49D0DBB766}.Release|x86.Build.0 = Release|Any CPU
		{48D4E8BA-EC4C-4C12-8E2F-B0F53344629C}.Debug|Any CPU.ActiveCfg = Debug|Any CPU
		{48D4E8BA-EC4C-4C12-8E2F-B0F53344629C}.Debug|Any CPU.Build.0 = Debug|Any CPU
		{48D4E8BA-EC4C-4C12-8E2F-B0F53344629C}.Debug|x64.ActiveCfg = Debug|Any CPU
		{48D4E8BA-EC4C-4C12-8E2F-B0F53344629C}.Debug|x64.Build.0 = Debug|Any CPU
		{48D4E8BA-EC4C-4C12-8E2F-B0F53344629C}.Debug|x86.ActiveCfg = Debug|Any CPU
		{48D4E8BA-EC4C-4C12-8E2F-B0F53344629C}.Debug|x86.Build.0 = Debug|Any CPU
		{48D4E8BA-EC4C-4C12-8E2F-B0F53344629C}.Release|Any CPU.ActiveCfg = Release|Any CPU
		{48D4E8BA-EC4C-4C12-8E2F-B0F53344629C}.Release|Any CPU.Build.0 = Release|Any CPU
		{48D4E8BA-EC4C-4C12-8E2F-B0F53344629C}.Release|x64.ActiveCfg = Release|Any CPU
		{48D4E8BA-EC4C-4C12-8E2F-B0F53344629C}.Release|x64.Build.0 = Release|Any CPU
		{48D4E8BA-EC4C-4C12-8E2F-B0F53344629C}.Release|x86.ActiveCfg = Release|Any CPU
		{48D4E8BA-EC4C-4C12-8E2F-B0F53344629C}.Release|x86.Build.0 = Release|Any CPU
		{B7869CEA-32CF-40C9-B54E-A8C556AD1F44}.Debug|Any CPU.ActiveCfg = Debug|Any CPU
		{B7869CEA-32CF-40C9-B54E-A8C556AD1F44}.Debug|Any CPU.Build.0 = Debug|Any CPU
		{B7869CEA-32CF-40C9-B54E-A8C556AD1F44}.Debug|x64.ActiveCfg = Debug|Any CPU
		{B7869CEA-32CF-40C9-B54E-A8C556AD1F44}.Debug|x64.Build.0 = Debug|Any CPU
		{B7869CEA-32CF-40C9-B54E-A8C556AD1F44}.Debug|x86.ActiveCfg = Debug|Any CPU
		{B7869CEA-32CF-40C9-B54E-A8C556AD1F44}.Debug|x86.Build.0 = Debug|Any CPU
		{B7869CEA-32CF-40C9-B54E-A8C556AD1F44}.Release|Any CPU.ActiveCfg = Release|Any CPU
		{B7869CEA-32CF-40C9-B54E-A8C556AD1F44}.Release|Any CPU.Build.0 = Release|Any CPU
		{B7869CEA-32CF-40C9-B54E-A8C556AD1F44}.Release|x64.ActiveCfg = Release|Any CPU
		{B7869CEA-32CF-40C9-B54E-A8C556AD1F44}.Release|x64.Build.0 = Release|Any CPU
		{B7869CEA-32CF-40C9-B54E-A8C556AD1F44}.Release|x86.ActiveCfg = Release|Any CPU
		{B7869CEA-32CF-40C9-B54E-A8C556AD1F44}.Release|x86.Build.0 = Release|Any CPU
		{8812C315-F3B5-4EA9-A3A6-7A0091903269}.Debug|Any CPU.ActiveCfg = Debug|Any CPU
		{8812C315-F3B5-4EA9-A3A6-7A0091903269}.Debug|Any CPU.Build.0 = Debug|Any CPU
		{8812C315-F3B5-4EA9-A3A6-7A0091903269}.Debug|x64.ActiveCfg = Debug|Any CPU
		{8812C315-F3B5-4EA9-A3A6-7A0091903269}.Debug|x64.Build.0 = Debug|Any CPU
		{8812C315-F3B5-4EA9-A3A6-7A0091903269}.Debug|x86.ActiveCfg = Debug|Any CPU
		{8812C315-F3B5-4EA9-A3A6-7A0091903269}.Debug|x86.Build.0 = Debug|Any CPU
		{8812C315-F3B5-4EA9-A3A6-7A0091903269}.Release|Any CPU.ActiveCfg = Release|Any CPU
		{8812C315-F3B5-4EA9-A3A6-7A0091903269}.Release|Any CPU.Build.0 = Release|Any CPU
		{8812C315-F3B5-4EA9-A3A6-7A0091903269}.Release|x64.ActiveCfg = Release|Any CPU
		{8812C315-F3B5-4EA9-A3A6-7A0091903269}.Release|x64.Build.0 = Release|Any CPU
		{8812C315-F3B5-4EA9-A3A6-7A0091903269}.Release|x86.ActiveCfg = Release|Any CPU
		{8812C315-F3B5-4EA9-A3A6-7A0091903269}.Release|x86.Build.0 = Release|Any CPU
		{91EB3DAE-B7B2-4CB0-8201-C63D85CA44D2}.Debug|Any CPU.ActiveCfg = Debug|Any CPU
		{91EB3DAE-B7B2-4CB0-8201-C63D85CA44D2}.Debug|Any CPU.Build.0 = Debug|Any CPU
		{91EB3DAE-B7B2-4CB0-8201-C63D85CA44D2}.Debug|x64.ActiveCfg = Debug|Any CPU
		{91EB3DAE-B7B2-4CB0-8201-C63D85CA44D2}.Debug|x64.Build.0 = Debug|Any CPU
		{91EB3DAE-B7B2-4CB0-8201-C63D85CA44D2}.Debug|x86.ActiveCfg = Debug|Any CPU
		{91EB3DAE-B7B2-4CB0-8201-C63D85CA44D2}.Debug|x86.Build.0 = Debug|Any CPU
		{91EB3DAE-B7B2-4CB0-8201-C63D85CA44D2}.Release|Any CPU.ActiveCfg = Release|Any CPU
		{91EB3DAE-B7B2-4CB0-8201-C63D85CA44D2}.Release|Any CPU.Build.0 = Release|Any CPU
		{91EB3DAE-B7B2-4CB0-8201-C63D85CA44D2}.Release|x64.ActiveCfg = Release|Any CPU
		{91EB3DAE-B7B2-4CB0-8201-C63D85CA44D2}.Release|x64.Build.0 = Release|Any CPU
		{91EB3DAE-B7B2-4CB0-8201-C63D85CA44D2}.Release|x86.ActiveCfg = Release|Any CPU
		{91EB3DAE-B7B2-4CB0-8201-C63D85CA44D2}.Release|x86.Build.0 = Release|Any CPU
		{3E4B4C7B-5D96-4329-B47F-8F0CCF72D352}.Debug|Any CPU.ActiveCfg = Debug|Any CPU
		{3E4B4C7B-5D96-4329-B47F-8F0CCF72D352}.Debug|Any CPU.Build.0 = Debug|Any CPU
		{3E4B4C7B-5D96-4329-B47F-8F0CCF72D352}.Debug|x64.ActiveCfg = Debug|Any CPU
		{3E4B4C7B-5D96-4329-B47F-8F0CCF72D352}.Debug|x64.Build.0 = Debug|Any CPU
		{3E4B4C7B-5D96-4329-B47F-8F0CCF72D352}.Debug|x86.ActiveCfg = Debug|Any CPU
		{3E4B4C7B-5D96-4329-B47F-8F0CCF72D352}.Debug|x86.Build.0 = Debug|Any CPU
		{3E4B4C7B-5D96-4329-B47F-8F0CCF72D352}.Release|Any CPU.ActiveCfg = Release|Any CPU
		{3E4B4C7B-5D96-4329-B47F-8F0CCF72D352}.Release|Any CPU.Build.0 = Release|Any CPU
		{3E4B4C7B-5D96-4329-B47F-8F0CCF72D352}.Release|x64.ActiveCfg = Release|Any CPU
		{3E4B4C7B-5D96-4329-B47F-8F0CCF72D352}.Release|x64.Build.0 = Release|Any CPU
		{3E4B4C7B-5D96-4329-B47F-8F0CCF72D352}.Release|x86.ActiveCfg = Release|Any CPU
		{3E4B4C7B-5D96-4329-B47F-8F0CCF72D352}.Release|x86.Build.0 = Release|Any CPU
		{545480A9-396F-4444-BF1E-E67269345EC0}.Debug|Any CPU.ActiveCfg = Debug|Any CPU
		{545480A9-396F-4444-BF1E-E67269345EC0}.Debug|Any CPU.Build.0 = Debug|Any CPU
		{545480A9-396F-4444-BF1E-E67269345EC0}.Debug|x64.ActiveCfg = Debug|Any CPU
		{545480A9-396F-4444-BF1E-E67269345EC0}.Debug|x64.Build.0 = Debug|Any CPU
		{545480A9-396F-4444-BF1E-E67269345EC0}.Debug|x86.ActiveCfg = Debug|Any CPU
		{545480A9-396F-4444-BF1E-E67269345EC0}.Debug|x86.Build.0 = Debug|Any CPU
		{545480A9-396F-4444-BF1E-E67269345EC0}.Release|Any CPU.ActiveCfg = Release|Any CPU
		{545480A9-396F-4444-BF1E-E67269345EC0}.Release|Any CPU.Build.0 = Release|Any CPU
		{545480A9-396F-4444-BF1E-E67269345EC0}.Release|x64.ActiveCfg = Release|Any CPU
		{545480A9-396F-4444-BF1E-E67269345EC0}.Release|x64.Build.0 = Release|Any CPU
		{545480A9-396F-4444-BF1E-E67269345EC0}.Release|x86.ActiveCfg = Release|Any CPU
		{545480A9-396F-4444-BF1E-E67269345EC0}.Release|x86.Build.0 = Release|Any CPU
		{5D9D9DA0-45C2-49BF-8598-5C565218A911}.Debug|Any CPU.ActiveCfg = Debug|Any CPU
		{5D9D9DA0-45C2-49BF-8598-5C565218A911}.Debug|Any CPU.Build.0 = Debug|Any CPU
		{5D9D9DA0-45C2-49BF-8598-5C565218A911}.Debug|x64.ActiveCfg = Debug|Any CPU
		{5D9D9DA0-45C2-49BF-8598-5C565218A911}.Debug|x64.Build.0 = Debug|Any CPU
		{5D9D9DA0-45C2-49BF-8598-5C565218A911}.Debug|x86.ActiveCfg = Debug|Any CPU
		{5D9D9DA0-45C2-49BF-8598-5C565218A911}.Debug|x86.Build.0 = Debug|Any CPU
		{5D9D9DA0-45C2-49BF-8598-5C565218A911}.Release|Any CPU.ActiveCfg = Release|Any CPU
		{5D9D9DA0-45C2-49BF-8598-5C565218A911}.Release|Any CPU.Build.0 = Release|Any CPU
		{5D9D9DA0-45C2-49BF-8598-5C565218A911}.Release|x64.ActiveCfg = Release|Any CPU
		{5D9D9DA0-45C2-49BF-8598-5C565218A911}.Release|x64.Build.0 = Release|Any CPU
		{5D9D9DA0-45C2-49BF-8598-5C565218A911}.Release|x86.ActiveCfg = Release|Any CPU
		{5D9D9DA0-45C2-49BF-8598-5C565218A911}.Release|x86.Build.0 = Release|Any CPU
		{3ABF4B34-1233-446C-8BC7-AD21E91A32C3}.Debug|Any CPU.ActiveCfg = Debug|Any CPU
		{3ABF4B34-1233-446C-8BC7-AD21E91A32C3}.Debug|Any CPU.Build.0 = Debug|Any CPU
		{3ABF4B34-1233-446C-8BC7-AD21E91A32C3}.Debug|x64.ActiveCfg = Debug|Any CPU
		{3ABF4B34-1233-446C-8BC7-AD21E91A32C3}.Debug|x64.Build.0 = Debug|Any CPU
		{3ABF4B34-1233-446C-8BC7-AD21E91A32C3}.Debug|x86.ActiveCfg = Debug|Any CPU
		{3ABF4B34-1233-446C-8BC7-AD21E91A32C3}.Debug|x86.Build.0 = Debug|Any CPU
		{3ABF4B34-1233-446C-8BC7-AD21E91A32C3}.Release|Any CPU.ActiveCfg = Release|Any CPU
		{3ABF4B34-1233-446C-8BC7-AD21E91A32C3}.Release|Any CPU.Build.0 = Release|Any CPU
		{3ABF4B34-1233-446C-8BC7-AD21E91A32C3}.Release|x64.ActiveCfg = Release|Any CPU
		{3ABF4B34-1233-446C-8BC7-AD21E91A32C3}.Release|x64.Build.0 = Release|Any CPU
		{3ABF4B34-1233-446C-8BC7-AD21E91A32C3}.Release|x86.ActiveCfg = Release|Any CPU
		{3ABF4B34-1233-446C-8BC7-AD21E91A32C3}.Release|x86.Build.0 = Release|Any CPU
		{A316D859-6681-40FC-9114-7657995A0E0F}.Debug|Any CPU.ActiveCfg = Debug|Any CPU
		{A316D859-6681-40FC-9114-7657995A0E0F}.Debug|Any CPU.Build.0 = Debug|Any CPU
		{A316D859-6681-40FC-9114-7657995A0E0F}.Debug|x64.ActiveCfg = Debug|Any CPU
		{A316D859-6681-40FC-9114-7657995A0E0F}.Debug|x64.Build.0 = Debug|Any CPU
		{A316D859-6681-40FC-9114-7657995A0E0F}.Debug|x86.ActiveCfg = Debug|Any CPU
		{A316D859-6681-40FC-9114-7657995A0E0F}.Debug|x86.Build.0 = Debug|Any CPU
		{A316D859-6681-40FC-9114-7657995A0E0F}.Release|Any CPU.ActiveCfg = Release|Any CPU
		{A316D859-6681-40FC-9114-7657995A0E0F}.Release|Any CPU.Build.0 = Release|Any CPU
		{A316D859-6681-40FC-9114-7657995A0E0F}.Release|x64.ActiveCfg = Release|Any CPU
		{A316D859-6681-40FC-9114-7657995A0E0F}.Release|x64.Build.0 = Release|Any CPU
		{A316D859-6681-40FC-9114-7657995A0E0F}.Release|x86.ActiveCfg = Release|Any CPU
		{A316D859-6681-40FC-9114-7657995A0E0F}.Release|x86.Build.0 = Release|Any CPU
		{D73856B0-8DF0-4B9E-9AC6-A68455C0A62A}.Debug|Any CPU.ActiveCfg = Debug|Any CPU
		{D73856B0-8DF0-4B9E-9AC6-A68455C0A62A}.Debug|Any CPU.Build.0 = Debug|Any CPU
		{D73856B0-8DF0-4B9E-9AC6-A68455C0A62A}.Debug|x64.ActiveCfg = Debug|Any CPU
		{D73856B0-8DF0-4B9E-9AC6-A68455C0A62A}.Debug|x64.Build.0 = Debug|Any CPU
		{D73856B0-8DF0-4B9E-9AC6-A68455C0A62A}.Debug|x86.ActiveCfg = Debug|Any CPU
		{D73856B0-8DF0-4B9E-9AC6-A68455C0A62A}.Debug|x86.Build.0 = Debug|Any CPU
		{D73856B0-8DF0-4B9E-9AC6-A68455C0A62A}.Release|Any CPU.ActiveCfg = Release|Any CPU
		{D73856B0-8DF0-4B9E-9AC6-A68455C0A62A}.Release|Any CPU.Build.0 = Release|Any CPU
		{D73856B0-8DF0-4B9E-9AC6-A68455C0A62A}.Release|x64.ActiveCfg = Release|Any CPU
		{D73856B0-8DF0-4B9E-9AC6-A68455C0A62A}.Release|x64.Build.0 = Release|Any CPU
		{D73856B0-8DF0-4B9E-9AC6-A68455C0A62A}.Release|x86.ActiveCfg = Release|Any CPU
		{D73856B0-8DF0-4B9E-9AC6-A68455C0A62A}.Release|x86.Build.0 = Release|Any CPU
	EndGlobalSection
	GlobalSection(SolutionProperties) = preSolution
		HideSolutionNode = FALSE
	EndGlobalSection
	GlobalSection(NestedProjects) = preSolution
		{186CAF06-C63D-4EBD-BBAD-3D43FB0DDB02} = {827E0CD3-B72D-47B6-A68D-7590B98EB39B}
		{FBDEA8DF-588A-4F18-A26C-D47E05C94C34} = {827E0CD3-B72D-47B6-A68D-7590B98EB39B}
		{B6C7DDF5-98D7-4D48-89E6-44E058DD0873} = {827E0CD3-B72D-47B6-A68D-7590B98EB39B}
		{B022F28E-CEA9-4588-A06F-E0B9EB6AF452} = {827E0CD3-B72D-47B6-A68D-7590B98EB39B}
		{3EC0C66D-1485-492F-9633-FF1F8C3640D6} = {827E0CD3-B72D-47B6-A68D-7590B98EB39B}
		{AABEAB94-34B0-4AEE-BD41-BE4EDB6EF736} = {827E0CD3-B72D-47B6-A68D-7590B98EB39B}
		{E19C946F-EDEC-49BB-95BD-13A77CE3119C} = {827E0CD3-B72D-47B6-A68D-7590B98EB39B}
		{F7C573F5-A446-47FB-99F7-B29B15EDA357} = {827E0CD3-B72D-47B6-A68D-7590B98EB39B}
		{A0E6A03A-133A-4352-BE62-0958C95A2BDD} = {827E0CD3-B72D-47B6-A68D-7590B98EB39B}
		{8071D834-9F49-4EE2-9C57-0AB9C1659452} = {827E0CD3-B72D-47B6-A68D-7590B98EB39B}
		{D7D2E184-E392-434C-A765-35EDB22857D0} = {827E0CD3-B72D-47B6-A68D-7590B98EB39B}
		{9EB1A755-B22A-4E95-94F2-B080DA61D695} = {827E0CD3-B72D-47B6-A68D-7590B98EB39B}
		{2520E3AC-7493-425A-A825-5D6C795886C5} = {827E0CD3-B72D-47B6-A68D-7590B98EB39B}
		{6642C98B-D7BB-44CC-83F4-D56FD9C8BE17} = {827E0CD3-B72D-47B6-A68D-7590B98EB39B}
		{863F415F-98D9-4BC5-846E-8EB5C699BB75} = {827E0CD3-B72D-47B6-A68D-7590B98EB39B}
		{146A275E-1152-4C67-A2AB-E6ED6B932918} = {827E0CD3-B72D-47B6-A68D-7590B98EB39B}
		{0FE5A0D4-9BFC-482D-9157-73657CCAAC4C} = {827E0CD3-B72D-47B6-A68D-7590B98EB39B}
		{86462AA7-C90D-4588-9391-AE1E82B74996} = {827E0CD3-B72D-47B6-A68D-7590B98EB39B}
		{C96B0D7D-695F-4367-B753-0E2F399F40C1} = {827E0CD3-B72D-47B6-A68D-7590B98EB39B}
		{21108830-A27E-47BA-ABA6-4660EA198624} = {827E0CD3-B72D-47B6-A68D-7590B98EB39B}
		{B9047CBD-1D3A-43A5-951E-03649B7A677F} = {827E0CD3-B72D-47B6-A68D-7590B98EB39B}
		{4E00F4E9-FCBA-4959-BDBD-7B048A9EF14D} = {827E0CD3-B72D-47B6-A68D-7590B98EB39B}
		{CF058F1A-5FE3-4324-9C93-D481E46770AA} = {827E0CD3-B72D-47B6-A68D-7590B98EB39B}
		{D7D01EE6-02AF-472D-95A8-915CDAF86FA1} = {827E0CD3-B72D-47B6-A68D-7590B98EB39B}
		{9D20CBBA-576B-4AE9-A37C-1669A302EE62} = {827E0CD3-B72D-47B6-A68D-7590B98EB39B}
		{E058E67C-59C4-4CEE-ACD1-DE9EBECDAE6E} = {827E0CD3-B72D-47B6-A68D-7590B98EB39B}
		{E786A54C-13A7-4406-83FF-4DA805813269} = {827E0CD3-B72D-47B6-A68D-7590B98EB39B}
		{91EFB10D-C553-4F53-873D-DE1C32320709} = {827E0CD3-B72D-47B6-A68D-7590B98EB39B}
		{991AACB3-F4BC-63EA-87E8-E19EB60793A1} = {827E0CD3-B72D-47B6-A68D-7590B98EB39B}
		{EA71FF4B-7B68-4F36-A44F-E5FC56A27BEC} = {991AACB3-F4BC-63EA-87E8-E19EB60793A1}
		{6633DDA9-AD9B-7369-DBC9-13FC7829CC33} = {827E0CD3-B72D-47B6-A68D-7590B98EB39B}
		{55A23B78-56A9-4FD5-929F-BD49D0DBB766} = {6633DDA9-AD9B-7369-DBC9-13FC7829CC33}
		{48D4E8BA-EC4C-4C12-8E2F-B0F53344629C} = {827E0CD3-B72D-47B6-A68D-7590B98EB39B}
		{B7869CEA-32CF-40C9-B54E-A8C556AD1F44} = {827E0CD3-B72D-47B6-A68D-7590B98EB39B}
		{8812C315-F3B5-4EA9-A3A6-7A0091903269} = {827E0CD3-B72D-47B6-A68D-7590B98EB39B}
		{91EB3DAE-B7B2-4CB0-8201-C63D85CA44D2} = {827E0CD3-B72D-47B6-A68D-7590B98EB39B}
		{3E4B4C7B-5D96-4329-B47F-8F0CCF72D352} = {827E0CD3-B72D-47B6-A68D-7590B98EB39B}
		{545480A9-396F-4444-BF1E-E67269345EC0} = {827E0CD3-B72D-47B6-A68D-7590B98EB39B}
		{5D9D9DA0-45C2-49BF-8598-5C565218A911} = {827E0CD3-B72D-47B6-A68D-7590B98EB39B}
		{3ABF4B34-1233-446C-8BC7-AD21E91A32C3} = {827E0CD3-B72D-47B6-A68D-7590B98EB39B}
		{A316D859-6681-40FC-9114-7657995A0E0F} = {827E0CD3-B72D-47B6-A68D-7590B98EB39B}
		{D73856B0-8DF0-4B9E-9AC6-A68455C0A62A} = {827E0CD3-B72D-47B6-A68D-7590B98EB39B}
	EndGlobalSection
EndGlobal
