
Microsoft Visual Studio Solution File, Format Version 12.00
# Visual Studio Version 17
VisualStudioVersion = 17.0.31903.59
MinimumVisualStudioVersion = 10.0.40219.1
Project("{2150E333-8FDC-42A3-9474-1A3956D46DE8}") = "src", "src", "{827E0CD3-B72D-47B6-A68D-7590B98EB39B}"
EndProject
Project("{FAE04EC0-301F-11D3-BF4B-00C04F79EFBC}") = "DotNetAgents.Agents.Messaging.Kafka", "src\DotNetAgents.Agents.Messaging.Kafka\DotNetAgents.Agents.Messaging.Kafka.csproj", "{A9823749-380F-4BCB-B039-9EE54B85B5D8}"
EndProject
Project("{FAE04EC0-301F-11D3-BF4B-00C04F79EFBC}") = "DotNetAgents.Agents.Messaging.RabbitMQ", "src\DotNetAgents.Agents.Messaging.RabbitMQ\DotNetAgents.Agents.Messaging.RabbitMQ.csproj", "{C1164A66-94B9-4641-ACF4-8535BD8FFD28}"
EndProject
Project("{FAE04EC0-301F-11D3-BF4B-00C04F79EFBC}") = "DotNetAgents.Agents.Messaging.Redis", "src\DotNetAgents.Agents.Messaging.Redis\DotNetAgents.Agents.Messaging.Redis.csproj", "{7286CC90-3B7E-48B6-820B-0A2C1440B5FE}"
EndProject
Project("{FAE04EC0-301F-11D3-BF4B-00C04F79EFBC}") = "DotNetAgents.Agents.Messaging.SignalR", "src\DotNetAgents.Agents.Messaging.SignalR\DotNetAgents.Agents.Messaging.SignalR.csproj", "{87BA799F-2220-4038-8478-5644C1CB0DA8}"
EndProject
Project("{FAE04EC0-301F-11D3-BF4B-00C04F79EFBC}") = "DotNetAgents.Browser.Tools", "src\DotNetAgents.Browser.Tools\DotNetAgents.Browser.Tools.csproj", "{E80FA16C-4F34-451C-8903-821CD46D1755}"
EndProject
Project("{FAE04EC0-301F-11D3-BF4B-00C04F79EFBC}") = "DotNetAgents.ComputerUse", "src\DotNetAgents.ComputerUse\DotNetAgents.ComputerUse.csproj", "{865DB971-2E31-425E-94EC-B6B7FB0EC7CB}"
EndProject
Project("{FAE04EC0-301F-11D3-BF4B-00C04F79EFBC}") = "DotNetAgents.CodeAction.Docker", "src\DotNetAgents.CodeAction.Docker\DotNetAgents.CodeAction.Docker.csproj", "{50A0E1E0-88DB-491A-883F-76A4559F16A2}"
EndProject
Project("{FAE04EC0-301F-11D3-BF4B-00C04F79EFBC}") = "DotNetAgents.CodeAction", "src\DotNetAgents.CodeAction\DotNetAgents.CodeAction.csproj", "{F998724F-94CC-431C-A7A7-F640DB2D8B57}"
EndProject
Project("{FAE04EC0-301F-11D3-BF4B-00C04F79EFBC}") = "DotNetAgents.CodeAction.Pyodide", "src\DotNetAgents.CodeAction.Pyodide\DotNetAgents.CodeAction.Pyodide.csproj", "{ABAF7BAE-C728-4D2D-8C93-80A0A48E3263}"
EndProject
Project("{FAE04EC0-301F-11D3-BF4B-00C04F79EFBC}") = "DotNetAgents.ComputerUse.Playwright", "src\DotNetAgents.ComputerUse.Playwright\DotNetAgents.ComputerUse.Playwright.csproj", "{0C37BC6B-E312-4DB0-A6AA-9BD321915B16}"
EndProject
Project("{FAE04EC0-301F-11D3-BF4B-00C04F79EFBC}") = "DotNetAgents.ComputerUse.Vision", "src\DotNetAgents.ComputerUse.Vision\DotNetAgents.ComputerUse.Vision.csproj", "{7C9D0282-6B2E-44B8-BA8E-E2C28B5B8066}"
EndProject
Project("{FAE04EC0-301F-11D3-BF4B-00C04F79EFBC}") = "DotNetAgents.ComputerUse.Windows", "src\DotNetAgents.ComputerUse.Windows\DotNetAgents.ComputerUse.Windows.csproj", "{20F27A26-5396-408F-AC79-5D8476C6160B}"
EndProject
Project("{FAE04EC0-301F-11D3-BF4B-00C04F79EFBC}") = "DotNetAgents.Credentials.Client", "src\DotNetAgents.Credentials.Client\DotNetAgents.Credentials.Client.csproj", "{B901DBC2-A663-4450-ACD0-D0D1482D3438}"
EndProject
Project("{FAE04EC0-301F-11D3-BF4B-00C04F79EFBC}") = "DotNetAgents.Database.AI", "src\DotNetAgents.Database.AI\DotNetAgents.Database.AI.csproj", "{EF820BB3-4356-4F58-B75C-2E90E30C90EB}"
EndProject
Project("{FAE04EC0-301F-11D3-BF4B-00C04F79EFBC}") = "DotNetAgents.Database.Abstractions", "src\DotNetAgents.Database.Abstractions\DotNetAgents.Database.Abstractions.csproj", "{10A502D2-D09C-4A9C-9F52-B93DDE3BDC04}"
EndProject
Project("{FAE04EC0-301F-11D3-BF4B-00C04F79EFBC}") = "DotNetAgents.Database.Analysis", "src\DotNetAgents.Database.Analysis\DotNetAgents.Database.Analysis.csproj", "{B111CF8E-D9A7-4BEA-ADFA-081D9238B4ED}"
EndProject
Project("{FAE04EC0-301F-11D3-BF4B-00C04F79EFBC}") = "DotNetAgents.Database.Dialects", "src\DotNetAgents.Database.Dialects\DotNetAgents.Database.Dialects.csproj", "{FB7D7C96-8C81-4EAA-9802-523537CB57B6}"
EndProject
Project("{FAE04EC0-301F-11D3-BF4B-00C04F79EFBC}") = "DotNetAgents.Database.Orchestration", "src\DotNetAgents.Database.Orchestration\DotNetAgents.Database.Orchestration.csproj", "{B082CDAB-0784-484C-B188-6014F09EFC29}"
EndProject
Project("{FAE04EC0-301F-11D3-BF4B-00C04F79EFBC}") = "DotNetAgents.Database.Validation", "src\DotNetAgents.Database.Validation\DotNetAgents.Database.Validation.csproj", "{F28CC0A4-5E67-4632-B093-7A1E5477B3F3}"
EndProject
Project("{FAE04EC0-301F-11D3-BF4B-00C04F79EFBC}") = "DotNetAgents.Database.Security", "src\DotNetAgents.Database.Security\DotNetAgents.Database.Security.csproj", "{FC1B1AA7-4C62-4F29-BEEE-AC11A7893BCA}"
EndProject
Project("{FAE04EC0-301F-11D3-BF4B-00C04F79EFBC}") = "DotNetAgents.Database.SqlServer.Tooling", "src\DotNetAgents.Database.SqlServer.Tooling\DotNetAgents.Database.SqlServer.Tooling.csproj", "{A5BAA207-D1D0-4BE0-88AC-DA32663A63AF}"
EndProject
Project("{FAE04EC0-301F-11D3-BF4B-00C04F79EFBC}") = "DotNetAgents.Interop.MicrosoftAgentFramework", "src\DotNetAgents.Interop.MicrosoftAgentFramework\DotNetAgents.Interop.MicrosoftAgentFramework.csproj", "{2382B6EA-00F8-4D78-A04C-B470B9F18698}"
EndProject
Project("{FAE04EC0-301F-11D3-BF4B-00C04F79EFBC}") = "DotNetAgents.MultiModal.OpenAI", "src\DotNetAgents.MultiModal.OpenAI\DotNetAgents.MultiModal.OpenAI.csproj", "{CA53F1FA-D25C-4F0D-B472-25BCEF1A2CA2}"
EndProject
Project("{FAE04EC0-301F-11D3-BF4B-00C04F79EFBC}") = "DotNetAgents.Storage.Agents.PostgreSQL", "src\DotNetAgents.Storage.Agents.PostgreSQL\DotNetAgents.Storage.Agents.PostgreSQL.csproj", "{2F89172E-62FF-49A8-B300-68E6D4DA6CD5}"
EndProject
Project("{2150E333-8FDC-42A3-9474-1A3956D46DE8}") = "DotNetAgents.Storage.TaskKnowledge.PostgreSQL", "DotNetAgents.Storage.TaskKnowledge.PostgreSQL", "{991AACB3-F4BC-63EA-87E8-E19EB60793A1}"
EndProject
Project("{FAE04EC0-301F-11D3-BF4B-00C04F79EFBC}") = "DotNetAgents.Storage.PostgreSQL", "src\DotNetAgents.Storage.TaskKnowledge.PostgreSQL\DotNetAgents.Storage.PostgreSQL.csproj", "{7E8C0112-09AA-4F4A-BA3B-C02B2851DAC5}"
EndProject
Project("{2150E333-8FDC-42A3-9474-1A3956D46DE8}") = "DotNetAgents.Storage.TaskKnowledge.SqlServer", "DotNetAgents.Storage.TaskKnowledge.SqlServer", "{6633DDA9-AD9B-7369-DBC9-13FC7829CC33}"
EndProject
Project("{FAE04EC0-301F-11D3-BF4B-00C04F79EFBC}") = "DotNetAgents.Storage.SqlServer", "src\DotNetAgents.Storage.TaskKnowledge.SqlServer\DotNetAgents.Storage.SqlServer.csproj", "{58A7CFBC-33F5-465B-B929-6DB9C1177D10}"
EndProject
Project("{FAE04EC0-301F-11D3-BF4B-00C04F79EFBC}") = "DotNetAgents.Ui.Avalonia", "src\DotNetAgents.Ui.Avalonia\DotNetAgents.Ui.Avalonia.csproj", "{A28AC76F-47D1-4B90-B5CC-F4DAF83F9FEA}"
EndProject
Project("{FAE04EC0-301F-11D3-BF4B-00C04F79EFBC}") = "DotNetAgents.Ui.Core", "src\DotNetAgents.Ui.Core\DotNetAgents.Ui.Core.csproj", "{CF107A27-72B9-463B-953E-AE3CA4B3F534}"
EndProject
Project("{FAE04EC0-301F-11D3-BF4B-00C04F79EFBC}") = "DotNetAgents.Ui.Blazor", "src\DotNetAgents.Ui.Blazor\DotNetAgents.Ui.Blazor.csproj", "{F044B57B-9C81-42A0-91F8-1D74AD3943B8}"
EndProject
Project("{FAE04EC0-301F-11D3-BF4B-00C04F79EFBC}") = "DotNetAgents.VectorStores.Chroma", "src\DotNetAgents.VectorStores.Chroma\DotNetAgents.VectorStores.Chroma.csproj", "{4D7BCD0A-5CCB-4A9A-9A2C-2C471B230361}"
EndProject
Project("{FAE04EC0-301F-11D3-BF4B-00C04F79EFBC}") = "DotNetAgents.VectorStores.Conformance", "src\DotNetAgents.VectorStores.Conformance\DotNetAgents.VectorStores.Conformance.csproj", "{005D618B-EE99-4D33-A3C2-82A10C7B7C9D}"
EndProject
Project("{FAE04EC0-301F-11D3-BF4B-00C04F79EFBC}") = "DotNetAgents.VectorStores.Pinecone", "src\DotNetAgents.VectorStores.Pinecone\DotNetAgents.VectorStores.Pinecone.csproj", "{23A89ABA-4551-49C2-BE02-8CC60411C58C}"
EndProject
Project("{FAE04EC0-301F-11D3-BF4B-00C04F79EFBC}") = "DotNetAgents.VectorStores.PostgreSQL", "src\DotNetAgents.VectorStores.PostgreSQL\DotNetAgents.VectorStores.PostgreSQL.csproj", "{D17F5F50-7F26-4CB8-B197-A78581419E70}"
EndProject
Project("{FAE04EC0-301F-11D3-BF4B-00C04F79EFBC}") = "DotNetAgents.VectorStores.Qdrant", "src\DotNetAgents.VectorStores.Qdrant\DotNetAgents.VectorStores.Qdrant.csproj", "{98514F04-BB7A-4E63-B354-AB80B3338092}"
EndProject
Project("{FAE04EC0-301F-11D3-BF4B-00C04F79EFBC}") = "DotNetAgents.VectorStores.Weaviate", "src\DotNetAgents.VectorStores.Weaviate\DotNetAgents.VectorStores.Weaviate.csproj", "{C755A93B-9389-480D-8537-BB10E91CEC4C}"
EndProject
Global
	GlobalSection(SolutionConfigurationPlatforms) = preSolution
		Debug|Any CPU = Debug|Any CPU
		Debug|x64 = Debug|x64
		Debug|x86 = Debug|x86
		Release|Any CPU = Release|Any CPU
		Release|x64 = Release|x64
		Release|x86 = Release|x86
	EndGlobalSection
	GlobalSection(ProjectConfigurationPlatforms) = postSolution
		{A9823749-380F-4BCB-B039-9EE54B85B5D8}.Debug|Any CPU.ActiveCfg = Debug|Any CPU
		{A9823749-380F-4BCB-B039-9EE54B85B5D8}.Debug|Any CPU.Build.0 = Debug|Any CPU
		{A9823749-380F-4BCB-B039-9EE54B85B5D8}.Debug|x64.ActiveCfg = Debug|Any CPU
		{A9823749-380F-4BCB-B039-9EE54B85B5D8}.Debug|x64.Build.0 = Debug|Any CPU
		{A9823749-380F-4BCB-B039-9EE54B85B5D8}.Debug|x86.ActiveCfg = Debug|Any CPU
		{A9823749-380F-4BCB-B039-9EE54B85B5D8}.Debug|x86.Build.0 = Debug|Any CPU
		{A9823749-380F-4BCB-B039-9EE54B85B5D8}.Release|Any CPU.ActiveCfg = Release|Any CPU
		{A9823749-380F-4BCB-B039-9EE54B85B5D8}.Release|Any CPU.Build.0 = Release|Any CPU
		{A9823749-380F-4BCB-B039-9EE54B85B5D8}.Release|x64.ActiveCfg = Release|Any CPU
		{A9823749-380F-4BCB-B039-9EE54B85B5D8}.Release|x64.Build.0 = Release|Any CPU
		{A9823749-380F-4BCB-B039-9EE54B85B5D8}.Release|x86.ActiveCfg = Release|Any CPU
		{A9823749-380F-4BCB-B039-9EE54B85B5D8}.Release|x86.Build.0 = Release|Any CPU
		{C1164A66-94B9-4641-ACF4-8535BD8FFD28}.Debug|Any CPU.ActiveCfg = Debug|Any CPU
		{C1164A66-94B9-4641-ACF4-8535BD8FFD28}.Debug|Any CPU.Build.0 = Debug|Any CPU
		{C1164A66-94B9-4641-ACF4-8535BD8FFD28}.Debug|x64.ActiveCfg = Debug|Any CPU
		{C1164A66-94B9-4641-ACF4-8535BD8FFD28}.Debug|x64.Build.0 = Debug|Any CPU
		{C1164A66-94B9-4641-ACF4-8535BD8FFD28}.Debug|x86.ActiveCfg = Debug|Any CPU
		{C1164A66-94B9-4641-ACF4-8535BD8FFD28}.Debug|x86.Build.0 = Debug|Any CPU
		{C1164A66-94B9-4641-ACF4-8535BD8FFD28}.Release|Any CPU.ActiveCfg = Release|Any CPU
		{C1164A66-94B9-4641-ACF4-8535BD8FFD28}.Release|Any CPU.Build.0 = Release|Any CPU
		{C1164A66-94B9-4641-ACF4-8535BD8FFD28}.Release|x64.ActiveCfg = Release|Any CPU
		{C1164A66-94B9-4641-ACF4-8535BD8FFD28}.Release|x64.Build.0 = Release|Any CPU
		{C1164A66-94B9-4641-ACF4-8535BD8FFD28}.Release|x86.ActiveCfg = Release|Any CPU
		{C1164A66-94B9-4641-ACF4-8535BD8FFD28}.Release|x86.Build.0 = Release|Any CPU
		{7286CC90-3B7E-48B6-820B-0A2C1440B5FE}.Debug|Any CPU.ActiveCfg = Debug|Any CPU
		{7286CC90-3B7E-48B6-820B-0A2C1440B5FE}.Debug|Any CPU.Build.0 = Debug|Any CPU
		{7286CC90-3B7E-48B6-820B-0A2C1440B5FE}.Debug|x64.ActiveCfg = Debug|Any CPU
		{7286CC90-3B7E-48B6-820B-0A2C1440B5FE}.Debug|x64.Build.0 = Debug|Any CPU
		{7286CC90-3B7E-48B6-820B-0A2C1440B5FE}.Debug|x86.ActiveCfg = Debug|Any CPU
		{7286CC90-3B7E-48B6-820B-0A2C1440B5FE}.Debug|x86.Build.0 = Debug|Any CPU
		{7286CC90-3B7E-48B6-820B-0A2C1440B5FE}.Release|Any CPU.ActiveCfg = Release|Any CPU
		{7286CC90-3B7E-48B6-820B-0A2C1440B5FE}.Release|Any CPU.Build.0 = Release|Any CPU
		{7286CC90-3B7E-48B6-820B-0A2C1440B5FE}.Release|x64.ActiveCfg = Release|Any CPU
		{7286CC90-3B7E-48B6-820B-0A2C1440B5FE}.Release|x64.Build.0 = Release|Any CPU
		{7286CC90-3B7E-48B6-820B-0A2C1440B5FE}.Release|x86.ActiveCfg = Release|Any CPU
		{7286CC90-3B7E-48B6-820B-0A2C1440B5FE}.Release|x86.Build.0 = Release|Any CPU
		{87BA799F-2220-4038-8478-5644C1CB0DA8}.Debug|Any CPU.ActiveCfg = Debug|Any CPU
		{87BA799F-2220-4038-8478-5644C1CB0DA8}.Debug|Any CPU.Build.0 = Debug|Any CPU
		{87BA799F-2220-4038-8478-5644C1CB0DA8}.Debug|x64.ActiveCfg = Debug|Any CPU
		{87BA799F-2220-4038-8478-5644C1CB0DA8}.Debug|x64.Build.0 = Debug|Any CPU
		{87BA799F-2220-4038-8478-5644C1CB0DA8}.Debug|x86.ActiveCfg = Debug|Any CPU
		{87BA799F-2220-4038-8478-5644C1CB0DA8}.Debug|x86.Build.0 = Debug|Any CPU
		{87BA799F-2220-4038-8478-5644C1CB0DA8}.Release|Any CPU.ActiveCfg = Release|Any CPU
		{87BA799F-2220-4038-8478-5644C1CB0DA8}.Release|Any CPU.Build.0 = Release|Any CPU
		{87BA799F-2220-4038-8478-5644C1CB0DA8}.Release|x64.ActiveCfg = Release|Any CPU
		{87BA799F-2220-4038-8478-5644C1CB0DA8}.Release|x64.Build.0 = Release|Any CPU
		{87BA799F-2220-4038-8478-5644C1CB0DA8}.Release|x86.ActiveCfg = Release|Any CPU
		{87BA799F-2220-4038-8478-5644C1CB0DA8}.Release|x86.Build.0 = Release|Any CPU
		{E80FA16C-4F34-451C-8903-821CD46D1755}.Debug|Any CPU.ActiveCfg = Debug|Any CPU
		{E80FA16C-4F34-451C-8903-821CD46D1755}.Debug|Any CPU.Build.0 = Debug|Any CPU
		{E80FA16C-4F34-451C-8903-821CD46D1755}.Debug|x64.ActiveCfg = Debug|Any CPU
		{E80FA16C-4F34-451C-8903-821CD46D1755}.Debug|x64.Build.0 = Debug|Any CPU
		{E80FA16C-4F34-451C-8903-821CD46D1755}.Debug|x86.ActiveCfg = Debug|Any CPU
		{E80FA16C-4F34-451C-8903-821CD46D1755}.Debug|x86.Build.0 = Debug|Any CPU
		{E80FA16C-4F34-451C-8903-821CD46D1755}.Release|Any CPU.ActiveCfg = Release|Any CPU
		{E80FA16C-4F34-451C-8903-821CD46D1755}.Release|Any CPU.Build.0 = Release|Any CPU
		{E80FA16C-4F34-451C-8903-821CD46D1755}.Release|x64.ActiveCfg = Release|Any CPU
		{E80FA16C-4F34-451C-8903-821CD46D1755}.Release|x64.Build.0 = Release|Any CPU
		{E80FA16C-4F34-451C-8903-821CD46D1755}.Release|x86.ActiveCfg = Release|Any CPU
		{E80FA16C-4F34-451C-8903-821CD46D1755}.Release|x86.Build.0 = Release|Any CPU
		{865DB971-2E31-425E-94EC-B6B7FB0EC7CB}.Debug|Any CPU.ActiveCfg = Debug|Any CPU
		{865DB971-2E31-425E-94EC-B6B7FB0EC7CB}.Debug|Any CPU.Build.0 = Debug|Any CPU
		{865DB971-2E31-425E-94EC-B6B7FB0EC7CB}.Debug|x64.ActiveCfg = Debug|Any CPU
		{865DB971-2E31-425E-94EC-B6B7FB0EC7CB}.Debug|x64.Build.0 = Debug|Any CPU
		{865DB971-2E31-425E-94EC-B6B7FB0EC7CB}.Debug|x86.ActiveCfg = Debug|Any CPU
		{865DB971-2E31-425E-94EC-B6B7FB0EC7CB}.Debug|x86.Build.0 = Debug|Any CPU
		{865DB971-2E31-425E-94EC-B6B7FB0EC7CB}.Release|Any CPU.ActiveCfg = Release|Any CPU
		{865DB971-2E31-425E-94EC-B6B7FB0EC7CB}.Release|Any CPU.Build.0 = Release|Any CPU
		{865DB971-2E31-425E-94EC-B6B7FB0EC7CB}.Release|x64.ActiveCfg = Release|Any CPU
		{865DB971-2E31-425E-94EC-B6B7FB0EC7CB}.Release|x64.Build.0 = Release|Any CPU
		{865DB971-2E31-425E-94EC-B6B7FB0EC7CB}.Release|x86.ActiveCfg = Release|Any CPU
		{865DB971-2E31-425E-94EC-B6B7FB0EC7CB}.Release|x86.Build.0 = Release|Any CPU
		{50A0E1E0-88DB-491A-883F-76A4559F16A2}.Debug|Any CPU.ActiveCfg = Debug|Any CPU
		{50A0E1E0-88DB-491A-883F-76A4559F16A2}.Debug|Any CPU.Build.0 = Debug|Any CPU
		{50A0E1E0-88DB-491A-883F-76A4559F16A2}.Debug|x64.ActiveCfg = Debug|Any CPU
		{50A0E1E0-88DB-491A-883F-76A4559F16A2}.Debug|x64.Build.0 = Debug|Any CPU
		{50A0E1E0-88DB-491A-883F-76A4559F16A2}.Debug|x86.ActiveCfg = Debug|Any CPU
		{50A0E1E0-88DB-491A-883F-76A4559F16A2}.Debug|x86.Build.0 = Debug|Any CPU
		{50A0E1E0-88DB-491A-883F-76A4559F16A2}.Release|Any CPU.ActiveCfg = Release|Any CPU
		{50A0E1E0-88DB-491A-883F-76A4559F16A2}.Release|Any CPU.Build.0 = Release|Any CPU
		{50A0E1E0-88DB-491A-883F-76A4559F16A2}.Release|x64.ActiveCfg = Release|Any CPU
		{50A0E1E0-88DB-491A-883F-76A4559F16A2}.Release|x64.Build.0 = Release|Any CPU
		{50A0E1E0-88DB-491A-883F-76A4559F16A2}.Release|x86.ActiveCfg = Release|Any CPU
		{50A0E1E0-88DB-491A-883F-76A4559F16A2}.Release|x86.Build.0 = Release|Any CPU
		{F998724F-94CC-431C-A7A7-F640DB2D8B57}.Debug|Any CPU.ActiveCfg = Debug|Any CPU
		{F998724F-94CC-431C-A7A7-F640DB2D8B57}.Debug|Any CPU.Build.0 = Debug|Any CPU
		{F998724F-94CC-431C-A7A7-F640DB2D8B57}.Debug|x64.ActiveCfg = Debug|Any CPU
		{F998724F-94CC-431C-A7A7-F640DB2D8B57}.Debug|x64.Build.0 = Debug|Any CPU
		{F998724F-94CC-431C-A7A7-F640DB2D8B57}.Debug|x86.ActiveCfg = Debug|Any CPU
		{F998724F-94CC-431C-A7A7-F640DB2D8B57}.Debug|x86.Build.0 = Debug|Any CPU
		{F998724F-94CC-431C-A7A7-F640DB2D8B57}.Release|Any CPU.ActiveCfg = Release|Any CPU
		{F998724F-94CC-431C-A7A7-F640DB2D8B57}.Release|Any CPU.Build.0 = Release|Any CPU
		{F998724F-94CC-431C-A7A7-F640DB2D8B57}.Release|x64.ActiveCfg = Release|Any CPU
		{F998724F-94CC-431C-A7A7-F640DB2D8B57}.Release|x64.Build.0 = Release|Any CPU
		{F998724F-94CC-431C-A7A7-F640DB2D8B57}.Release|x86.ActiveCfg = Release|Any CPU
		{F998724F-94CC-431C-A7A7-F640DB2D8B57}.Release|x86.Build.0 = Release|Any CPU
		{ABAF7BAE-C728-4D2D-8C93-80A0A48E3263}.Debug|Any CPU.ActiveCfg = Debug|Any CPU
		{ABAF7BAE-C728-4D2D-8C93-80A0A48E3263}.Debug|Any CPU.Build.0 = Debug|Any CPU
		{ABAF7BAE-C728-4D2D-8C93-80A0A48E3263}.Debug|x64.ActiveCfg = Debug|Any CPU
		{ABAF7BAE-C728-4D2D-8C93-80A0A48E3263}.Debug|x64.Build.0 = Debug|Any CPU
		{ABAF7BAE-C728-4D2D-8C93-80A0A48E3263}.Debug|x86.ActiveCfg = Debug|Any CPU
		{ABAF7BAE-C728-4D2D-8C93-80A0A48E3263}.Debug|x86.Build.0 = Debug|Any CPU
		{ABAF7BAE-C728-4D2D-8C93-80A0A48E3263}.Release|Any CPU.ActiveCfg = Release|Any CPU
		{ABAF7BAE-C728-4D2D-8C93-80A0A48E3263}.Release|Any CPU.Build.0 = Release|Any CPU
		{ABAF7BAE-C728-4D2D-8C93-80A0A48E3263}.Release|x64.ActiveCfg = Release|Any CPU
		{ABAF7BAE-C728-4D2D-8C93-80A0A48E3263}.Release|x64.Build.0 = Release|Any CPU
		{ABAF7BAE-C728-4D2D-8C93-80A0A48E3263}.Release|x86.ActiveCfg = Release|Any CPU
		{ABAF7BAE-C728-4D2D-8C93-80A0A48E3263}.Release|x86.Build.0 = Release|Any CPU
		{0C37BC6B-E312-4DB0-A6AA-9BD321915B16}.Debug|Any CPU.ActiveCfg = Debug|Any CPU
		{0C37BC6B-E312-4DB0-A6AA-9BD321915B16}.Debug|Any CPU.Build.0 = Debug|Any CPU
		{0C37BC6B-E312-4DB0-A6AA-9BD321915B16}.Debug|x64.ActiveCfg = Debug|Any CPU
		{0C37BC6B-E312-4DB0-A6AA-9BD321915B16}.Debug|x64.Build.0 = Debug|Any CPU
		{0C37BC6B-E312-4DB0-A6AA-9BD321915B16}.Debug|x86.ActiveCfg = Debug|Any CPU
		{0C37BC6B-E312-4DB0-A6AA-9BD321915B16}.Debug|x86.Build.0 = Debug|Any CPU
		{0C37BC6B-E312-4DB0-A6AA-9BD321915B16}.Release|Any CPU.ActiveCfg = Release|Any CPU
		{0C37BC6B-E312-4DB0-A6AA-9BD321915B16}.Release|Any CPU.Build.0 = Release|Any CPU
		{0C37BC6B-E312-4DB0-A6AA-9BD321915B16}.Release|x64.ActiveCfg = Release|Any CPU
		{0C37BC6B-E312-4DB0-A6AA-9BD321915B16}.Release|x64.Build.0 = Release|Any CPU
		{0C37BC6B-E312-4DB0-A6AA-9BD321915B16}.Release|x86.ActiveCfg = Release|Any CPU
		{0C37BC6B-E312-4DB0-A6AA-9BD321915B16}.Release|x86.Build.0 = Release|Any CPU
		{7C9D0282-6B2E-44B8-BA8E-E2C28B5B8066}.Debug|Any CPU.ActiveCfg = Debug|Any CPU
		{7C9D0282-6B2E-44B8-BA8E-E2C28B5B8066}.Debug|Any CPU.Build.0 = Debug|Any CPU
		{7C9D0282-6B2E-44B8-BA8E-E2C28B5B8066}.Debug|x64.ActiveCfg = Debug|Any CPU
		{7C9D0282-6B2E-44B8-BA8E-E2C28B5B8066}.Debug|x64.Build.0 = Debug|Any CPU
		{7C9D0282-6B2E-44B8-BA8E-E2C28B5B8066}.Debug|x86.ActiveCfg = Debug|Any CPU
		{7C9D0282-6B2E-44B8-BA8E-E2C28B5B8066}.Debug|x86.Build.0 = Debug|Any CPU
		{7C9D0282-6B2E-44B8-BA8E-E2C28B5B8066}.Release|Any CPU.ActiveCfg = Release|Any CPU
		{7C9D0282-6B2E-44B8-BA8E-E2C28B5B8066}.Release|Any CPU.Build.0 = Release|Any CPU
		{7C9D0282-6B2E-44B8-BA8E-E2C28B5B8066}.Release|x64.ActiveCfg = Release|Any CPU
		{7C9D0282-6B2E-44B8-BA8E-E2C28B5B8066}.Release|x64.Build.0 = Release|Any CPU
		{7C9D0282-6B2E-44B8-BA8E-E2C28B5B8066}.Release|x86.ActiveCfg = Release|Any CPU
		{7C9D0282-6B2E-44B8-BA8E-E2C28B5B8066}.Release|x86.Build.0 = Release|Any CPU
		{20F27A26-5396-408F-AC79-5D8476C6160B}.Debug|Any CPU.ActiveCfg = Debug|Any CPU
		{20F27A26-5396-408F-AC79-5D8476C6160B}.Debug|Any CPU.Build.0 = Debug|Any CPU
		{20F27A26-5396-408F-AC79-5D8476C6160B}.Debug|x64.ActiveCfg = Debug|Any CPU
		{20F27A26-5396-408F-AC79-5D8476C6160B}.Debug|x64.Build.0 = Debug|Any CPU
		{20F27A26-5396-408F-AC79-5D8476C6160B}.Debug|x86.ActiveCfg = Debug|Any CPU
		{20F27A26-5396-408F-AC79-5D8476C6160B}.Debug|x86.Build.0 = Debug|Any CPU
		{20F27A26-5396-408F-AC79-5D8476C6160B}.Release|Any CPU.ActiveCfg = Release|Any CPU
		{20F27A26-5396-408F-AC79-5D8476C6160B}.Release|Any CPU.Build.0 = Release|Any CPU
		{20F27A26-5396-408F-AC79-5D8476C6160B}.Release|x64.ActiveCfg = Release|Any CPU
		{20F27A26-5396-408F-AC79-5D8476C6160B}.Release|x64.Build.0 = Release|Any CPU
		{20F27A26-5396-408F-AC79-5D8476C6160B}.Release|x86.ActiveCfg = Release|Any CPU
		{20F27A26-5396-408F-AC79-5D8476C6160B}.Release|x86.Build.0 = Release|Any CPU
		{B901DBC2-A663-4450-ACD0-D0D1482D3438}.Debug|Any CPU.ActiveCfg = Debug|Any CPU
		{B901DBC2-A663-4450-ACD0-D0D1482D3438}.Debug|Any CPU.Build.0 = Debug|Any CPU
		{B901DBC2-A663-4450-ACD0-D0D1482D3438}.Debug|x64.ActiveCfg = Debug|Any CPU
		{B901DBC2-A663-4450-ACD0-D0D1482D3438}.Debug|x64.Build.0 = Debug|Any CPU
		{B901DBC2-A663-4450-ACD0-D0D1482D3438}.Debug|x86.ActiveCfg = Debug|Any CPU
		{B901DBC2-A663-4450-ACD0-D0D1482D3438}.Debug|x86.Build.0 = Debug|Any CPU
		{B901DBC2-A663-4450-ACD0-D0D1482D3438}.Release|Any CPU.ActiveCfg = Release|Any CPU
		{B901DBC2-A663-4450-ACD0-D0D1482D3438}.Release|Any CPU.Build.0 = Release|Any CPU
		{B901DBC2-A663-4450-ACD0-D0D1482D3438}.Release|x64.ActiveCfg = Release|Any CPU
		{B901DBC2-A663-4450-ACD0-D0D1482D3438}.Release|x64.Build.0 = Release|Any CPU
		{B901DBC2-A663-4450-ACD0-D0D1482D3438}.Release|x86.ActiveCfg = Release|Any CPU
		{B901DBC2-A663-4450-ACD0-D0D1482D3438}.Release|x86.Build.0 = Release|Any CPU
		{EF820BB3-4356-4F58-B75C-2E90E30C90EB}.Debug|Any CPU.ActiveCfg = Debug|Any CPU
		{EF820BB3-4356-4F58-B75C-2E90E30C90EB}.Debug|Any CPU.Build.0 = Debug|Any CPU
		{EF820BB3-4356-4F58-B75C-2E90E30C90EB}.Debug|x64.ActiveCfg = Debug|Any CPU
		{EF820BB3-4356-4F58-B75C-2E90E30C90EB}.Debug|x64.Build.0 = Debug|Any CPU
		{EF820BB3-4356-4F58-B75C-2E90E30C90EB}.Debug|x86.ActiveCfg = Debug|Any CPU
		{EF820BB3-4356-4F58-B75C-2E90E30C90EB}.Debug|x86.Build.0 = Debug|Any CPU
		{EF820BB3-4356-4F58-B75C-2E90E30C90EB}.Release|Any CPU.ActiveCfg = Release|Any CPU
		{EF820BB3-4356-4F58-B75C-2E90E30C90EB}.Release|Any CPU.Build.0 = Release|Any CPU
		{EF820BB3-4356-4F58-B75C-2E90E30C90EB}.Release|x64.ActiveCfg = Release|Any CPU
		{EF820BB3-4356-4F58-B75C-2E90E30C90EB}.Release|x64.Build.0 = Release|Any CPU
		{EF820BB3-4356-4F58-B75C-2E90E30C90EB}.Release|x86.ActiveCfg = Release|Any CPU
		{EF820BB3-4356-4F58-B75C-2E90E30C90EB}.Release|x86.Build.0 = Release|Any CPU
		{10A502D2-D09C-4A9C-9F52-B93DDE3BDC04}.Debug|Any CPU.ActiveCfg = Debug|Any CPU
		{10A502D2-D09C-4A9C-9F52-B93DDE3BDC04}.Debug|Any CPU.Build.0 = Debug|Any CPU
		{10A502D2-D09C-4A9C-9F52-B93DDE3BDC04}.Debug|x64.ActiveCfg = Debug|Any CPU
		{10A502D2-D09C-4A9C-9F52-B93DDE3BDC04}.Debug|x64.Build.0 = Debug|Any CPU
		{10A502D2-D09C-4A9C-9F52-B93DDE3BDC04}.Debug|x86.ActiveCfg = Debug|Any CPU
		{10A502D2-D09C-4A9C-9F52-B93DDE3BDC04}.Debug|x86.Build.0 = Debug|Any CPU
		{10A502D2-D09C-4A9C-9F52-B93DDE3BDC04}.Release|Any CPU.ActiveCfg = Release|Any CPU
		{10A502D2-D09C-4A9C-9F52-B93DDE3BDC04}.Release|Any CPU.Build.0 = Release|Any CPU
		{10A502D2-D09C-4A9C-9F52-B93DDE3BDC04}.Release|x64.ActiveCfg = Release|Any CPU
		{10A502D2-D09C-4A9C-9F52-B93DDE3BDC04}.Release|x64.Build.0 = Release|Any CPU
		{10A502D2-D09C-4A9C-9F52-B93DDE3BDC04}.Release|x86.ActiveCfg = Release|Any CPU
		{10A502D2-D09C-4A9C-9F52-B93DDE3BDC04}.Release|x86.Build.0 = Release|Any CPU
		{B111CF8E-D9A7-4BEA-ADFA-081D9238B4ED}.Debug|Any CPU.ActiveCfg = Debug|Any CPU
		{B111CF8E-D9A7-4BEA-ADFA-081D9238B4ED}.Debug|Any CPU.Build.0 = Debug|Any CPU
		{B111CF8E-D9A7-4BEA-ADFA-081D9238B4ED}.Debug|x64.ActiveCfg = Debug|Any CPU
		{B111CF8E-D9A7-4BEA-ADFA-081D9238B4ED}.Debug|x64.Build.0 = Debug|Any CPU
		{B111CF8E-D9A7-4BEA-ADFA-081D9238B4ED}.Debug|x86.ActiveCfg = Debug|Any CPU
		{B111CF8E-D9A7-4BEA-ADFA-081D9238B4ED}.Debug|x86.Build.0 = Debug|Any CPU
		{B111CF8E-D9A7-4BEA-ADFA-081D9238B4ED}.Release|Any CPU.ActiveCfg = Release|Any CPU
		{B111CF8E-D9A7-4BEA-ADFA-081D9238B4ED}.Release|Any CPU.Build.0 = Release|Any CPU
		{B111CF8E-D9A7-4BEA-ADFA-081D9238B4ED}.Release|x64.ActiveCfg = Release|Any CPU
		{B111CF8E-D9A7-4BEA-ADFA-081D9238B4ED}.Release|x64.Build.0 = Release|Any CPU
		{B111CF8E-D9A7-4BEA-ADFA-081D9238B4ED}.Release|x86.ActiveCfg = Release|Any CPU
		{B111CF8E-D9A7-4BEA-ADFA-081D9238B4ED}.Release|x86.Build.0 = Release|Any CPU
		{FB7D7C96-8C81-4EAA-9802-523537CB57B6}.Debug|Any CPU.ActiveCfg = Debug|Any CPU
		{FB7D7C96-8C81-4EAA-9802-523537CB57B6}.Debug|Any CPU.Build.0 = Debug|Any CPU
		{FB7D7C96-8C81-4EAA-9802-523537CB57B6}.Debug|x64.ActiveCfg = Debug|Any CPU
		{FB7D7C96-8C81-4EAA-9802-523537CB57B6}.Debug|x64.Build.0 = Debug|Any CPU
		{FB7D7C96-8C81-4EAA-9802-523537CB57B6}.Debug|x86.ActiveCfg = Debug|Any CPU
		{FB7D7C96-8C81-4EAA-9802-523537CB57B6}.Debug|x86.Build.0 = Debug|Any CPU
		{FB7D7C96-8C81-4EAA-9802-523537CB57B6}.Release|Any CPU.ActiveCfg = Release|Any CPU
		{FB7D7C96-8C81-4EAA-9802-523537CB57B6}.Release|Any CPU.Build.0 = Release|Any CPU
		{FB7D7C96-8C81-4EAA-9802-523537CB57B6}.Release|x64.ActiveCfg = Release|Any CPU
		{FB7D7C96-8C81-4EAA-9802-523537CB57B6}.Release|x64.Build.0 = Release|Any CPU
		{FB7D7C96-8C81-4EAA-9802-523537CB57B6}.Release|x86.ActiveCfg = Release|Any CPU
		{FB7D7C96-8C81-4EAA-9802-523537CB57B6}.Release|x86.Build.0 = Release|Any CPU
		{B082CDAB-0784-484C-B188-6014F09EFC29}.Debug|Any CPU.ActiveCfg = Debug|Any CPU
		{B082CDAB-0784-484C-B188-6014F09EFC29}.Debug|Any CPU.Build.0 = Debug|Any CPU
		{B082CDAB-0784-484C-B188-6014F09EFC29}.Debug|x64.ActiveCfg = Debug|Any CPU
		{B082CDAB-0784-484C-B188-6014F09EFC29}.Debug|x64.Build.0 = Debug|Any CPU
		{B082CDAB-0784-484C-B188-6014F09EFC29}.Debug|x86.ActiveCfg = Debug|Any CPU
		{B082CDAB-0784-484C-B188-6014F09EFC29}.Debug|x86.Build.0 = Debug|Any CPU
		{B082CDAB-0784-484C-B188-6014F09EFC29}.Release|Any CPU.ActiveCfg = Release|Any CPU
		{B082CDAB-0784-484C-B188-6014F09EFC29}.Release|Any CPU.Build.0 = Release|Any CPU
		{B082CDAB-0784-484C-B188-6014F09EFC29}.Release|x64.ActiveCfg = Release|Any CPU
		{B082CDAB-0784-484C-B188-6014F09EFC29}.Release|x64.Build.0 = Release|Any CPU
		{B082CDAB-0784-484C-B188-6014F09EFC29}.Release|x86.ActiveCfg = Release|Any CPU
		{B082CDAB-0784-484C-B188-6014F09EFC29}.Release|x86.Build.0 = Release|Any CPU
		{F28CC0A4-5E67-4632-B093-7A1E5477B3F3}.Debug|Any CPU.ActiveCfg = Debug|Any CPU
		{F28CC0A4-5E67-4632-B093-7A1E5477B3F3}.Debug|Any CPU.Build.0 = Debug|Any CPU
		{F28CC0A4-5E67-4632-B093-7A1E5477B3F3}.Debug|x64.ActiveCfg = Debug|Any CPU
		{F28CC0A4-5E67-4632-B093-7A1E5477B3F3}.Debug|x64.Build.0 = Debug|Any CPU
		{F28CC0A4-5E67-4632-B093-7A1E5477B3F3}.Debug|x86.ActiveCfg = Debug|Any CPU
		{F28CC0A4-5E67-4632-B093-7A1E5477B3F3}.Debug|x86.Build.0 = Debug|Any CPU
		{F28CC0A4-5E67-4632-B093-7A1E5477B3F3}.Release|Any CPU.ActiveCfg = Release|Any CPU
		{F28CC0A4-5E67-4632-B093-7A1E5477B3F3}.Release|Any CPU.Build.0 = Release|Any CPU
		{F28CC0A4-5E67-4632-B093-7A1E5477B3F3}.Release|x64.ActiveCfg = Release|Any CPU
		{F28CC0A4-5E67-4632-B093-7A1E5477B3F3}.Release|x64.Build.0 = Release|Any CPU
		{F28CC0A4-5E67-4632-B093-7A1E5477B3F3}.Release|x86.ActiveCfg = Release|Any CPU
		{F28CC0A4-5E67-4632-B093-7A1E5477B3F3}.Release|x86.Build.0 = Release|Any CPU
		{FC1B1AA7-4C62-4F29-BEEE-AC11A7893BCA}.Debug|Any CPU.ActiveCfg = Debug|Any CPU
		{FC1B1AA7-4C62-4F29-BEEE-AC11A7893BCA}.Debug|Any CPU.Build.0 = Debug|Any CPU
		{FC1B1AA7-4C62-4F29-BEEE-AC11A7893BCA}.Debug|x64.ActiveCfg = Debug|Any CPU
		{FC1B1AA7-4C62-4F29-BEEE-AC11A7893BCA}.Debug|x64.Build.0 = Debug|Any CPU
		{FC1B1AA7-4C62-4F29-BEEE-AC11A7893BCA}.Debug|x86.ActiveCfg = Debug|Any CPU
		{FC1B1AA7-4C62-4F29-BEEE-AC11A7893BCA}.Debug|x86.Build.0 = Debug|Any CPU
		{FC1B1AA7-4C62-4F29-BEEE-AC11A7893BCA}.Release|Any CPU.ActiveCfg = Release|Any CPU
		{FC1B1AA7-4C62-4F29-BEEE-AC11A7893BCA}.Release|Any CPU.Build.0 = Release|Any CPU
		{FC1B1AA7-4C62-4F29-BEEE-AC11A7893BCA}.Release|x64.ActiveCfg = Release|Any CPU
		{FC1B1AA7-4C62-4F29-BEEE-AC11A7893BCA}.Release|x64.Build.0 = Release|Any CPU
		{FC1B1AA7-4C62-4F29-BEEE-AC11A7893BCA}.Release|x86.ActiveCfg = Release|Any CPU
		{FC1B1AA7-4C62-4F29-BEEE-AC11A7893BCA}.Release|x86.Build.0 = Release|Any CPU
		{A5BAA207-D1D0-4BE0-88AC-DA32663A63AF}.Debug|Any CPU.ActiveCfg = Debug|Any CPU
		{A5BAA207-D1D0-4BE0-88AC-DA32663A63AF}.Debug|Any CPU.Build.0 = Debug|Any CPU
		{A5BAA207-D1D0-4BE0-88AC-DA32663A63AF}.Debug|x64.ActiveCfg = Debug|Any CPU
		{A5BAA207-D1D0-4BE0-88AC-DA32663A63AF}.Debug|x64.Build.0 = Debug|Any CPU
		{A5BAA207-D1D0-4BE0-88AC-DA32663A63AF}.Debug|x86.ActiveCfg = Debug|Any CPU
		{A5BAA207-D1D0-4BE0-88AC-DA32663A63AF}.Debug|x86.Build.0 = Debug|Any CPU
		{A5BAA207-D1D0-4BE0-88AC-DA32663A63AF}.Release|Any CPU.ActiveCfg = Release|Any CPU
		{A5BAA207-D1D0-4BE0-88AC-DA32663A63AF}.Release|Any CPU.Build.0 = Release|Any CPU
		{A5BAA207-D1D0-4BE0-88AC-DA32663A63AF}.Release|x64.ActiveCfg = Release|Any CPU
		{A5BAA207-D1D0-4BE0-88AC-DA32663A63AF}.Release|x64.Build.0 = Release|Any CPU
		{A5BAA207-D1D0-4BE0-88AC-DA32663A63AF}.Release|x86.ActiveCfg = Release|Any CPU
		{A5BAA207-D1D0-4BE0-88AC-DA32663A63AF}.Release|x86.Build.0 = Release|Any CPU
		{2382B6EA-00F8-4D78-A04C-B470B9F18698}.Debug|Any CPU.ActiveCfg = Debug|Any CPU
		{2382B6EA-00F8-4D78-A04C-B470B9F18698}.Debug|Any CPU.Build.0 = Debug|Any CPU
		{2382B6EA-00F8-4D78-A04C-B470B9F18698}.Debug|x64.ActiveCfg = Debug|Any CPU
		{2382B6EA-00F8-4D78-A04C-B470B9F18698}.Debug|x64.Build.0 = Debug|Any CPU
		{2382B6EA-00F8-4D78-A04C-B470B9F18698}.Debug|x86.ActiveCfg = Debug|Any CPU
		{2382B6EA-00F8-4D78-A04C-B470B9F18698}.Debug|x86.Build.0 = Debug|Any CPU
		{2382B6EA-00F8-4D78-A04C-B470B9F18698}.Release|Any CPU.ActiveCfg = Release|Any CPU
		{2382B6EA-00F8-4D78-A04C-B470B9F18698}.Release|Any CPU.Build.0 = Release|Any CPU
		{2382B6EA-00F8-4D78-A04C-B470B9F18698}.Release|x64.ActiveCfg = Release|Any CPU
		{2382B6EA-00F8-4D78-A04C-B470B9F18698}.Release|x64.Build.0 = Release|Any CPU
		{2382B6EA-00F8-4D78-A04C-B470B9F18698}.Release|x86.ActiveCfg = Release|Any CPU
		{2382B6EA-00F8-4D78-A04C-B470B9F18698}.Release|x86.Build.0 = Release|Any CPU
		{CA53F1FA-D25C-4F0D-B472-25BCEF1A2CA2}.Debug|Any CPU.ActiveCfg = Debug|Any CPU
		{CA53F1FA-D25C-4F0D-B472-25BCEF1A2CA2}.Debug|Any CPU.Build.0 = Debug|Any CPU
		{CA53F1FA-D25C-4F0D-B472-25BCEF1A2CA2}.Debug|x64.ActiveCfg = Debug|Any CPU
		{CA53F1FA-D25C-4F0D-B472-25BCEF1A2CA2}.Debug|x64.Build.0 = Debug|Any CPU
		{CA53F1FA-D25C-4F0D-B472-25BCEF1A2CA2}.Debug|x86.ActiveCfg = Debug|Any CPU
		{CA53F1FA-D25C-4F0D-B472-25BCEF1A2CA2}.Debug|x86.Build.0 = Debug|Any CPU
		{CA53F1FA-D25C-4F0D-B472-25BCEF1A2CA2}.Release|Any CPU.ActiveCfg = Release|Any CPU
		{CA53F1FA-D25C-4F0D-B472-25BCEF1A2CA2}.Release|Any CPU.Build.0 = Release|Any CPU
		{CA53F1FA-D25C-4F0D-B472-25BCEF1A2CA2}.Release|x64.ActiveCfg = Release|Any CPU
		{CA53F1FA-D25C-4F0D-B472-25BCEF1A2CA2}.Release|x64.Build.0 = Release|Any CPU
		{CA53F1FA-D25C-4F0D-B472-25BCEF1A2CA2}.Release|x86.ActiveCfg = Release|Any CPU
		{CA53F1FA-D25C-4F0D-B472-25BCEF1A2CA2}.Release|x86.Build.0 = Release|Any CPU
		{2F89172E-62FF-49A8-B300-68E6D4DA6CD5}.Debug|Any CPU.ActiveCfg = Debug|Any CPU
		{2F89172E-62FF-49A8-B300-68E6D4DA6CD5}.Debug|Any CPU.Build.0 = Debug|Any CPU
		{2F89172E-62FF-49A8-B300-68E6D4DA6CD5}.Debug|x64.ActiveCfg = Debug|Any CPU
		{2F89172E-62FF-49A8-B300-68E6D4DA6CD5}.Debug|x64.Build.0 = Debug|Any CPU
		{2F89172E-62FF-49A8-B300-68E6D4DA6CD5}.Debug|x86.ActiveCfg = Debug|Any CPU
		{2F89172E-62FF-49A8-B300-68E6D4DA6CD5}.Debug|x86.Build.0 = Debug|Any CPU
		{2F89172E-62FF-49A8-B300-68E6D4DA6CD5}.Release|Any CPU.ActiveCfg = Release|Any CPU
		{2F89172E-62FF-49A8-B300-68E6D4DA6CD5}.Release|Any CPU.Build.0 = Release|Any CPU
		{2F89172E-62FF-49A8-B300-68E6D4DA6CD5}.Release|x64.ActiveCfg = Release|Any CPU
		{2F89172E-62FF-49A8-B300-68E6D4DA6CD5}.Release|x64.Build.0 = Release|Any CPU
		{2F89172E-62FF-49A8-B300-68E6D4DA6CD5}.Release|x86.ActiveCfg = Release|Any CPU
		{2F89172E-62FF-49A8-B300-68E6D4DA6CD5}.Release|x86.Build.0 = Release|Any CPU
		{7E8C0112-09AA-4F4A-BA3B-C02B2851DAC5}.Debug|Any CPU.ActiveCfg = Debug|Any CPU
		{7E8C0112-09AA-4F4A-BA3B-C02B2851DAC5}.Debug|Any CPU.Build.0 = Debug|Any CPU
		{7E8C0112-09AA-4F4A-BA3B-C02B2851DAC5}.Debug|x64.ActiveCfg = Debug|Any CPU
		{7E8C0112-09AA-4F4A-BA3B-C02B2851DAC5}.Debug|x64.Build.0 = Debug|Any CPU
		{7E8C0112-09AA-4F4A-BA3B-C02B2851DAC5}.Debug|x86.ActiveCfg = Debug|Any CPU
		{7E8C0112-09AA-4F4A-BA3B-C02B2851DAC5}.Debug|x86.Build.0 = Debug|Any CPU
		{7E8C0112-09AA-4F4A-BA3B-C02B2851DAC5}.Release|Any CPU.ActiveCfg = Release|Any CPU
		{7E8C0112-09AA-4F4A-BA3B-C02B2851DAC5}.Release|Any CPU.Build.0 = Release|Any CPU
		{7E8C0112-09AA-4F4A-BA3B-C02B2851DAC5}.Release|x64.ActiveCfg = Release|Any CPU
		{7E8C0112-09AA-4F4A-BA3B-C02B2851DAC5}.Release|x64.Build.0 = Release|Any CPU
		{7E8C0112-09AA-4F4A-BA3B-C02B2851DAC5}.Release|x86.ActiveCfg = Release|Any CPU
		{7E8C0112-09AA-4F4A-BA3B-C02B2851DAC5}.Release|x86.Build.0 = Release|Any CPU
		{58A7CFBC-33F5-465B-B929-6DB9C1177D10}.Debug|Any CPU.ActiveCfg = Debug|Any CPU
		{58A7CFBC-33F5-465B-B929-6DB9C1177D10}.Debug|Any CPU.Build.0 = Debug|Any CPU
		{58A7CFBC-33F5-465B-B929-6DB9C1177D10}.Debug|x64.ActiveCfg = Debug|Any CPU
		{58A7CFBC-33F5-465B-B929-6DB9C1177D10}.Debug|x64.Build.0 = Debug|Any CPU
		{58A7CFBC-33F5-465B-B929-6DB9C1177D10}.Debug|x86.ActiveCfg = Debug|Any CPU
		{58A7CFBC-33F5-465B-B929-6DB9C1177D10}.Debug|x86.Build.0 = Debug|Any CPU
		{58A7CFBC-33F5-465B-B929-6DB9C1177D10}.Release|Any CPU.ActiveCfg = Release|Any CPU
		{58A7CFBC-33F5-465B-B929-6DB9C1177D10}.Release|Any CPU.Build.0 = Release|Any CPU
		{58A7CFBC-33F5-465B-B929-6DB9C1177D10}.Release|x64.ActiveCfg = Release|Any CPU
		{58A7CFBC-33F5-465B-B929-6DB9C1177D10}.Release|x64.Build.0 = Release|Any CPU
		{58A7CFBC-33F5-465B-B929-6DB9C1177D10}.Release|x86.ActiveCfg = Release|Any CPU
		{58A7CFBC-33F5-465B-B929-6DB9C1177D10}.Release|x86.Build.0 = Release|Any CPU
		{A28AC76F-47D1-4B90-B5CC-F4DAF83F9FEA}.Debug|Any CPU.ActiveCfg = Debug|Any CPU
		{A28AC76F-47D1-4B90-B5CC-F4DAF83F9FEA}.Debug|Any CPU.Build.0 = Debug|Any CPU
		{A28AC76F-47D1-4B90-B5CC-F4DAF83F9FEA}.Debug|x64.ActiveCfg = Debug|Any CPU
		{A28AC76F-47D1-4B90-B5CC-F4DAF83F9FEA}.Debug|x64.Build.0 = Debug|Any CPU
		{A28AC76F-47D1-4B90-B5CC-F4DAF83F9FEA}.Debug|x86.ActiveCfg = Debug|Any CPU
		{A28AC76F-47D1-4B90-B5CC-F4DAF83F9FEA}.Debug|x86.Build.0 = Debug|Any CPU
		{A28AC76F-47D1-4B90-B5CC-F4DAF83F9FEA}.Release|Any CPU.ActiveCfg = Release|Any CPU
		{A28AC76F-47D1-4B90-B5CC-F4DAF83F9FEA}.Release|Any CPU.Build.0 = Release|Any CPU
		{A28AC76F-47D1-4B90-B5CC-F4DAF83F9FEA}.Release|x64.ActiveCfg = Release|Any CPU
		{A28AC76F-47D1-4B90-B5CC-F4DAF83F9FEA}.Release|x64.Build.0 = Release|Any CPU
		{A28AC76F-47D1-4B90-B5CC-F4DAF83F9FEA}.Release|x86.ActiveCfg = Release|Any CPU
		{A28AC76F-47D1-4B90-B5CC-F4DAF83F9FEA}.Release|x86.Build.0 = Release|Any CPU
		{CF107A27-72B9-463B-953E-AE3CA4B3F534}.Debug|Any CPU.ActiveCfg = Debug|Any CPU
		{CF107A27-72B9-463B-953E-AE3CA4B3F534}.Debug|Any CPU.Build.0 = Debug|Any CPU
		{CF107A27-72B9-463B-953E-AE3CA4B3F534}.Debug|x64.ActiveCfg = Debug|Any CPU
		{CF107A27-72B9-463B-953E-AE3CA4B3F534}.Debug|x64.Build.0 = Debug|Any CPU
		{CF107A27-72B9-463B-953E-AE3CA4B3F534}.Debug|x86.ActiveCfg = Debug|Any CPU
		{CF107A27-72B9-463B-953E-AE3CA4B3F534}.Debug|x86.Build.0 = Debug|Any CPU
		{CF107A27-72B9-463B-953E-AE3CA4B3F534}.Release|Any CPU.ActiveCfg = Release|Any CPU
		{CF107A27-72B9-463B-953E-AE3CA4B3F534}.Release|Any CPU.Build.0 = Release|Any CPU
		{CF107A27-72B9-463B-953E-AE3CA4B3F534}.Release|x64.ActiveCfg = Release|Any CPU
		{CF107A27-72B9-463B-953E-AE3CA4B3F534}.Release|x64.Build.0 = Release|Any CPU
		{CF107A27-72B9-463B-953E-AE3CA4B3F534}.Release|x86.ActiveCfg = Release|Any CPU
		{CF107A27-72B9-463B-953E-AE3CA4B3F534}.Release|x86.Build.0 = Release|Any CPU
		{F044B57B-9C81-42A0-91F8-1D74AD3943B8}.Debug|Any CPU.ActiveCfg = Debug|Any CPU
		{F044B57B-9C81-42A0-91F8-1D74AD3943B8}.Debug|Any CPU.Build.0 = Debug|Any CPU
		{F044B57B-9C81-42A0-91F8-1D74AD3943B8}.Debug|x64.ActiveCfg = Debug|Any CPU
		{F044B57B-9C81-42A0-91F8-1D74AD3943B8}.Debug|x64.Build.0 = Debug|Any CPU
		{F044B57B-9C81-42A0-91F8-1D74AD3943B8}.Debug|x86.ActiveCfg = Debug|Any CPU
		{F044B57B-9C81-42A0-91F8-1D74AD3943B8}.Debug|x86.Build.0 = Debug|Any CPU
		{F044B57B-9C81-42A0-91F8-1D74AD3943B8}.Release|Any CPU.ActiveCfg = Release|Any CPU
		{F044B57B-9C81-42A0-91F8-1D74AD3943B8}.Release|Any CPU.Build.0 = Release|Any CPU
		{F044B57B-9C81-42A0-91F8-1D74AD3943B8}.Release|x64.ActiveCfg = Release|Any CPU
		{F044B57B-9C81-42A0-91F8-1D74AD3943B8}.Release|x64.Build.0 = Release|Any CPU
		{F044B57B-9C81-42A0-91F8-1D74AD3943B8}.Release|x86.ActiveCfg = Release|Any CPU
		{F044B57B-9C81-42A0-91F8-1D74AD3943B8}.Release|x86.Build.0 = Release|Any CPU
		{4D7BCD0A-5CCB-4A9A-9A2C-2C471B230361}.Debug|Any CPU.ActiveCfg = Debug|Any CPU
		{4D7BCD0A-5CCB-4A9A-9A2C-2C471B230361}.Debug|Any CPU.Build.0 = Debug|Any CPU
		{4D7BCD0A-5CCB-4A9A-9A2C-2C471B230361}.Debug|x64.ActiveCfg = Debug|Any CPU
		{4D7BCD0A-5CCB-4A9A-9A2C-2C471B230361}.Debug|x64.Build.0 = Debug|Any CPU
		{4D7BCD0A-5CCB-4A9A-9A2C-2C471B230361}.Debug|x86.ActiveCfg = Debug|Any CPU
		{4D7BCD0A-5CCB-4A9A-9A2C-2C471B230361}.Debug|x86.Build.0 = Debug|Any CPU
		{4D7BCD0A-5CCB-4A9A-9A2C-2C471B230361}.Release|Any CPU.ActiveCfg = Release|Any CPU
		{4D7BCD0A-5CCB-4A9A-9A2C-2C471B230361}.Release|Any CPU.Build.0 = Release|Any CPU
		{4D7BCD0A-5CCB-4A9A-9A2C-2C471B230361}.Release|x64.ActiveCfg = Release|Any CPU
		{4D7BCD0A-5CCB-4A9A-9A2C-2C471B230361}.Release|x64.Build.0 = Release|Any CPU
		{4D7BCD0A-5CCB-4A9A-9A2C-2C471B230361}.Release|x86.ActiveCfg = Release|Any CPU
		{4D7BCD0A-5CCB-4A9A-9A2C-2C471B230361}.Release|x86.Build.0 = Release|Any CPU
		{005D618B-EE99-4D33-A3C2-82A10C7B7C9D}.Debug|Any CPU.ActiveCfg = Debug|Any CPU
		{005D618B-EE99-4D33-A3C2-82A10C7B7C9D}.Debug|Any CPU.Build.0 = Debug|Any CPU
		{005D618B-EE99-4D33-A3C2-82A10C7B7C9D}.Debug|x64.ActiveCfg = Debug|Any CPU
		{005D618B-EE99-4D33-A3C2-82A10C7B7C9D}.Debug|x64.Build.0 = Debug|Any CPU
		{005D618B-EE99-4D33-A3C2-82A10C7B7C9D}.Debug|x86.ActiveCfg = Debug|Any CPU
		{005D618B-EE99-4D33-A3C2-82A10C7B7C9D}.Debug|x86.Build.0 = Debug|Any CPU
		{005D618B-EE99-4D33-A3C2-82A10C7B7C9D}.Release|Any CPU.ActiveCfg = Release|Any CPU
		{005D618B-EE99-4D33-A3C2-82A10C7B7C9D}.Release|Any CPU.Build.0 = Release|Any CPU
		{005D618B-EE99-4D33-A3C2-82A10C7B7C9D}.Release|x64.ActiveCfg = Release|Any CPU
		{005D618B-EE99-4D33-A3C2-82A10C7B7C9D}.Release|x64.Build.0 = Release|Any CPU
		{005D618B-EE99-4D33-A3C2-82A10C7B7C9D}.Release|x86.ActiveCfg = Release|Any CPU
		{005D618B-EE99-4D33-A3C2-82A10C7B7C9D}.Release|x86.Build.0 = Release|Any CPU
		{23A89ABA-4551-49C2-BE02-8CC60411C58C}.Debug|Any CPU.ActiveCfg = Debug|Any CPU
		{23A89ABA-4551-49C2-BE02-8CC60411C58C}.Debug|Any CPU.Build.0 = Debug|Any CPU
		{23A89ABA-4551-49C2-BE02-8CC60411C58C}.Debug|x64.ActiveCfg = Debug|Any CPU
		{23A89ABA-4551-49C2-BE02-8CC60411C58C}.Debug|x64.Build.0 = Debug|Any CPU
		{23A89ABA-4551-49C2-BE02-8CC60411C58C}.Debug|x86.ActiveCfg = Debug|Any CPU
		{23A89ABA-4551-49C2-BE02-8CC60411C58C}.Debug|x86.Build.0 = Debug|Any CPU
		{23A89ABA-4551-49C2-BE02-8CC60411C58C}.Release|Any CPU.ActiveCfg = Release|Any CPU
		{23A89ABA-4551-49C2-BE02-8CC60411C58C}.Release|Any CPU.Build.0 = Release|Any CPU
		{23A89ABA-4551-49C2-BE02-8CC60411C58C}.Release|x64.ActiveCfg = Release|Any CPU
		{23A89ABA-4551-49C2-BE02-8CC60411C58C}.Release|x64.Build.0 = Release|Any CPU
		{23A89ABA-4551-49C2-BE02-8CC60411C58C}.Release|x86.ActiveCfg = Release|Any CPU
		{23A89ABA-4551-49C2-BE02-8CC60411C58C}.Release|x86.Build.0 = Release|Any CPU
		{D17F5F50-7F26-4CB8-B197-A78581419E70}.Debug|Any CPU.ActiveCfg = Debug|Any CPU
		{D17F5F50-7F26-4CB8-B197-A78581419E70}.Debug|Any CPU.Build.0 = Debug|Any CPU
		{D17F5F50-7F26-4CB8-B197-A78581419E70}.Debug|x64.ActiveCfg = Debug|Any CPU
		{D17F5F50-7F26-4CB8-B197-A78581419E70}.Debug|x64.Build.0 = Debug|Any CPU
		{D17F5F50-7F26-4CB8-B197-A78581419E70}.Debug|x86.ActiveCfg = Debug|Any CPU
		{D17F5F50-7F26-4CB8-B197-A78581419E70}.Debug|x86.Build.0 = Debug|Any CPU
		{D17F5F50-7F26-4CB8-B197-A78581419E70}.Release|Any CPU.ActiveCfg = Release|Any CPU
		{D17F5F50-7F26-4CB8-B197-A78581419E70}.Release|Any CPU.Build.0 = Release|Any CPU
		{D17F5F50-7F26-4CB8-B197-A78581419E70}.Release|x64.ActiveCfg = Release|Any CPU
		{D17F5F50-7F26-4CB8-B197-A78581419E70}.Release|x64.Build.0 = Release|Any CPU
		{D17F5F50-7F26-4CB8-B197-A78581419E70}.Release|x86.ActiveCfg = Release|Any CPU
		{D17F5F50-7F26-4CB8-B197-A78581419E70}.Release|x86.Build.0 = Release|Any CPU
		{98514F04-BB7A-4E63-B354-AB80B3338092}.Debug|Any CPU.ActiveCfg = Debug|Any CPU
		{98514F04-BB7A-4E63-B354-AB80B3338092}.Debug|Any CPU.Build.0 = Debug|Any CPU
		{98514F04-BB7A-4E63-B354-AB80B3338092}.Debug|x64.ActiveCfg = Debug|Any CPU
		{98514F04-BB7A-4E63-B354-AB80B3338092}.Debug|x64.Build.0 = Debug|Any CPU
		{98514F04-BB7A-4E63-B354-AB80B3338092}.Debug|x86.ActiveCfg = Debug|Any CPU
		{98514F04-BB7A-4E63-B354-AB80B3338092}.Debug|x86.Build.0 = Debug|Any CPU
		{98514F04-BB7A-4E63-B354-AB80B3338092}.Release|Any CPU.ActiveCfg = Release|Any CPU
		{98514F04-BB7A-4E63-B354-AB80B3338092}.Release|Any CPU.Build.0 = Release|Any CPU
		{98514F04-BB7A-4E63-B354-AB80B3338092}.Release|x64.ActiveCfg = Release|Any CPU
		{98514F04-BB7A-4E63-B354-AB80B3338092}.Release|x64.Build.0 = Release|Any CPU
		{98514F04-BB7A-4E63-B354-AB80B3338092}.Release|x86.ActiveCfg = Release|Any CPU
		{98514F04-BB7A-4E63-B354-AB80B3338092}.Release|x86.Build.0 = Release|Any CPU
		{C755A93B-9389-480D-8537-BB10E91CEC4C}.Debug|Any CPU.ActiveCfg = Debug|Any CPU
		{C755A93B-9389-480D-8537-BB10E91CEC4C}.Debug|Any CPU.Build.0 = Debug|Any CPU
		{C755A93B-9389-480D-8537-BB10E91CEC4C}.Debug|x64.ActiveCfg = Debug|Any CPU
		{C755A93B-9389-480D-8537-BB10E91CEC4C}.Debug|x64.Build.0 = Debug|Any CPU
		{C755A93B-9389-480D-8537-BB10E91CEC4C}.Debug|x86.ActiveCfg = Debug|Any CPU
		{C755A93B-9389-480D-8537-BB10E91CEC4C}.Debug|x86.Build.0 = Debug|Any CPU
		{C755A93B-9389-480D-8537-BB10E91CEC4C}.Release|Any CPU.ActiveCfg = Release|Any CPU
		{C755A93B-9389-480D-8537-BB10E91CEC4C}.Release|Any CPU.Build.0 = Release|Any CPU
		{C755A93B-9389-480D-8537-BB10E91CEC4C}.Release|x64.ActiveCfg = Release|Any CPU
		{C755A93B-9389-480D-8537-BB10E91CEC4C}.Release|x64.Build.0 = Release|Any CPU
		{C755A93B-9389-480D-8537-BB10E91CEC4C}.Release|x86.ActiveCfg = Release|Any CPU
		{C755A93B-9389-480D-8537-BB10E91CEC4C}.Release|x86.Build.0 = Release|Any CPU
	EndGlobalSection
	GlobalSection(SolutionProperties) = preSolution
		HideSolutionNode = FALSE
	EndGlobalSection
	GlobalSection(NestedProjects) = preSolution
		{A9823749-380F-4BCB-B039-9EE54B85B5D8} = {827E0CD3-B72D-47B6-A68D-7590B98EB39B}
		{C1164A66-94B9-4641-ACF4-8535BD8FFD28} = {827E0CD3-B72D-47B6-A68D-7590B98EB39B}
		{7286CC90-3B7E-48B6-820B-0A2C1440B5FE} = {827E0CD3-B72D-47B6-A68D-7590B98EB39B}
		{87BA799F-2220-4038-8478-5644C1CB0DA8} = {827E0CD3-B72D-47B6-A68D-7590B98EB39B}
		{E80FA16C-4F34-451C-8903-821CD46D1755} = {827E0CD3-B72D-47B6-A68D-7590B98EB39B}
		{865DB971-2E31-425E-94EC-B6B7FB0EC7CB} = {827E0CD3-B72D-47B6-A68D-7590B98EB39B}
		{50A0E1E0-88DB-491A-883F-76A4559F16A2} = {827E0CD3-B72D-47B6-A68D-7590B98EB39B}
		{F998724F-94CC-431C-A7A7-F640DB2D8B57} = {827E0CD3-B72D-47B6-A68D-7590B98EB39B}
		{ABAF7BAE-C728-4D2D-8C93-80A0A48E3263} = {827E0CD3-B72D-47B6-A68D-7590B98EB39B}
		{0C37BC6B-E312-4DB0-A6AA-9BD321915B16} = {827E0CD3-B72D-47B6-A68D-7590B98EB39B}
		{7C9D0282-6B2E-44B8-BA8E-E2C28B5B8066} = {827E0CD3-B72D-47B6-A68D-7590B98EB39B}
		{20F27A26-5396-408F-AC79-5D8476C6160B} = {827E0CD3-B72D-47B6-A68D-7590B98EB39B}
		{B901DBC2-A663-4450-ACD0-D0D1482D3438} = {827E0CD3-B72D-47B6-A68D-7590B98EB39B}
		{EF820BB3-4356-4F58-B75C-2E90E30C90EB} = {827E0CD3-B72D-47B6-A68D-7590B98EB39B}
		{10A502D2-D09C-4A9C-9F52-B93DDE3BDC04} = {827E0CD3-B72D-47B6-A68D-7590B98EB39B}
		{B111CF8E-D9A7-4BEA-ADFA-081D9238B4ED} = {827E0CD3-B72D-47B6-A68D-7590B98EB39B}
		{FB7D7C96-8C81-4EAA-9802-523537CB57B6} = {827E0CD3-B72D-47B6-A68D-7590B98EB39B}
		{B082CDAB-0784-484C-B188-6014F09EFC29} = {827E0CD3-B72D-47B6-A68D-7590B98EB39B}
		{F28CC0A4-5E67-4632-B093-7A1E5477B3F3} = {827E0CD3-B72D-47B6-A68D-7590B98EB39B}
		{FC1B1AA7-4C62-4F29-BEEE-AC11A7893BCA} = {827E0CD3-B72D-47B6-A68D-7590B98EB39B}
		{A5BAA207-D1D0-4BE0-88AC-DA32663A63AF} = {827E0CD3-B72D-47B6-A68D-7590B98EB39B}
		{2382B6EA-00F8-4D78-A04C-B470B9F18698} = {827E0CD3-B72D-47B6-A68D-7590B98EB39B}
		{CA53F1FA-D25C-4F0D-B472-25BCEF1A2CA2} = {827E0CD3-B72D-47B6-A68D-7590B98EB39B}
		{2F89172E-62FF-49A8-B300-68E6D4DA6CD5} = {827E0CD3-B72D-47B6-A68D-7590B98EB39B}
		{991AACB3-F4BC-63EA-87E8-E19EB60793A1} = {827E0CD3-B72D-47B6-A68D-7590B98EB39B}
		{7E8C0112-09AA-4F4A-BA3B-C02B2851DAC5} = {991AACB3-F4BC-63EA-87E8-E19EB60793A1}
		{6633DDA9-AD9B-7369-DBC9-13FC7829CC33} = {827E0CD3-B72D-47B6-A68D-7590B98EB39B}
		{58A7CFBC-33F5-465B-B929-6DB9C1177D10} = {6633DDA9-AD9B-7369-DBC9-13FC7829CC33}
		{A28AC76F-47D1-4B90-B5CC-F4DAF83F9FEA} = {827E0CD3-B72D-47B6-A68D-7590B98EB39B}
		{CF107A27-72B9-463B-953E-AE3CA4B3F534} = {827E0CD3-B72D-47B6-A68D-7590B98EB39B}
		{F044B57B-9C81-42A0-91F8-1D74AD3943B8} = {827E0CD3-B72D-47B6-A68D-7590B98EB39B}
		{4D7BCD0A-5CCB-4A9A-9A2C-2C471B230361} = {827E0CD3-B72D-47B6-A68D-7590B98EB39B}
		{005D618B-EE99-4D33-A3C2-82A10C7B7C9D} = {827E0CD3-B72D-47B6-A68D-7590B98EB39B}
		{23A89ABA-4551-49C2-BE02-8CC60411C58C} = {827E0CD3-B72D-47B6-A68D-7590B98EB39B}
		{D17F5F50-7F26-4CB8-B197-A78581419E70} = {827E0CD3-B72D-47B6-A68D-7590B98EB39B}
		{98514F04-BB7A-4E63-B354-AB80B3338092} = {827E0CD3-B72D-47B6-A68D-7590B98EB39B}
		{C755A93B-9389-480D-8537-BB10E91CEC4C} = {827E0CD3-B72D-47B6-A68D-7590B98EB39B}
	EndGlobalSection
EndGlobal
