
Microsoft Visual Studio Solution File, Format Version 12.00
# Visual Studio Version 17
VisualStudioVersion = 17.0.31903.59
MinimumVisualStudioVersion = 10.0.40219.1
Project("{2150E333-8FDC-42A3-9474-1A3956D46DE8}") = "src", "src", "{827E0CD3-B72D-47B6-A68D-7590B98EB39B}"
EndProject
Project("{FAE04EC0-301F-11D3-BF4B-00C04F79EFBC}") = "DotNetAgents.Agents.Messaging.Kafka", "src\DotNetAgents.Agents.Messaging.Kafka\DotNetAgents.Agents.Messaging.Kafka.csproj", "{CEB2AD5B-A86B-4F12-8865-A60466DD9D4A}"
EndProject
Project("{FAE04EC0-301F-11D3-BF4B-00C04F79EFBC}") = "DotNetAgents.Agents.Messaging.RabbitMQ", "src\DotNetAgents.Agents.Messaging.RabbitMQ\DotNetAgents.Agents.Messaging.RabbitMQ.csproj", "{F2A85920-C54D-48EA-9A24-7310752407FE}"
EndProject
Project("{FAE04EC0-301F-11D3-BF4B-00C04F79EFBC}") = "DotNetAgents.Agents.Messaging.Redis", "src\DotNetAgents.Agents.Messaging.Redis\DotNetAgents.Agents.Messaging.Redis.csproj", "{78304EBF-B712-4CEC-AA9D-8C80D93FCAD4}"
EndProject
Project("{FAE04EC0-301F-11D3-BF4B-00C04F79EFBC}") = "DotNetAgents.Agents.Messaging.SignalR", "src\DotNetAgents.Agents.Messaging.SignalR\DotNetAgents.Agents.Messaging.SignalR.csproj", "{615B66D7-5C9D-4DC5-BC34-A156E5E93A56}"
EndProject
Project("{FAE04EC0-301F-11D3-BF4B-00C04F79EFBC}") = "DotNetAgents.Browser.Tools", "src\DotNetAgents.Browser.Tools\DotNetAgents.Browser.Tools.csproj", "{E0552997-98B6-4C68-88E2-698DD9366A4A}"
EndProject
Project("{FAE04EC0-301F-11D3-BF4B-00C04F79EFBC}") = "DotNetAgents.ComputerUse", "src\DotNetAgents.ComputerUse\DotNetAgents.ComputerUse.csproj", "{A79F7F45-1ADB-489E-8CAB-522F812228AF}"
EndProject
Project("{FAE04EC0-301F-11D3-BF4B-00C04F79EFBC}") = "DotNetAgents.CodeAction.Docker", "src\DotNetAgents.CodeAction.Docker\DotNetAgents.CodeAction.Docker.csproj", "{C3E3FA64-463D-42B4-9DA6-CB643B7AF687}"
EndProject
Project("{FAE04EC0-301F-11D3-BF4B-00C04F79EFBC}") = "DotNetAgents.CodeAction", "src\DotNetAgents.CodeAction\DotNetAgents.CodeAction.csproj", "{9FE471BB-48B4-474C-8A17-BEF2C6EE517E}"
EndProject
Project("{FAE04EC0-301F-11D3-BF4B-00C04F79EFBC}") = "DotNetAgents.CodeAction.Pyodide", "src\DotNetAgents.CodeAction.Pyodide\DotNetAgents.CodeAction.Pyodide.csproj", "{0811FF25-6702-4FA6-83DF-1C51B01E989F}"
EndProject
Project("{FAE04EC0-301F-11D3-BF4B-00C04F79EFBC}") = "DotNetAgents.ComputerUse.Playwright", "src\DotNetAgents.ComputerUse.Playwright\DotNetAgents.ComputerUse.Playwright.csproj", "{E8E874F3-E940-4168-9C5B-AC0B431E7F28}"
EndProject
Project("{FAE04EC0-301F-11D3-BF4B-00C04F79EFBC}") = "DotNetAgents.ComputerUse.Vision", "src\DotNetAgents.ComputerUse.Vision\DotNetAgents.ComputerUse.Vision.csproj", "{C29F6114-908A-4EEE-ADF9-0034DE956BC9}"
EndProject
Project("{FAE04EC0-301F-11D3-BF4B-00C04F79EFBC}") = "DotNetAgents.ComputerUse.Windows", "src\DotNetAgents.ComputerUse.Windows\DotNetAgents.ComputerUse.Windows.csproj", "{9680E799-1A0A-4F23-B41D-7FBD5BF1A7C1}"
EndProject
Project("{FAE04EC0-301F-11D3-BF4B-00C04F79EFBC}") = "DotNetAgents.Database.Abstractions", "src\DotNetAgents.Database.Abstractions\DotNetAgents.Database.Abstractions.csproj", "{53F8F57B-9F60-403F-A540-12EC6902BAE3}"
EndProject
Project("{FAE04EC0-301F-11D3-BF4B-00C04F79EFBC}") = "DotNetAgents.Database.AI", "src\DotNetAgents.Database.AI\DotNetAgents.Database.AI.csproj", "{EFB9F58D-5741-48B8-A155-8827BE396EEB}"
EndProject
Project("{FAE04EC0-301F-11D3-BF4B-00C04F79EFBC}") = "DotNetAgents.Database.Analysis", "src\DotNetAgents.Database.Analysis\DotNetAgents.Database.Analysis.csproj", "{3B325BA0-1192-434F-B8C8-DD122A45D285}"
EndProject
Project("{FAE04EC0-301F-11D3-BF4B-00C04F79EFBC}") = "DotNetAgents.Database.Dialects", "src\DotNetAgents.Database.Dialects\DotNetAgents.Database.Dialects.csproj", "{FF5B08D0-6E68-46F8-AAC9-493B0C128391}"
EndProject
Project("{FAE04EC0-301F-11D3-BF4B-00C04F79EFBC}") = "DotNetAgents.Database.Learning.Patterns", "src\DotNetAgents.Database.Learning.Patterns\DotNetAgents.Database.Learning.Patterns.csproj", "{13207EEE-B0A8-4433-B90A-35C4167A6379}"
EndProject
Project("{FAE04EC0-301F-11D3-BF4B-00C04F79EFBC}") = "DotNetAgents.Database.Orchestration", "src\DotNetAgents.Database.Orchestration\DotNetAgents.Database.Orchestration.csproj", "{BB985668-51A0-4F85-AE04-34213B44A49B}"
EndProject
Project("{FAE04EC0-301F-11D3-BF4B-00C04F79EFBC}") = "DotNetAgents.Database.Validation", "src\DotNetAgents.Database.Validation\DotNetAgents.Database.Validation.csproj", "{AF1D64FD-537A-469E-A0E2-E95E20A3BDD2}"
EndProject
Project("{FAE04EC0-301F-11D3-BF4B-00C04F79EFBC}") = "DotNetAgents.Database.Security", "src\DotNetAgents.Database.Security\DotNetAgents.Database.Security.csproj", "{70591B38-C610-4887-8AFB-DC97040F7DF3}"
EndProject
Project("{FAE04EC0-301F-11D3-BF4B-00C04F79EFBC}") = "DotNetAgents.Database.SqlServer.Tooling", "src\DotNetAgents.Database.SqlServer.Tooling\DotNetAgents.Database.SqlServer.Tooling.csproj", "{C759D216-346D-4922-841F-057922F722B2}"
EndProject
Project("{FAE04EC0-301F-11D3-BF4B-00C04F79EFBC}") = "DotNetAgents.Interop.MicrosoftAgentFramework", "src\DotNetAgents.Interop.MicrosoftAgentFramework\DotNetAgents.Interop.MicrosoftAgentFramework.csproj", "{D51C823A-0D6F-45E1-8A7C-D45E4FE50115}"
EndProject
Project("{FAE04EC0-301F-11D3-BF4B-00C04F79EFBC}") = "DotNetAgents.MediaGeneration.Adapters", "src\DotNetAgents.MediaGeneration.Adapters\DotNetAgents.MediaGeneration.Adapters.csproj", "{B39E4561-110B-4015-9657-734262471C7D}"
EndProject
Project("{FAE04EC0-301F-11D3-BF4B-00C04F79EFBC}") = "DotNetAgents.MediaGeneration.Budget", "src\DotNetAgents.MediaGeneration.Budget\DotNetAgents.MediaGeneration.Budget.csproj", "{05E521FE-D3D8-4049-A6CC-7265084E3836}"
EndProject
Project("{FAE04EC0-301F-11D3-BF4B-00C04F79EFBC}") = "DotNetAgents.MediaGeneration.ComfyUI", "src\DotNetAgents.MediaGeneration.ComfyUI\DotNetAgents.MediaGeneration.ComfyUI.csproj", "{1C235504-B191-4254-B88C-46F276AABB41}"
EndProject
Project("{FAE04EC0-301F-11D3-BF4B-00C04F79EFBC}") = "DotNetAgents.MultiModal.OpenAI", "src\DotNetAgents.MultiModal.OpenAI\DotNetAgents.MultiModal.OpenAI.csproj", "{E89F223B-1CDE-462E-817E-365BA3B97976}"
EndProject
Project("{FAE04EC0-301F-11D3-BF4B-00C04F79EFBC}") = "DotNetAgents.Storage.Agents.PostgreSQL", "src\DotNetAgents.Storage.Agents.PostgreSQL\DotNetAgents.Storage.Agents.PostgreSQL.csproj", "{90823423-1D3B-4C1D-945B-25851ED152EB}"
EndProject
Project("{FAE04EC0-301F-11D3-BF4B-00C04F79EFBC}") = "DotNetAgents.Storage.ArtifactStore", "src\DotNetAgents.Storage.ArtifactStore\DotNetAgents.Storage.ArtifactStore.csproj", "{CC50E9FE-B5B6-40CE-8A92-BFF9880AFF9C}"
EndProject
Project("{2150E333-8FDC-42A3-9474-1A3956D46DE8}") = "DotNetAgents.Storage.TaskKnowledge.PostgreSQL", "DotNetAgents.Storage.TaskKnowledge.PostgreSQL", "{991AACB3-F4BC-63EA-87E8-E19EB60793A1}"
EndProject
Project("{FAE04EC0-301F-11D3-BF4B-00C04F79EFBC}") = "DotNetAgents.Storage.PostgreSQL", "src\DotNetAgents.Storage.TaskKnowledge.PostgreSQL\DotNetAgents.Storage.PostgreSQL.csproj", "{3960CA65-C86B-45BE-83BF-48E0573A2BB8}"
EndProject
Project("{2150E333-8FDC-42A3-9474-1A3956D46DE8}") = "DotNetAgents.Storage.TaskKnowledge.SqlServer", "DotNetAgents.Storage.TaskKnowledge.SqlServer", "{6633DDA9-AD9B-7369-DBC9-13FC7829CC33}"
EndProject
Project("{FAE04EC0-301F-11D3-BF4B-00C04F79EFBC}") = "DotNetAgents.Storage.SqlServer", "src\DotNetAgents.Storage.TaskKnowledge.SqlServer\DotNetAgents.Storage.SqlServer.csproj", "{2E27879C-141A-4AD2-B49E-F476FF304A43}"
EndProject
Project("{FAE04EC0-301F-11D3-BF4B-00C04F79EFBC}") = "DotNetAgents.Tools.Database", "src\DotNetAgents.Tools.Database\DotNetAgents.Tools.Database.csproj", "{08B5DF2E-6E17-42D0-B78F-2F807CCC4D46}"
EndProject
Project("{FAE04EC0-301F-11D3-BF4B-00C04F79EFBC}") = "DotNetAgents.Ui.Avalonia", "src\DotNetAgents.Ui.Avalonia\DotNetAgents.Ui.Avalonia.csproj", "{DB3A3E65-F8F4-4660-8444-1A6DF8B1B494}"
EndProject
Project("{FAE04EC0-301F-11D3-BF4B-00C04F79EFBC}") = "DotNetAgents.Ui.Core", "src\DotNetAgents.Ui.Core\DotNetAgents.Ui.Core.csproj", "{5917D0F6-1D8B-4A33-AC9A-477620D2F34A}"
EndProject
Project("{FAE04EC0-301F-11D3-BF4B-00C04F79EFBC}") = "DotNetAgents.Ui.Blazor", "src\DotNetAgents.Ui.Blazor\DotNetAgents.Ui.Blazor.csproj", "{8E019E09-C19A-44AF-A932-A6F4FB57638B}"
EndProject
Project("{FAE04EC0-301F-11D3-BF4B-00C04F79EFBC}") = "DotNetAgents.VectorStores.Chroma", "src\DotNetAgents.VectorStores.Chroma\DotNetAgents.VectorStores.Chroma.csproj", "{345F3932-A07D-4B11-94B2-B9CA7C9758D8}"
EndProject
Project("{FAE04EC0-301F-11D3-BF4B-00C04F79EFBC}") = "DotNetAgents.VectorStores.Conformance", "src\DotNetAgents.VectorStores.Conformance\DotNetAgents.VectorStores.Conformance.csproj", "{617984FC-8A49-40BA-ADD3-14D9106E23DD}"
EndProject
Project("{FAE04EC0-301F-11D3-BF4B-00C04F79EFBC}") = "DotNetAgents.VectorStores.Pinecone", "src\DotNetAgents.VectorStores.Pinecone\DotNetAgents.VectorStores.Pinecone.csproj", "{D3A43A1B-2FF0-4056-AA7A-D7A2892B23A0}"
EndProject
Project("{FAE04EC0-301F-11D3-BF4B-00C04F79EFBC}") = "DotNetAgents.VectorStores.PostgreSQL", "src\DotNetAgents.VectorStores.PostgreSQL\DotNetAgents.VectorStores.PostgreSQL.csproj", "{500AB1BA-78F2-4A4D-99B8-5F734C621848}"
EndProject
Project("{FAE04EC0-301F-11D3-BF4B-00C04F79EFBC}") = "DotNetAgents.VectorStores.Qdrant", "src\DotNetAgents.VectorStores.Qdrant\DotNetAgents.VectorStores.Qdrant.csproj", "{6F35DCD5-E16A-4014-B280-5A30E63971EB}"
EndProject
Project("{FAE04EC0-301F-11D3-BF4B-00C04F79EFBC}") = "DotNetAgents.VectorStores.Weaviate", "src\DotNetAgents.VectorStores.Weaviate\DotNetAgents.VectorStores.Weaviate.csproj", "{EA1FB4C9-EEFB-4D21-9298-5D6D2167D293}"
EndProject
Global
	GlobalSection(SolutionConfigurationPlatforms) = preSolution
		Debug|Any CPU = Debug|Any CPU
		Debug|x64 = Debug|x64
		Debug|x86 = Debug|x86
		Release|Any CPU = Release|Any CPU
		Release|x64 = Release|x64
		Release|x86 = Release|x86
	EndGlobalSection
	GlobalSection(ProjectConfigurationPlatforms) = postSolution
		{CEB2AD5B-A86B-4F12-8865-A60466DD9D4A}.Debug|Any CPU.ActiveCfg = Debug|Any CPU
		{CEB2AD5B-A86B-4F12-8865-A60466DD9D4A}.Debug|Any CPU.Build.0 = Debug|Any CPU
		{CEB2AD5B-A86B-4F12-8865-A60466DD9D4A}.Debug|x64.ActiveCfg = Debug|Any CPU
		{CEB2AD5B-A86B-4F12-8865-A60466DD9D4A}.Debug|x64.Build.0 = Debug|Any CPU
		{CEB2AD5B-A86B-4F12-8865-A60466DD9D4A}.Debug|x86.ActiveCfg = Debug|Any CPU
		{CEB2AD5B-A86B-4F12-8865-A60466DD9D4A}.Debug|x86.Build.0 = Debug|Any CPU
		{CEB2AD5B-A86B-4F12-8865-A60466DD9D4A}.Release|Any CPU.ActiveCfg = Release|Any CPU
		{CEB2AD5B-A86B-4F12-8865-A60466DD9D4A}.Release|Any CPU.Build.0 = Release|Any CPU
		{CEB2AD5B-A86B-4F12-8865-A60466DD9D4A}.Release|x64.ActiveCfg = Release|Any CPU
		{CEB2AD5B-A86B-4F12-8865-A60466DD9D4A}.Release|x64.Build.0 = Release|Any CPU
		{CEB2AD5B-A86B-4F12-8865-A60466DD9D4A}.Release|x86.ActiveCfg = Release|Any CPU
		{CEB2AD5B-A86B-4F12-8865-A60466DD9D4A}.Release|x86.Build.0 = Release|Any CPU
		{F2A85920-C54D-48EA-9A24-7310752407FE}.Debug|Any CPU.ActiveCfg = Debug|Any CPU
		{F2A85920-C54D-48EA-9A24-7310752407FE}.Debug|Any CPU.Build.0 = Debug|Any CPU
		{F2A85920-C54D-48EA-9A24-7310752407FE}.Debug|x64.ActiveCfg = Debug|Any CPU
		{F2A85920-C54D-48EA-9A24-7310752407FE}.Debug|x64.Build.0 = Debug|Any CPU
		{F2A85920-C54D-48EA-9A24-7310752407FE}.Debug|x86.ActiveCfg = Debug|Any CPU
		{F2A85920-C54D-48EA-9A24-7310752407FE}.Debug|x86.Build.0 = Debug|Any CPU
		{F2A85920-C54D-48EA-9A24-7310752407FE}.Release|Any CPU.ActiveCfg = Release|Any CPU
		{F2A85920-C54D-48EA-9A24-7310752407FE}.Release|Any CPU.Build.0 = Release|Any CPU
		{F2A85920-C54D-48EA-9A24-7310752407FE}.Release|x64.ActiveCfg = Release|Any CPU
		{F2A85920-C54D-48EA-9A24-7310752407FE}.Release|x64.Build.0 = Release|Any CPU
		{F2A85920-C54D-48EA-9A24-7310752407FE}.Release|x86.ActiveCfg = Release|Any CPU
		{F2A85920-C54D-48EA-9A24-7310752407FE}.Release|x86.Build.0 = Release|Any CPU
		{78304EBF-B712-4CEC-AA9D-8C80D93FCAD4}.Debug|Any CPU.ActiveCfg = Debug|Any CPU
		{78304EBF-B712-4CEC-AA9D-8C80D93FCAD4}.Debug|Any CPU.Build.0 = Debug|Any CPU
		{78304EBF-B712-4CEC-AA9D-8C80D93FCAD4}.Debug|x64.ActiveCfg = Debug|Any CPU
		{78304EBF-B712-4CEC-AA9D-8C80D93FCAD4}.Debug|x64.Build.0 = Debug|Any CPU
		{78304EBF-B712-4CEC-AA9D-8C80D93FCAD4}.Debug|x86.ActiveCfg = Debug|Any CPU
		{78304EBF-B712-4CEC-AA9D-8C80D93FCAD4}.Debug|x86.Build.0 = Debug|Any CPU
		{78304EBF-B712-4CEC-AA9D-8C80D93FCAD4}.Release|Any CPU.ActiveCfg = Release|Any CPU
		{78304EBF-B712-4CEC-AA9D-8C80D93FCAD4}.Release|Any CPU.Build.0 = Release|Any CPU
		{78304EBF-B712-4CEC-AA9D-8C80D93FCAD4}.Release|x64.ActiveCfg = Release|Any CPU
		{78304EBF-B712-4CEC-AA9D-8C80D93FCAD4}.Release|x64.Build.0 = Release|Any CPU
		{78304EBF-B712-4CEC-AA9D-8C80D93FCAD4}.Release|x86.ActiveCfg = Release|Any CPU
		{78304EBF-B712-4CEC-AA9D-8C80D93FCAD4}.Release|x86.Build.0 = Release|Any CPU
		{615B66D7-5C9D-4DC5-BC34-A156E5E93A56}.Debug|Any CPU.ActiveCfg = Debug|Any CPU
		{615B66D7-5C9D-4DC5-BC34-A156E5E93A56}.Debug|Any CPU.Build.0 = Debug|Any CPU
		{615B66D7-5C9D-4DC5-BC34-A156E5E93A56}.Debug|x64.ActiveCfg = Debug|Any CPU
		{615B66D7-5C9D-4DC5-BC34-A156E5E93A56}.Debug|x64.Build.0 = Debug|Any CPU
		{615B66D7-5C9D-4DC5-BC34-A156E5E93A56}.Debug|x86.ActiveCfg = Debug|Any CPU
		{615B66D7-5C9D-4DC5-BC34-A156E5E93A56}.Debug|x86.Build.0 = Debug|Any CPU
		{615B66D7-5C9D-4DC5-BC34-A156E5E93A56}.Release|Any CPU.ActiveCfg = Release|Any CPU
		{615B66D7-5C9D-4DC5-BC34-A156E5E93A56}.Release|Any CPU.Build.0 = Release|Any CPU
		{615B66D7-5C9D-4DC5-BC34-A156E5E93A56}.Release|x64.ActiveCfg = Release|Any CPU
		{615B66D7-5C9D-4DC5-BC34-A156E5E93A56}.Release|x64.Build.0 = Release|Any CPU
		{615B66D7-5C9D-4DC5-BC34-A156E5E93A56}.Release|x86.ActiveCfg = Release|Any CPU
		{615B66D7-5C9D-4DC5-BC34-A156E5E93A56}.Release|x86.Build.0 = Release|Any CPU
		{E0552997-98B6-4C68-88E2-698DD9366A4A}.Debug|Any CPU.ActiveCfg = Debug|Any CPU
		{E0552997-98B6-4C68-88E2-698DD9366A4A}.Debug|Any CPU.Build.0 = Debug|Any CPU
		{E0552997-98B6-4C68-88E2-698DD9366A4A}.Debug|x64.ActiveCfg = Debug|Any CPU
		{E0552997-98B6-4C68-88E2-698DD9366A4A}.Debug|x64.Build.0 = Debug|Any CPU
		{E0552997-98B6-4C68-88E2-698DD9366A4A}.Debug|x86.ActiveCfg = Debug|Any CPU
		{E0552997-98B6-4C68-88E2-698DD9366A4A}.Debug|x86.Build.0 = Debug|Any CPU
		{E0552997-98B6-4C68-88E2-698DD9366A4A}.Release|Any CPU.ActiveCfg = Release|Any CPU
		{E0552997-98B6-4C68-88E2-698DD9366A4A}.Release|Any CPU.Build.0 = Release|Any CPU
		{E0552997-98B6-4C68-88E2-698DD9366A4A}.Release|x64.ActiveCfg = Release|Any CPU
		{E0552997-98B6-4C68-88E2-698DD9366A4A}.Release|x64.Build.0 = Release|Any CPU
		{E0552997-98B6-4C68-88E2-698DD9366A4A}.Release|x86.ActiveCfg = Release|Any CPU
		{E0552997-98B6-4C68-88E2-698DD9366A4A}.Release|x86.Build.0 = Release|Any CPU
		{A79F7F45-1ADB-489E-8CAB-522F812228AF}.Debug|Any CPU.ActiveCfg = Debug|Any CPU
		{A79F7F45-1ADB-489E-8CAB-522F812228AF}.Debug|Any CPU.Build.0 = Debug|Any CPU
		{A79F7F45-1ADB-489E-8CAB-522F812228AF}.Debug|x64.ActiveCfg = Debug|Any CPU
		{A79F7F45-1ADB-489E-8CAB-522F812228AF}.Debug|x64.Build.0 = Debug|Any CPU
		{A79F7F45-1ADB-489E-8CAB-522F812228AF}.Debug|x86.ActiveCfg = Debug|Any CPU
		{A79F7F45-1ADB-489E-8CAB-522F812228AF}.Debug|x86.Build.0 = Debug|Any CPU
		{A79F7F45-1ADB-489E-8CAB-522F812228AF}.Release|Any CPU.ActiveCfg = Release|Any CPU
		{A79F7F45-1ADB-489E-8CAB-522F812228AF}.Release|Any CPU.Build.0 = Release|Any CPU
		{A79F7F45-1ADB-489E-8CAB-522F812228AF}.Release|x64.ActiveCfg = Release|Any CPU
		{A79F7F45-1ADB-489E-8CAB-522F812228AF}.Release|x64.Build.0 = Release|Any CPU
		{A79F7F45-1ADB-489E-8CAB-522F812228AF}.Release|x86.ActiveCfg = Release|Any CPU
		{A79F7F45-1ADB-489E-8CAB-522F812228AF}.Release|x86.Build.0 = Release|Any CPU
		{C3E3FA64-463D-42B4-9DA6-CB643B7AF687}.Debug|Any CPU.ActiveCfg = Debug|Any CPU
		{C3E3FA64-463D-42B4-9DA6-CB643B7AF687}.Debug|Any CPU.Build.0 = Debug|Any CPU
		{C3E3FA64-463D-42B4-9DA6-CB643B7AF687}.Debug|x64.ActiveCfg = Debug|Any CPU
		{C3E3FA64-463D-42B4-9DA6-CB643B7AF687}.Debug|x64.Build.0 = Debug|Any CPU
		{C3E3FA64-463D-42B4-9DA6-CB643B7AF687}.Debug|x86.ActiveCfg = Debug|Any CPU
		{C3E3FA64-463D-42B4-9DA6-CB643B7AF687}.Debug|x86.Build.0 = Debug|Any CPU
		{C3E3FA64-463D-42B4-9DA6-CB643B7AF687}.Release|Any CPU.ActiveCfg = Release|Any CPU
		{C3E3FA64-463D-42B4-9DA6-CB643B7AF687}.Release|Any CPU.Build.0 = Release|Any CPU
		{C3E3FA64-463D-42B4-9DA6-CB643B7AF687}.Release|x64.ActiveCfg = Release|Any CPU
		{C3E3FA64-463D-42B4-9DA6-CB643B7AF687}.Release|x64.Build.0 = Release|Any CPU
		{C3E3FA64-463D-42B4-9DA6-CB643B7AF687}.Release|x86.ActiveCfg = Release|Any CPU
		{C3E3FA64-463D-42B4-9DA6-CB643B7AF687}.Release|x86.Build.0 = Release|Any CPU
		{9FE471BB-48B4-474C-8A17-BEF2C6EE517E}.Debug|Any CPU.ActiveCfg = Debug|Any CPU
		{9FE471BB-48B4-474C-8A17-BEF2C6EE517E}.Debug|Any CPU.Build.0 = Debug|Any CPU
		{9FE471BB-48B4-474C-8A17-BEF2C6EE517E}.Debug|x64.ActiveCfg = Debug|Any CPU
		{9FE471BB-48B4-474C-8A17-BEF2C6EE517E}.Debug|x64.Build.0 = Debug|Any CPU
		{9FE471BB-48B4-474C-8A17-BEF2C6EE517E}.Debug|x86.ActiveCfg = Debug|Any CPU
		{9FE471BB-48B4-474C-8A17-BEF2C6EE517E}.Debug|x86.Build.0 = Debug|Any CPU
		{9FE471BB-48B4-474C-8A17-BEF2C6EE517E}.Release|Any CPU.ActiveCfg = Release|Any CPU
		{9FE471BB-48B4-474C-8A17-BEF2C6EE517E}.Release|Any CPU.Build.0 = Release|Any CPU
		{9FE471BB-48B4-474C-8A17-BEF2C6EE517E}.Release|x64.ActiveCfg = Release|Any CPU
		{9FE471BB-48B4-474C-8A17-BEF2C6EE517E}.Release|x64.Build.0 = Release|Any CPU
		{9FE471BB-48B4-474C-8A17-BEF2C6EE517E}.Release|x86.ActiveCfg = Release|Any CPU
		{9FE471BB-48B4-474C-8A17-BEF2C6EE517E}.Release|x86.Build.0 = Release|Any CPU
		{0811FF25-6702-4FA6-83DF-1C51B01E989F}.Debug|Any CPU.ActiveCfg = Debug|Any CPU
		{0811FF25-6702-4FA6-83DF-1C51B01E989F}.Debug|Any CPU.Build.0 = Debug|Any CPU
		{0811FF25-6702-4FA6-83DF-1C51B01E989F}.Debug|x64.ActiveCfg = Debug|Any CPU
		{0811FF25-6702-4FA6-83DF-1C51B01E989F}.Debug|x64.Build.0 = Debug|Any CPU
		{0811FF25-6702-4FA6-83DF-1C51B01E989F}.Debug|x86.ActiveCfg = Debug|Any CPU
		{0811FF25-6702-4FA6-83DF-1C51B01E989F}.Debug|x86.Build.0 = Debug|Any CPU
		{0811FF25-6702-4FA6-83DF-1C51B01E989F}.Release|Any CPU.ActiveCfg = Release|Any CPU
		{0811FF25-6702-4FA6-83DF-1C51B01E989F}.Release|Any CPU.Build.0 = Release|Any CPU
		{0811FF25-6702-4FA6-83DF-1C51B01E989F}.Release|x64.ActiveCfg = Release|Any CPU
		{0811FF25-6702-4FA6-83DF-1C51B01E989F}.Release|x64.Build.0 = Release|Any CPU
		{0811FF25-6702-4FA6-83DF-1C51B01E989F}.Release|x86.ActiveCfg = Release|Any CPU
		{0811FF25-6702-4FA6-83DF-1C51B01E989F}.Release|x86.Build.0 = Release|Any CPU
		{E8E874F3-E940-4168-9C5B-AC0B431E7F28}.Debug|Any CPU.ActiveCfg = Debug|Any CPU
		{E8E874F3-E940-4168-9C5B-AC0B431E7F28}.Debug|Any CPU.Build.0 = Debug|Any CPU
		{E8E874F3-E940-4168-9C5B-AC0B431E7F28}.Debug|x64.ActiveCfg = Debug|Any CPU
		{E8E874F3-E940-4168-9C5B-AC0B431E7F28}.Debug|x64.Build.0 = Debug|Any CPU
		{E8E874F3-E940-4168-9C5B-AC0B431E7F28}.Debug|x86.ActiveCfg = Debug|Any CPU
		{E8E874F3-E940-4168-9C5B-AC0B431E7F28}.Debug|x86.Build.0 = Debug|Any CPU
		{E8E874F3-E940-4168-9C5B-AC0B431E7F28}.Release|Any CPU.ActiveCfg = Release|Any CPU
		{E8E874F3-E940-4168-9C5B-AC0B431E7F28}.Release|Any CPU.Build.0 = Release|Any CPU
		{E8E874F3-E940-4168-9C5B-AC0B431E7F28}.Release|x64.ActiveCfg = Release|Any CPU
		{E8E874F3-E940-4168-9C5B-AC0B431E7F28}.Release|x64.Build.0 = Release|Any CPU
		{E8E874F3-E940-4168-9C5B-AC0B431E7F28}.Release|x86.ActiveCfg = Release|Any CPU
		{E8E874F3-E940-4168-9C5B-AC0B431E7F28}.Release|x86.Build.0 = Release|Any CPU
		{C29F6114-908A-4EEE-ADF9-0034DE956BC9}.Debug|Any CPU.ActiveCfg = Debug|Any CPU
		{C29F6114-908A-4EEE-ADF9-0034DE956BC9}.Debug|Any CPU.Build.0 = Debug|Any CPU
		{C29F6114-908A-4EEE-ADF9-0034DE956BC9}.Debug|x64.ActiveCfg = Debug|Any CPU
		{C29F6114-908A-4EEE-ADF9-0034DE956BC9}.Debug|x64.Build.0 = Debug|Any CPU
		{C29F6114-908A-4EEE-ADF9-0034DE956BC9}.Debug|x86.ActiveCfg = Debug|Any CPU
		{C29F6114-908A-4EEE-ADF9-0034DE956BC9}.Debug|x86.Build.0 = Debug|Any CPU
		{C29F6114-908A-4EEE-ADF9-0034DE956BC9}.Release|Any CPU.ActiveCfg = Release|Any CPU
		{C29F6114-908A-4EEE-ADF9-0034DE956BC9}.Release|Any CPU.Build.0 = Release|Any CPU
		{C29F6114-908A-4EEE-ADF9-0034DE956BC9}.Release|x64.ActiveCfg = Release|Any CPU
		{C29F6114-908A-4EEE-ADF9-0034DE956BC9}.Release|x64.Build.0 = Release|Any CPU
		{C29F6114-908A-4EEE-ADF9-0034DE956BC9}.Release|x86.ActiveCfg = Release|Any CPU
		{C29F6114-908A-4EEE-ADF9-0034DE956BC9}.Release|x86.Build.0 = Release|Any CPU
		{9680E799-1A0A-4F23-B41D-7FBD5BF1A7C1}.Debug|Any CPU.ActiveCfg = Debug|Any CPU
		{9680E799-1A0A-4F23-B41D-7FBD5BF1A7C1}.Debug|Any CPU.Build.0 = Debug|Any CPU
		{9680E799-1A0A-4F23-B41D-7FBD5BF1A7C1}.Debug|x64.ActiveCfg = Debug|Any CPU
		{9680E799-1A0A-4F23-B41D-7FBD5BF1A7C1}.Debug|x64.Build.0 = Debug|Any CPU
		{9680E799-1A0A-4F23-B41D-7FBD5BF1A7C1}.Debug|x86.ActiveCfg = Debug|Any CPU
		{9680E799-1A0A-4F23-B41D-7FBD5BF1A7C1}.Debug|x86.Build.0 = Debug|Any CPU
		{9680E799-1A0A-4F23-B41D-7FBD5BF1A7C1}.Release|Any CPU.ActiveCfg = Release|Any CPU
		{9680E799-1A0A-4F23-B41D-7FBD5BF1A7C1}.Release|Any CPU.Build.0 = Release|Any CPU
		{9680E799-1A0A-4F23-B41D-7FBD5BF1A7C1}.Release|x64.ActiveCfg = Release|Any CPU
		{9680E799-1A0A-4F23-B41D-7FBD5BF1A7C1}.Release|x64.Build.0 = Release|Any CPU
		{9680E799-1A0A-4F23-B41D-7FBD5BF1A7C1}.Release|x86.ActiveCfg = Release|Any CPU
		{9680E799-1A0A-4F23-B41D-7FBD5BF1A7C1}.Release|x86.Build.0 = Release|Any CPU
		{53F8F57B-9F60-403F-A540-12EC6902BAE3}.Debug|Any CPU.ActiveCfg = Debug|Any CPU
		{53F8F57B-9F60-403F-A540-12EC6902BAE3}.Debug|Any CPU.Build.0 = Debug|Any CPU
		{53F8F57B-9F60-403F-A540-12EC6902BAE3}.Debug|x64.ActiveCfg = Debug|Any CPU
		{53F8F57B-9F60-403F-A540-12EC6902BAE3}.Debug|x64.Build.0 = Debug|Any CPU
		{53F8F57B-9F60-403F-A540-12EC6902BAE3}.Debug|x86.ActiveCfg = Debug|Any CPU
		{53F8F57B-9F60-403F-A540-12EC6902BAE3}.Debug|x86.Build.0 = Debug|Any CPU
		{53F8F57B-9F60-403F-A540-12EC6902BAE3}.Release|Any CPU.ActiveCfg = Release|Any CPU
		{53F8F57B-9F60-403F-A540-12EC6902BAE3}.Release|Any CPU.Build.0 = Release|Any CPU
		{53F8F57B-9F60-403F-A540-12EC6902BAE3}.Release|x64.ActiveCfg = Release|Any CPU
		{53F8F57B-9F60-403F-A540-12EC6902BAE3}.Release|x64.Build.0 = Release|Any CPU
		{53F8F57B-9F60-403F-A540-12EC6902BAE3}.Release|x86.ActiveCfg = Release|Any CPU
		{53F8F57B-9F60-403F-A540-12EC6902BAE3}.Release|x86.Build.0 = Release|Any CPU
		{EFB9F58D-5741-48B8-A155-8827BE396EEB}.Debug|Any CPU.ActiveCfg = Debug|Any CPU
		{EFB9F58D-5741-48B8-A155-8827BE396EEB}.Debug|Any CPU.Build.0 = Debug|Any CPU
		{EFB9F58D-5741-48B8-A155-8827BE396EEB}.Debug|x64.ActiveCfg = Debug|Any CPU
		{EFB9F58D-5741-48B8-A155-8827BE396EEB}.Debug|x64.Build.0 = Debug|Any CPU
		{EFB9F58D-5741-48B8-A155-8827BE396EEB}.Debug|x86.ActiveCfg = Debug|Any CPU
		{EFB9F58D-5741-48B8-A155-8827BE396EEB}.Debug|x86.Build.0 = Debug|Any CPU
		{EFB9F58D-5741-48B8-A155-8827BE396EEB}.Release|Any CPU.ActiveCfg = Release|Any CPU
		{EFB9F58D-5741-48B8-A155-8827BE396EEB}.Release|Any CPU.Build.0 = Release|Any CPU
		{EFB9F58D-5741-48B8-A155-8827BE396EEB}.Release|x64.ActiveCfg = Release|Any CPU
		{EFB9F58D-5741-48B8-A155-8827BE396EEB}.Release|x64.Build.0 = Release|Any CPU
		{EFB9F58D-5741-48B8-A155-8827BE396EEB}.Release|x86.ActiveCfg = Release|Any CPU
		{EFB9F58D-5741-48B8-A155-8827BE396EEB}.Release|x86.Build.0 = Release|Any CPU
		{3B325BA0-1192-434F-B8C8-DD122A45D285}.Debug|Any CPU.ActiveCfg = Debug|Any CPU
		{3B325BA0-1192-434F-B8C8-DD122A45D285}.Debug|Any CPU.Build.0 = Debug|Any CPU
		{3B325BA0-1192-434F-B8C8-DD122A45D285}.Debug|x64.ActiveCfg = Debug|Any CPU
		{3B325BA0-1192-434F-B8C8-DD122A45D285}.Debug|x64.Build.0 = Debug|Any CPU
		{3B325BA0-1192-434F-B8C8-DD122A45D285}.Debug|x86.ActiveCfg = Debug|Any CPU
		{3B325BA0-1192-434F-B8C8-DD122A45D285}.Debug|x86.Build.0 = Debug|Any CPU
		{3B325BA0-1192-434F-B8C8-DD122A45D285}.Release|Any CPU.ActiveCfg = Release|Any CPU
		{3B325BA0-1192-434F-B8C8-DD122A45D285}.Release|Any CPU.Build.0 = Release|Any CPU
		{3B325BA0-1192-434F-B8C8-DD122A45D285}.Release|x64.ActiveCfg = Release|Any CPU
		{3B325BA0-1192-434F-B8C8-DD122A45D285}.Release|x64.Build.0 = Release|Any CPU
		{3B325BA0-1192-434F-B8C8-DD122A45D285}.Release|x86.ActiveCfg = Release|Any CPU
		{3B325BA0-1192-434F-B8C8-DD122A45D285}.Release|x86.Build.0 = Release|Any CPU
		{FF5B08D0-6E68-46F8-AAC9-493B0C128391}.Debug|Any CPU.ActiveCfg = Debug|Any CPU
		{FF5B08D0-6E68-46F8-AAC9-493B0C128391}.Debug|Any CPU.Build.0 = Debug|Any CPU
		{FF5B08D0-6E68-46F8-AAC9-493B0C128391}.Debug|x64.ActiveCfg = Debug|Any CPU
		{FF5B08D0-6E68-46F8-AAC9-493B0C128391}.Debug|x64.Build.0 = Debug|Any CPU
		{FF5B08D0-6E68-46F8-AAC9-493B0C128391}.Debug|x86.ActiveCfg = Debug|Any CPU
		{FF5B08D0-6E68-46F8-AAC9-493B0C128391}.Debug|x86.Build.0 = Debug|Any CPU
		{FF5B08D0-6E68-46F8-AAC9-493B0C128391}.Release|Any CPU.ActiveCfg = Release|Any CPU
		{FF5B08D0-6E68-46F8-AAC9-493B0C128391}.Release|Any CPU.Build.0 = Release|Any CPU
		{FF5B08D0-6E68-46F8-AAC9-493B0C128391}.Release|x64.ActiveCfg = Release|Any CPU
		{FF5B08D0-6E68-46F8-AAC9-493B0C128391}.Release|x64.Build.0 = Release|Any CPU
		{FF5B08D0-6E68-46F8-AAC9-493B0C128391}.Release|x86.ActiveCfg = Release|Any CPU
		{FF5B08D0-6E68-46F8-AAC9-493B0C128391}.Release|x86.Build.0 = Release|Any CPU
		{13207EEE-B0A8-4433-B90A-35C4167A6379}.Debug|Any CPU.ActiveCfg = Debug|Any CPU
		{13207EEE-B0A8-4433-B90A-35C4167A6379}.Debug|Any CPU.Build.0 = Debug|Any CPU
		{13207EEE-B0A8-4433-B90A-35C4167A6379}.Debug|x64.ActiveCfg = Debug|Any CPU
		{13207EEE-B0A8-4433-B90A-35C4167A6379}.Debug|x64.Build.0 = Debug|Any CPU
		{13207EEE-B0A8-4433-B90A-35C4167A6379}.Debug|x86.ActiveCfg = Debug|Any CPU
		{13207EEE-B0A8-4433-B90A-35C4167A6379}.Debug|x86.Build.0 = Debug|Any CPU
		{13207EEE-B0A8-4433-B90A-35C4167A6379}.Release|Any CPU.ActiveCfg = Release|Any CPU
		{13207EEE-B0A8-4433-B90A-35C4167A6379}.Release|Any CPU.Build.0 = Release|Any CPU
		{13207EEE-B0A8-4433-B90A-35C4167A6379}.Release|x64.ActiveCfg = Release|Any CPU
		{13207EEE-B0A8-4433-B90A-35C4167A6379}.Release|x64.Build.0 = Release|Any CPU
		{13207EEE-B0A8-4433-B90A-35C4167A6379}.Release|x86.ActiveCfg = Release|Any CPU
		{13207EEE-B0A8-4433-B90A-35C4167A6379}.Release|x86.Build.0 = Release|Any CPU
		{BB985668-51A0-4F85-AE04-34213B44A49B}.Debug|Any CPU.ActiveCfg = Debug|Any CPU
		{BB985668-51A0-4F85-AE04-34213B44A49B}.Debug|Any CPU.Build.0 = Debug|Any CPU
		{BB985668-51A0-4F85-AE04-34213B44A49B}.Debug|x64.ActiveCfg = Debug|Any CPU
		{BB985668-51A0-4F85-AE04-34213B44A49B}.Debug|x64.Build.0 = Debug|Any CPU
		{BB985668-51A0-4F85-AE04-34213B44A49B}.Debug|x86.ActiveCfg = Debug|Any CPU
		{BB985668-51A0-4F85-AE04-34213B44A49B}.Debug|x86.Build.0 = Debug|Any CPU
		{BB985668-51A0-4F85-AE04-34213B44A49B}.Release|Any CPU.ActiveCfg = Release|Any CPU
		{BB985668-51A0-4F85-AE04-34213B44A49B}.Release|Any CPU.Build.0 = Release|Any CPU
		{BB985668-51A0-4F85-AE04-34213B44A49B}.Release|x64.ActiveCfg = Release|Any CPU
		{BB985668-51A0-4F85-AE04-34213B44A49B}.Release|x64.Build.0 = Release|Any CPU
		{BB985668-51A0-4F85-AE04-34213B44A49B}.Release|x86.ActiveCfg = Release|Any CPU
		{BB985668-51A0-4F85-AE04-34213B44A49B}.Release|x86.Build.0 = Release|Any CPU
		{AF1D64FD-537A-469E-A0E2-E95E20A3BDD2}.Debug|Any CPU.ActiveCfg = Debug|Any CPU
		{AF1D64FD-537A-469E-A0E2-E95E20A3BDD2}.Debug|Any CPU.Build.0 = Debug|Any CPU
		{AF1D64FD-537A-469E-A0E2-E95E20A3BDD2}.Debug|x64.ActiveCfg = Debug|Any CPU
		{AF1D64FD-537A-469E-A0E2-E95E20A3BDD2}.Debug|x64.Build.0 = Debug|Any CPU
		{AF1D64FD-537A-469E-A0E2-E95E20A3BDD2}.Debug|x86.ActiveCfg = Debug|Any CPU
		{AF1D64FD-537A-469E-A0E2-E95E20A3BDD2}.Debug|x86.Build.0 = Debug|Any CPU
		{AF1D64FD-537A-469E-A0E2-E95E20A3BDD2}.Release|Any CPU.ActiveCfg = Release|Any CPU
		{AF1D64FD-537A-469E-A0E2-E95E20A3BDD2}.Release|Any CPU.Build.0 = Release|Any CPU
		{AF1D64FD-537A-469E-A0E2-E95E20A3BDD2}.Release|x64.ActiveCfg = Release|Any CPU
		{AF1D64FD-537A-469E-A0E2-E95E20A3BDD2}.Release|x64.Build.0 = Release|Any CPU
		{AF1D64FD-537A-469E-A0E2-E95E20A3BDD2}.Release|x86.ActiveCfg = Release|Any CPU
		{AF1D64FD-537A-469E-A0E2-E95E20A3BDD2}.Release|x86.Build.0 = Release|Any CPU
		{70591B38-C610-4887-8AFB-DC97040F7DF3}.Debug|Any CPU.ActiveCfg = Debug|Any CPU
		{70591B38-C610-4887-8AFB-DC97040F7DF3}.Debug|Any CPU.Build.0 = Debug|Any CPU
		{70591B38-C610-4887-8AFB-DC97040F7DF3}.Debug|x64.ActiveCfg = Debug|Any CPU
		{70591B38-C610-4887-8AFB-DC97040F7DF3}.Debug|x64.Build.0 = Debug|Any CPU
		{70591B38-C610-4887-8AFB-DC97040F7DF3}.Debug|x86.ActiveCfg = Debug|Any CPU
		{70591B38-C610-4887-8AFB-DC97040F7DF3}.Debug|x86.Build.0 = Debug|Any CPU
		{70591B38-C610-4887-8AFB-DC97040F7DF3}.Release|Any CPU.ActiveCfg = Release|Any CPU
		{70591B38-C610-4887-8AFB-DC97040F7DF3}.Release|Any CPU.Build.0 = Release|Any CPU
		{70591B38-C610-4887-8AFB-DC97040F7DF3}.Release|x64.ActiveCfg = Release|Any CPU
		{70591B38-C610-4887-8AFB-DC97040F7DF3}.Release|x64.Build.0 = Release|Any CPU
		{70591B38-C610-4887-8AFB-DC97040F7DF3}.Release|x86.ActiveCfg = Release|Any CPU
		{70591B38-C610-4887-8AFB-DC97040F7DF3}.Release|x86.Build.0 = Release|Any CPU
		{C759D216-346D-4922-841F-057922F722B2}.Debug|Any CPU.ActiveCfg = Debug|Any CPU
		{C759D216-346D-4922-841F-057922F722B2}.Debug|Any CPU.Build.0 = Debug|Any CPU
		{C759D216-346D-4922-841F-057922F722B2}.Debug|x64.ActiveCfg = Debug|Any CPU
		{C759D216-346D-4922-841F-057922F722B2}.Debug|x64.Build.0 = Debug|Any CPU
		{C759D216-346D-4922-841F-057922F722B2}.Debug|x86.ActiveCfg = Debug|Any CPU
		{C759D216-346D-4922-841F-057922F722B2}.Debug|x86.Build.0 = Debug|Any CPU
		{C759D216-346D-4922-841F-057922F722B2}.Release|Any CPU.ActiveCfg = Release|Any CPU
		{C759D216-346D-4922-841F-057922F722B2}.Release|Any CPU.Build.0 = Release|Any CPU
		{C759D216-346D-4922-841F-057922F722B2}.Release|x64.ActiveCfg = Release|Any CPU
		{C759D216-346D-4922-841F-057922F722B2}.Release|x64.Build.0 = Release|Any CPU
		{C759D216-346D-4922-841F-057922F722B2}.Release|x86.ActiveCfg = Release|Any CPU
		{C759D216-346D-4922-841F-057922F722B2}.Release|x86.Build.0 = Release|Any CPU
		{D51C823A-0D6F-45E1-8A7C-D45E4FE50115}.Debug|Any CPU.ActiveCfg = Debug|Any CPU
		{D51C823A-0D6F-45E1-8A7C-D45E4FE50115}.Debug|Any CPU.Build.0 = Debug|Any CPU
		{D51C823A-0D6F-45E1-8A7C-D45E4FE50115}.Debug|x64.ActiveCfg = Debug|Any CPU
		{D51C823A-0D6F-45E1-8A7C-D45E4FE50115}.Debug|x64.Build.0 = Debug|Any CPU
		{D51C823A-0D6F-45E1-8A7C-D45E4FE50115}.Debug|x86.ActiveCfg = Debug|Any CPU
		{D51C823A-0D6F-45E1-8A7C-D45E4FE50115}.Debug|x86.Build.0 = Debug|Any CPU
		{D51C823A-0D6F-45E1-8A7C-D45E4FE50115}.Release|Any CPU.ActiveCfg = Release|Any CPU
		{D51C823A-0D6F-45E1-8A7C-D45E4FE50115}.Release|Any CPU.Build.0 = Release|Any CPU
		{D51C823A-0D6F-45E1-8A7C-D45E4FE50115}.Release|x64.ActiveCfg = Release|Any CPU
		{D51C823A-0D6F-45E1-8A7C-D45E4FE50115}.Release|x64.Build.0 = Release|Any CPU
		{D51C823A-0D6F-45E1-8A7C-D45E4FE50115}.Release|x86.ActiveCfg = Release|Any CPU
		{D51C823A-0D6F-45E1-8A7C-D45E4FE50115}.Release|x86.Build.0 = Release|Any CPU
		{B39E4561-110B-4015-9657-734262471C7D}.Debug|Any CPU.ActiveCfg = Debug|Any CPU
		{B39E4561-110B-4015-9657-734262471C7D}.Debug|Any CPU.Build.0 = Debug|Any CPU
		{B39E4561-110B-4015-9657-734262471C7D}.Debug|x64.ActiveCfg = Debug|Any CPU
		{B39E4561-110B-4015-9657-734262471C7D}.Debug|x64.Build.0 = Debug|Any CPU
		{B39E4561-110B-4015-9657-734262471C7D}.Debug|x86.ActiveCfg = Debug|Any CPU
		{B39E4561-110B-4015-9657-734262471C7D}.Debug|x86.Build.0 = Debug|Any CPU
		{B39E4561-110B-4015-9657-734262471C7D}.Release|Any CPU.ActiveCfg = Release|Any CPU
		{B39E4561-110B-4015-9657-734262471C7D}.Release|Any CPU.Build.0 = Release|Any CPU
		{B39E4561-110B-4015-9657-734262471C7D}.Release|x64.ActiveCfg = Release|Any CPU
		{B39E4561-110B-4015-9657-734262471C7D}.Release|x64.Build.0 = Release|Any CPU
		{B39E4561-110B-4015-9657-734262471C7D}.Release|x86.ActiveCfg = Release|Any CPU
		{B39E4561-110B-4015-9657-734262471C7D}.Release|x86.Build.0 = Release|Any CPU
		{05E521FE-D3D8-4049-A6CC-7265084E3836}.Debug|Any CPU.ActiveCfg = Debug|Any CPU
		{05E521FE-D3D8-4049-A6CC-7265084E3836}.Debug|Any CPU.Build.0 = Debug|Any CPU
		{05E521FE-D3D8-4049-A6CC-7265084E3836}.Debug|x64.ActiveCfg = Debug|Any CPU
		{05E521FE-D3D8-4049-A6CC-7265084E3836}.Debug|x64.Build.0 = Debug|Any CPU
		{05E521FE-D3D8-4049-A6CC-7265084E3836}.Debug|x86.ActiveCfg = Debug|Any CPU
		{05E521FE-D3D8-4049-A6CC-7265084E3836}.Debug|x86.Build.0 = Debug|Any CPU
		{05E521FE-D3D8-4049-A6CC-7265084E3836}.Release|Any CPU.ActiveCfg = Release|Any CPU
		{05E521FE-D3D8-4049-A6CC-7265084E3836}.Release|Any CPU.Build.0 = Release|Any CPU
		{05E521FE-D3D8-4049-A6CC-7265084E3836}.Release|x64.ActiveCfg = Release|Any CPU
		{05E521FE-D3D8-4049-A6CC-7265084E3836}.Release|x64.Build.0 = Release|Any CPU
		{05E521FE-D3D8-4049-A6CC-7265084E3836}.Release|x86.ActiveCfg = Release|Any CPU
		{05E521FE-D3D8-4049-A6CC-7265084E3836}.Release|x86.Build.0 = Release|Any CPU
		{1C235504-B191-4254-B88C-46F276AABB41}.Debug|Any CPU.ActiveCfg = Debug|Any CPU
		{1C235504-B191-4254-B88C-46F276AABB41}.Debug|Any CPU.Build.0 = Debug|Any CPU
		{1C235504-B191-4254-B88C-46F276AABB41}.Debug|x64.ActiveCfg = Debug|Any CPU
		{1C235504-B191-4254-B88C-46F276AABB41}.Debug|x64.Build.0 = Debug|Any CPU
		{1C235504-B191-4254-B88C-46F276AABB41}.Debug|x86.ActiveCfg = Debug|Any CPU
		{1C235504-B191-4254-B88C-46F276AABB41}.Debug|x86.Build.0 = Debug|Any CPU
		{1C235504-B191-4254-B88C-46F276AABB41}.Release|Any CPU.ActiveCfg = Release|Any CPU
		{1C235504-B191-4254-B88C-46F276AABB41}.Release|Any CPU.Build.0 = Release|Any CPU
		{1C235504-B191-4254-B88C-46F276AABB41}.Release|x64.ActiveCfg = Release|Any CPU
		{1C235504-B191-4254-B88C-46F276AABB41}.Release|x64.Build.0 = Release|Any CPU
		{1C235504-B191-4254-B88C-46F276AABB41}.Release|x86.ActiveCfg = Release|Any CPU
		{1C235504-B191-4254-B88C-46F276AABB41}.Release|x86.Build.0 = Release|Any CPU
		{E89F223B-1CDE-462E-817E-365BA3B97976}.Debug|Any CPU.ActiveCfg = Debug|Any CPU
		{E89F223B-1CDE-462E-817E-365BA3B97976}.Debug|Any CPU.Build.0 = Debug|Any CPU
		{E89F223B-1CDE-462E-817E-365BA3B97976}.Debug|x64.ActiveCfg = Debug|Any CPU
		{E89F223B-1CDE-462E-817E-365BA3B97976}.Debug|x64.Build.0 = Debug|Any CPU
		{E89F223B-1CDE-462E-817E-365BA3B97976}.Debug|x86.ActiveCfg = Debug|Any CPU
		{E89F223B-1CDE-462E-817E-365BA3B97976}.Debug|x86.Build.0 = Debug|Any CPU
		{E89F223B-1CDE-462E-817E-365BA3B97976}.Release|Any CPU.ActiveCfg = Release|Any CPU
		{E89F223B-1CDE-462E-817E-365BA3B97976}.Release|Any CPU.Build.0 = Release|Any CPU
		{E89F223B-1CDE-462E-817E-365BA3B97976}.Release|x64.ActiveCfg = Release|Any CPU
		{E89F223B-1CDE-462E-817E-365BA3B97976}.Release|x64.Build.0 = Release|Any CPU
		{E89F223B-1CDE-462E-817E-365BA3B97976}.Release|x86.ActiveCfg = Release|Any CPU
		{E89F223B-1CDE-462E-817E-365BA3B97976}.Release|x86.Build.0 = Release|Any CPU
		{90823423-1D3B-4C1D-945B-25851ED152EB}.Debug|Any CPU.ActiveCfg = Debug|Any CPU
		{90823423-1D3B-4C1D-945B-25851ED152EB}.Debug|Any CPU.Build.0 = Debug|Any CPU
		{90823423-1D3B-4C1D-945B-25851ED152EB}.Debug|x64.ActiveCfg = Debug|Any CPU
		{90823423-1D3B-4C1D-945B-25851ED152EB}.Debug|x64.Build.0 = Debug|Any CPU
		{90823423-1D3B-4C1D-945B-25851ED152EB}.Debug|x86.ActiveCfg = Debug|Any CPU
		{90823423-1D3B-4C1D-945B-25851ED152EB}.Debug|x86.Build.0 = Debug|Any CPU
		{90823423-1D3B-4C1D-945B-25851ED152EB}.Release|Any CPU.ActiveCfg = Release|Any CPU
		{90823423-1D3B-4C1D-945B-25851ED152EB}.Release|Any CPU.Build.0 = Release|Any CPU
		{90823423-1D3B-4C1D-945B-25851ED152EB}.Release|x64.ActiveCfg = Release|Any CPU
		{90823423-1D3B-4C1D-945B-25851ED152EB}.Release|x64.Build.0 = Release|Any CPU
		{90823423-1D3B-4C1D-945B-25851ED152EB}.Release|x86.ActiveCfg = Release|Any CPU
		{90823423-1D3B-4C1D-945B-25851ED152EB}.Release|x86.Build.0 = Release|Any CPU
		{CC50E9FE-B5B6-40CE-8A92-BFF9880AFF9C}.Debug|Any CPU.ActiveCfg = Debug|Any CPU
		{CC50E9FE-B5B6-40CE-8A92-BFF9880AFF9C}.Debug|Any CPU.Build.0 = Debug|Any CPU
		{CC50E9FE-B5B6-40CE-8A92-BFF9880AFF9C}.Debug|x64.ActiveCfg = Debug|Any CPU
		{CC50E9FE-B5B6-40CE-8A92-BFF9880AFF9C}.Debug|x64.Build.0 = Debug|Any CPU
		{CC50E9FE-B5B6-40CE-8A92-BFF9880AFF9C}.Debug|x86.ActiveCfg = Debug|Any CPU
		{CC50E9FE-B5B6-40CE-8A92-BFF9880AFF9C}.Debug|x86.Build.0 = Debug|Any CPU
		{CC50E9FE-B5B6-40CE-8A92-BFF9880AFF9C}.Release|Any CPU.ActiveCfg = Release|Any CPU
		{CC50E9FE-B5B6-40CE-8A92-BFF9880AFF9C}.Release|Any CPU.Build.0 = Release|Any CPU
		{CC50E9FE-B5B6-40CE-8A92-BFF9880AFF9C}.Release|x64.ActiveCfg = Release|Any CPU
		{CC50E9FE-B5B6-40CE-8A92-BFF9880AFF9C}.Release|x64.Build.0 = Release|Any CPU
		{CC50E9FE-B5B6-40CE-8A92-BFF9880AFF9C}.Release|x86.ActiveCfg = Release|Any CPU
		{CC50E9FE-B5B6-40CE-8A92-BFF9880AFF9C}.Release|x86.Build.0 = Release|Any CPU
		{3960CA65-C86B-45BE-83BF-48E0573A2BB8}.Debug|Any CPU.ActiveCfg = Debug|Any CPU
		{3960CA65-C86B-45BE-83BF-48E0573A2BB8}.Debug|Any CPU.Build.0 = Debug|Any CPU
		{3960CA65-C86B-45BE-83BF-48E0573A2BB8}.Debug|x64.ActiveCfg = Debug|Any CPU
		{3960CA65-C86B-45BE-83BF-48E0573A2BB8}.Debug|x64.Build.0 = Debug|Any CPU
		{3960CA65-C86B-45BE-83BF-48E0573A2BB8}.Debug|x86.ActiveCfg = Debug|Any CPU
		{3960CA65-C86B-45BE-83BF-48E0573A2BB8}.Debug|x86.Build.0 = Debug|Any CPU
		{3960CA65-C86B-45BE-83BF-48E0573A2BB8}.Release|Any CPU.ActiveCfg = Release|Any CPU
		{3960CA65-C86B-45BE-83BF-48E0573A2BB8}.Release|Any CPU.Build.0 = Release|Any CPU
		{3960CA65-C86B-45BE-83BF-48E0573A2BB8}.Release|x64.ActiveCfg = Release|Any CPU
		{3960CA65-C86B-45BE-83BF-48E0573A2BB8}.Release|x64.Build.0 = Release|Any CPU
		{3960CA65-C86B-45BE-83BF-48E0573A2BB8}.Release|x86.ActiveCfg = Release|Any CPU
		{3960CA65-C86B-45BE-83BF-48E0573A2BB8}.Release|x86.Build.0 = Release|Any CPU
		{2E27879C-141A-4AD2-B49E-F476FF304A43}.Debug|Any CPU.ActiveCfg = Debug|Any CPU
		{2E27879C-141A-4AD2-B49E-F476FF304A43}.Debug|Any CPU.Build.0 = Debug|Any CPU
		{2E27879C-141A-4AD2-B49E-F476FF304A43}.Debug|x64.ActiveCfg = Debug|Any CPU
		{2E27879C-141A-4AD2-B49E-F476FF304A43}.Debug|x64.Build.0 = Debug|Any CPU
		{2E27879C-141A-4AD2-B49E-F476FF304A43}.Debug|x86.ActiveCfg = Debug|Any CPU
		{2E27879C-141A-4AD2-B49E-F476FF304A43}.Debug|x86.Build.0 = Debug|Any CPU
		{2E27879C-141A-4AD2-B49E-F476FF304A43}.Release|Any CPU.ActiveCfg = Release|Any CPU
		{2E27879C-141A-4AD2-B49E-F476FF304A43}.Release|Any CPU.Build.0 = Release|Any CPU
		{2E27879C-141A-4AD2-B49E-F476FF304A43}.Release|x64.ActiveCfg = Release|Any CPU
		{2E27879C-141A-4AD2-B49E-F476FF304A43}.Release|x64.Build.0 = Release|Any CPU
		{2E27879C-141A-4AD2-B49E-F476FF304A43}.Release|x86.ActiveCfg = Release|Any CPU
		{2E27879C-141A-4AD2-B49E-F476FF304A43}.Release|x86.Build.0 = Release|Any CPU
		{08B5DF2E-6E17-42D0-B78F-2F807CCC4D46}.Debug|Any CPU.ActiveCfg = Debug|Any CPU
		{08B5DF2E-6E17-42D0-B78F-2F807CCC4D46}.Debug|Any CPU.Build.0 = Debug|Any CPU
		{08B5DF2E-6E17-42D0-B78F-2F807CCC4D46}.Debug|x64.ActiveCfg = Debug|Any CPU
		{08B5DF2E-6E17-42D0-B78F-2F807CCC4D46}.Debug|x64.Build.0 = Debug|Any CPU
		{08B5DF2E-6E17-42D0-B78F-2F807CCC4D46}.Debug|x86.ActiveCfg = Debug|Any CPU
		{08B5DF2E-6E17-42D0-B78F-2F807CCC4D46}.Debug|x86.Build.0 = Debug|Any CPU
		{08B5DF2E-6E17-42D0-B78F-2F807CCC4D46}.Release|Any CPU.ActiveCfg = Release|Any CPU
		{08B5DF2E-6E17-42D0-B78F-2F807CCC4D46}.Release|Any CPU.Build.0 = Release|Any CPU
		{08B5DF2E-6E17-42D0-B78F-2F807CCC4D46}.Release|x64.ActiveCfg = Release|Any CPU
		{08B5DF2E-6E17-42D0-B78F-2F807CCC4D46}.Release|x64.Build.0 = Release|Any CPU
		{08B5DF2E-6E17-42D0-B78F-2F807CCC4D46}.Release|x86.ActiveCfg = Release|Any CPU
		{08B5DF2E-6E17-42D0-B78F-2F807CCC4D46}.Release|x86.Build.0 = Release|Any CPU
		{DB3A3E65-F8F4-4660-8444-1A6DF8B1B494}.Debug|Any CPU.ActiveCfg = Debug|Any CPU
		{DB3A3E65-F8F4-4660-8444-1A6DF8B1B494}.Debug|Any CPU.Build.0 = Debug|Any CPU
		{DB3A3E65-F8F4-4660-8444-1A6DF8B1B494}.Debug|x64.ActiveCfg = Debug|Any CPU
		{DB3A3E65-F8F4-4660-8444-1A6DF8B1B494}.Debug|x64.Build.0 = Debug|Any CPU
		{DB3A3E65-F8F4-4660-8444-1A6DF8B1B494}.Debug|x86.ActiveCfg = Debug|Any CPU
		{DB3A3E65-F8F4-4660-8444-1A6DF8B1B494}.Debug|x86.Build.0 = Debug|Any CPU
		{DB3A3E65-F8F4-4660-8444-1A6DF8B1B494}.Release|Any CPU.ActiveCfg = Release|Any CPU
		{DB3A3E65-F8F4-4660-8444-1A6DF8B1B494}.Release|Any CPU.Build.0 = Release|Any CPU
		{DB3A3E65-F8F4-4660-8444-1A6DF8B1B494}.Release|x64.ActiveCfg = Release|Any CPU
		{DB3A3E65-F8F4-4660-8444-1A6DF8B1B494}.Release|x64.Build.0 = Release|Any CPU
		{DB3A3E65-F8F4-4660-8444-1A6DF8B1B494}.Release|x86.ActiveCfg = Release|Any CPU
		{DB3A3E65-F8F4-4660-8444-1A6DF8B1B494}.Release|x86.Build.0 = Release|Any CPU
		{5917D0F6-1D8B-4A33-AC9A-477620D2F34A}.Debug|Any CPU.ActiveCfg = Debug|Any CPU
		{5917D0F6-1D8B-4A33-AC9A-477620D2F34A}.Debug|Any CPU.Build.0 = Debug|Any CPU
		{5917D0F6-1D8B-4A33-AC9A-477620D2F34A}.Debug|x64.ActiveCfg = Debug|Any CPU
		{5917D0F6-1D8B-4A33-AC9A-477620D2F34A}.Debug|x64.Build.0 = Debug|Any CPU
		{5917D0F6-1D8B-4A33-AC9A-477620D2F34A}.Debug|x86.ActiveCfg = Debug|Any CPU
		{5917D0F6-1D8B-4A33-AC9A-477620D2F34A}.Debug|x86.Build.0 = Debug|Any CPU
		{5917D0F6-1D8B-4A33-AC9A-477620D2F34A}.Release|Any CPU.ActiveCfg = Release|Any CPU
		{5917D0F6-1D8B-4A33-AC9A-477620D2F34A}.Release|Any CPU.Build.0 = Release|Any CPU
		{5917D0F6-1D8B-4A33-AC9A-477620D2F34A}.Release|x64.ActiveCfg = Release|Any CPU
		{5917D0F6-1D8B-4A33-AC9A-477620D2F34A}.Release|x64.Build.0 = Release|Any CPU
		{5917D0F6-1D8B-4A33-AC9A-477620D2F34A}.Release|x86.ActiveCfg = Release|Any CPU
		{5917D0F6-1D8B-4A33-AC9A-477620D2F34A}.Release|x86.Build.0 = Release|Any CPU
		{8E019E09-C19A-44AF-A932-A6F4FB57638B}.Debug|Any CPU.ActiveCfg = Debug|Any CPU
		{8E019E09-C19A-44AF-A932-A6F4FB57638B}.Debug|Any CPU.Build.0 = Debug|Any CPU
		{8E019E09-C19A-44AF-A932-A6F4FB57638B}.Debug|x64.ActiveCfg = Debug|Any CPU
		{8E019E09-C19A-44AF-A932-A6F4FB57638B}.Debug|x64.Build.0 = Debug|Any CPU
		{8E019E09-C19A-44AF-A932-A6F4FB57638B}.Debug|x86.ActiveCfg = Debug|Any CPU
		{8E019E09-C19A-44AF-A932-A6F4FB57638B}.Debug|x86.Build.0 = Debug|Any CPU
		{8E019E09-C19A-44AF-A932-A6F4FB57638B}.Release|Any CPU.ActiveCfg = Release|Any CPU
		{8E019E09-C19A-44AF-A932-A6F4FB57638B}.Release|Any CPU.Build.0 = Release|Any CPU
		{8E019E09-C19A-44AF-A932-A6F4FB57638B}.Release|x64.ActiveCfg = Release|Any CPU
		{8E019E09-C19A-44AF-A932-A6F4FB57638B}.Release|x64.Build.0 = Release|Any CPU
		{8E019E09-C19A-44AF-A932-A6F4FB57638B}.Release|x86.ActiveCfg = Release|Any CPU
		{8E019E09-C19A-44AF-A932-A6F4FB57638B}.Release|x86.Build.0 = Release|Any CPU
		{345F3932-A07D-4B11-94B2-B9CA7C9758D8}.Debug|Any CPU.ActiveCfg = Debug|Any CPU
		{345F3932-A07D-4B11-94B2-B9CA7C9758D8}.Debug|Any CPU.Build.0 = Debug|Any CPU
		{345F3932-A07D-4B11-94B2-B9CA7C9758D8}.Debug|x64.ActiveCfg = Debug|Any CPU
		{345F3932-A07D-4B11-94B2-B9CA7C9758D8}.Debug|x64.Build.0 = Debug|Any CPU
		{345F3932-A07D-4B11-94B2-B9CA7C9758D8}.Debug|x86.ActiveCfg = Debug|Any CPU
		{345F3932-A07D-4B11-94B2-B9CA7C9758D8}.Debug|x86.Build.0 = Debug|Any CPU
		{345F3932-A07D-4B11-94B2-B9CA7C9758D8}.Release|Any CPU.ActiveCfg = Release|Any CPU
		{345F3932-A07D-4B11-94B2-B9CA7C9758D8}.Release|Any CPU.Build.0 = Release|Any CPU
		{345F3932-A07D-4B11-94B2-B9CA7C9758D8}.Release|x64.ActiveCfg = Release|Any CPU
		{345F3932-A07D-4B11-94B2-B9CA7C9758D8}.Release|x64.Build.0 = Release|Any CPU
		{345F3932-A07D-4B11-94B2-B9CA7C9758D8}.Release|x86.ActiveCfg = Release|Any CPU
		{345F3932-A07D-4B11-94B2-B9CA7C9758D8}.Release|x86.Build.0 = Release|Any CPU
		{617984FC-8A49-40BA-ADD3-14D9106E23DD}.Debug|Any CPU.ActiveCfg = Debug|Any CPU
		{617984FC-8A49-40BA-ADD3-14D9106E23DD}.Debug|Any CPU.Build.0 = Debug|Any CPU
		{617984FC-8A49-40BA-ADD3-14D9106E23DD}.Debug|x64.ActiveCfg = Debug|Any CPU
		{617984FC-8A49-40BA-ADD3-14D9106E23DD}.Debug|x64.Build.0 = Debug|Any CPU
		{617984FC-8A49-40BA-ADD3-14D9106E23DD}.Debug|x86.ActiveCfg = Debug|Any CPU
		{617984FC-8A49-40BA-ADD3-14D9106E23DD}.Debug|x86.Build.0 = Debug|Any CPU
		{617984FC-8A49-40BA-ADD3-14D9106E23DD}.Release|Any CPU.ActiveCfg = Release|Any CPU
		{617984FC-8A49-40BA-ADD3-14D9106E23DD}.Release|Any CPU.Build.0 = Release|Any CPU
		{617984FC-8A49-40BA-ADD3-14D9106E23DD}.Release|x64.ActiveCfg = Release|Any CPU
		{617984FC-8A49-40BA-ADD3-14D9106E23DD}.Release|x64.Build.0 = Release|Any CPU
		{617984FC-8A49-40BA-ADD3-14D9106E23DD}.Release|x86.ActiveCfg = Release|Any CPU
		{617984FC-8A49-40BA-ADD3-14D9106E23DD}.Release|x86.Build.0 = Release|Any CPU
		{D3A43A1B-2FF0-4056-AA7A-D7A2892B23A0}.Debug|Any CPU.ActiveCfg = Debug|Any CPU
		{D3A43A1B-2FF0-4056-AA7A-D7A2892B23A0}.Debug|Any CPU.Build.0 = Debug|Any CPU
		{D3A43A1B-2FF0-4056-AA7A-D7A2892B23A0}.Debug|x64.ActiveCfg = Debug|Any CPU
		{D3A43A1B-2FF0-4056-AA7A-D7A2892B23A0}.Debug|x64.Build.0 = Debug|Any CPU
		{D3A43A1B-2FF0-4056-AA7A-D7A2892B23A0}.Debug|x86.ActiveCfg = Debug|Any CPU
		{D3A43A1B-2FF0-4056-AA7A-D7A2892B23A0}.Debug|x86.Build.0 = Debug|Any CPU
		{D3A43A1B-2FF0-4056-AA7A-D7A2892B23A0}.Release|Any CPU.ActiveCfg = Release|Any CPU
		{D3A43A1B-2FF0-4056-AA7A-D7A2892B23A0}.Release|Any CPU.Build.0 = Release|Any CPU
		{D3A43A1B-2FF0-4056-AA7A-D7A2892B23A0}.Release|x64.ActiveCfg = Release|Any CPU
		{D3A43A1B-2FF0-4056-AA7A-D7A2892B23A0}.Release|x64.Build.0 = Release|Any CPU
		{D3A43A1B-2FF0-4056-AA7A-D7A2892B23A0}.Release|x86.ActiveCfg = Release|Any CPU
		{D3A43A1B-2FF0-4056-AA7A-D7A2892B23A0}.Release|x86.Build.0 = Release|Any CPU
		{500AB1BA-78F2-4A4D-99B8-5F734C621848}.Debug|Any CPU.ActiveCfg = Debug|Any CPU
		{500AB1BA-78F2-4A4D-99B8-5F734C621848}.Debug|Any CPU.Build.0 = Debug|Any CPU
		{500AB1BA-78F2-4A4D-99B8-5F734C621848}.Debug|x64.ActiveCfg = Debug|Any CPU
		{500AB1BA-78F2-4A4D-99B8-5F734C621848}.Debug|x64.Build.0 = Debug|Any CPU
		{500AB1BA-78F2-4A4D-99B8-5F734C621848}.Debug|x86.ActiveCfg = Debug|Any CPU
		{500AB1BA-78F2-4A4D-99B8-5F734C621848}.Debug|x86.Build.0 = Debug|Any CPU
		{500AB1BA-78F2-4A4D-99B8-5F734C621848}.Release|Any CPU.ActiveCfg = Release|Any CPU
		{500AB1BA-78F2-4A4D-99B8-5F734C621848}.Release|Any CPU.Build.0 = Release|Any CPU
		{500AB1BA-78F2-4A4D-99B8-5F734C621848}.Release|x64.ActiveCfg = Release|Any CPU
		{500AB1BA-78F2-4A4D-99B8-5F734C621848}.Release|x64.Build.0 = Release|Any CPU
		{500AB1BA-78F2-4A4D-99B8-5F734C621848}.Release|x86.ActiveCfg = Release|Any CPU
		{500AB1BA-78F2-4A4D-99B8-5F734C621848}.Release|x86.Build.0 = Release|Any CPU
		{6F35DCD5-E16A-4014-B280-5A30E63971EB}.Debug|Any CPU.ActiveCfg = Debug|Any CPU
		{6F35DCD5-E16A-4014-B280-5A30E63971EB}.Debug|Any CPU.Build.0 = Debug|Any CPU
		{6F35DCD5-E16A-4014-B280-5A30E63971EB}.Debug|x64.ActiveCfg = Debug|Any CPU
		{6F35DCD5-E16A-4014-B280-5A30E63971EB}.Debug|x64.Build.0 = Debug|Any CPU
		{6F35DCD5-E16A-4014-B280-5A30E63971EB}.Debug|x86.ActiveCfg = Debug|Any CPU
		{6F35DCD5-E16A-4014-B280-5A30E63971EB}.Debug|x86.Build.0 = Debug|Any CPU
		{6F35DCD5-E16A-4014-B280-5A30E63971EB}.Release|Any CPU.ActiveCfg = Release|Any CPU
		{6F35DCD5-E16A-4014-B280-5A30E63971EB}.Release|Any CPU.Build.0 = Release|Any CPU
		{6F35DCD5-E16A-4014-B280-5A30E63971EB}.Release|x64.ActiveCfg = Release|Any CPU
		{6F35DCD5-E16A-4014-B280-5A30E63971EB}.Release|x64.Build.0 = Release|Any CPU
		{6F35DCD5-E16A-4014-B280-5A30E63971EB}.Release|x86.ActiveCfg = Release|Any CPU
		{6F35DCD5-E16A-4014-B280-5A30E63971EB}.Release|x86.Build.0 = Release|Any CPU
		{EA1FB4C9-EEFB-4D21-9298-5D6D2167D293}.Debug|Any CPU.ActiveCfg = Debug|Any CPU
		{EA1FB4C9-EEFB-4D21-9298-5D6D2167D293}.Debug|Any CPU.Build.0 = Debug|Any CPU
		{EA1FB4C9-EEFB-4D21-9298-5D6D2167D293}.Debug|x64.ActiveCfg = Debug|Any CPU
		{EA1FB4C9-EEFB-4D21-9298-5D6D2167D293}.Debug|x64.Build.0 = Debug|Any CPU
		{EA1FB4C9-EEFB-4D21-9298-5D6D2167D293}.Debug|x86.ActiveCfg = Debug|Any CPU
		{EA1FB4C9-EEFB-4D21-9298-5D6D2167D293}.Debug|x86.Build.0 = Debug|Any CPU
		{EA1FB4C9-EEFB-4D21-9298-5D6D2167D293}.Release|Any CPU.ActiveCfg = Release|Any CPU
		{EA1FB4C9-EEFB-4D21-9298-5D6D2167D293}.Release|Any CPU.Build.0 = Release|Any CPU
		{EA1FB4C9-EEFB-4D21-9298-5D6D2167D293}.Release|x64.ActiveCfg = Release|Any CPU
		{EA1FB4C9-EEFB-4D21-9298-5D6D2167D293}.Release|x64.Build.0 = Release|Any CPU
		{EA1FB4C9-EEFB-4D21-9298-5D6D2167D293}.Release|x86.ActiveCfg = Release|Any CPU
		{EA1FB4C9-EEFB-4D21-9298-5D6D2167D293}.Release|x86.Build.0 = Release|Any CPU
	EndGlobalSection
	GlobalSection(SolutionProperties) = preSolution
		HideSolutionNode = FALSE
	EndGlobalSection
	GlobalSection(NestedProjects) = preSolution
		{CEB2AD5B-A86B-4F12-8865-A60466DD9D4A} = {827E0CD3-B72D-47B6-A68D-7590B98EB39B}
		{F2A85920-C54D-48EA-9A24-7310752407FE} = {827E0CD3-B72D-47B6-A68D-7590B98EB39B}
		{78304EBF-B712-4CEC-AA9D-8C80D93FCAD4} = {827E0CD3-B72D-47B6-A68D-7590B98EB39B}
		{615B66D7-5C9D-4DC5-BC34-A156E5E93A56} = {827E0CD3-B72D-47B6-A68D-7590B98EB39B}
		{E0552997-98B6-4C68-88E2-698DD9366A4A} = {827E0CD3-B72D-47B6-A68D-7590B98EB39B}
		{A79F7F45-1ADB-489E-8CAB-522F812228AF} = {827E0CD3-B72D-47B6-A68D-7590B98EB39B}
		{C3E3FA64-463D-42B4-9DA6-CB643B7AF687} = {827E0CD3-B72D-47B6-A68D-7590B98EB39B}
		{9FE471BB-48B4-474C-8A17-BEF2C6EE517E} = {827E0CD3-B72D-47B6-A68D-7590B98EB39B}
		{0811FF25-6702-4FA6-83DF-1C51B01E989F} = {827E0CD3-B72D-47B6-A68D-7590B98EB39B}
		{E8E874F3-E940-4168-9C5B-AC0B431E7F28} = {827E0CD3-B72D-47B6-A68D-7590B98EB39B}
		{C29F6114-908A-4EEE-ADF9-0034DE956BC9} = {827E0CD3-B72D-47B6-A68D-7590B98EB39B}
		{9680E799-1A0A-4F23-B41D-7FBD5BF1A7C1} = {827E0CD3-B72D-47B6-A68D-7590B98EB39B}
		{53F8F57B-9F60-403F-A540-12EC6902BAE3} = {827E0CD3-B72D-47B6-A68D-7590B98EB39B}
		{EFB9F58D-5741-48B8-A155-8827BE396EEB} = {827E0CD3-B72D-47B6-A68D-7590B98EB39B}
		{3B325BA0-1192-434F-B8C8-DD122A45D285} = {827E0CD3-B72D-47B6-A68D-7590B98EB39B}
		{FF5B08D0-6E68-46F8-AAC9-493B0C128391} = {827E0CD3-B72D-47B6-A68D-7590B98EB39B}
		{13207EEE-B0A8-4433-B90A-35C4167A6379} = {827E0CD3-B72D-47B6-A68D-7590B98EB39B}
		{BB985668-51A0-4F85-AE04-34213B44A49B} = {827E0CD3-B72D-47B6-A68D-7590B98EB39B}
		{AF1D64FD-537A-469E-A0E2-E95E20A3BDD2} = {827E0CD3-B72D-47B6-A68D-7590B98EB39B}
		{70591B38-C610-4887-8AFB-DC97040F7DF3} = {827E0CD3-B72D-47B6-A68D-7590B98EB39B}
		{C759D216-346D-4922-841F-057922F722B2} = {827E0CD3-B72D-47B6-A68D-7590B98EB39B}
		{D51C823A-0D6F-45E1-8A7C-D45E4FE50115} = {827E0CD3-B72D-47B6-A68D-7590B98EB39B}
		{B39E4561-110B-4015-9657-734262471C7D} = {827E0CD3-B72D-47B6-A68D-7590B98EB39B}
		{05E521FE-D3D8-4049-A6CC-7265084E3836} = {827E0CD3-B72D-47B6-A68D-7590B98EB39B}
		{1C235504-B191-4254-B88C-46F276AABB41} = {827E0CD3-B72D-47B6-A68D-7590B98EB39B}
		{E89F223B-1CDE-462E-817E-365BA3B97976} = {827E0CD3-B72D-47B6-A68D-7590B98EB39B}
		{90823423-1D3B-4C1D-945B-25851ED152EB} = {827E0CD3-B72D-47B6-A68D-7590B98EB39B}
		{CC50E9FE-B5B6-40CE-8A92-BFF9880AFF9C} = {827E0CD3-B72D-47B6-A68D-7590B98EB39B}
		{991AACB3-F4BC-63EA-87E8-E19EB60793A1} = {827E0CD3-B72D-47B6-A68D-7590B98EB39B}
		{3960CA65-C86B-45BE-83BF-48E0573A2BB8} = {991AACB3-F4BC-63EA-87E8-E19EB60793A1}
		{6633DDA9-AD9B-7369-DBC9-13FC7829CC33} = {827E0CD3-B72D-47B6-A68D-7590B98EB39B}
		{2E27879C-141A-4AD2-B49E-F476FF304A43} = {6633DDA9-AD9B-7369-DBC9-13FC7829CC33}
		{08B5DF2E-6E17-42D0-B78F-2F807CCC4D46} = {827E0CD3-B72D-47B6-A68D-7590B98EB39B}
		{DB3A3E65-F8F4-4660-8444-1A6DF8B1B494} = {827E0CD3-B72D-47B6-A68D-7590B98EB39B}
		{5917D0F6-1D8B-4A33-AC9A-477620D2F34A} = {827E0CD3-B72D-47B6-A68D-7590B98EB39B}
		{8E019E09-C19A-44AF-A932-A6F4FB57638B} = {827E0CD3-B72D-47B6-A68D-7590B98EB39B}
		{345F3932-A07D-4B11-94B2-B9CA7C9758D8} = {827E0CD3-B72D-47B6-A68D-7590B98EB39B}
		{617984FC-8A49-40BA-ADD3-14D9106E23DD} = {827E0CD3-B72D-47B6-A68D-7590B98EB39B}
		{D3A43A1B-2FF0-4056-AA7A-D7A2892B23A0} = {827E0CD3-B72D-47B6-A68D-7590B98EB39B}
		{500AB1BA-78F2-4A4D-99B8-5F734C621848} = {827E0CD3-B72D-47B6-A68D-7590B98EB39B}
		{6F35DCD5-E16A-4014-B280-5A30E63971EB} = {827E0CD3-B72D-47B6-A68D-7590B98EB39B}
		{EA1FB4C9-EEFB-4D21-9298-5D6D2167D293} = {827E0CD3-B72D-47B6-A68D-7590B98EB39B}
	EndGlobalSection
EndGlobal
